<?xml version="1.0" encoding="utf-8"?>
<Project ToolsVersion="17.0" xmlns="http://schemas.microsoft.com/developer/msbuild/2003">
  <ItemGroup>
    <ClCompile Include="C:\Users\mateb\OneDrive\Desktop\Projekti\LLVM\llvm-project_17_0_1\llvm\lib\CodeGen\AggressiveAntiDepBreaker.cpp">
      <Filter>Source Files</Filter>
    </ClCompile>
    <ClCompile Include="C:\Users\mateb\OneDrive\Desktop\Projekti\LLVM\llvm-project_17_0_1\llvm\lib\CodeGen\AllocationOrder.cpp">
      <Filter>Source Files</Filter>
    </ClCompile>
    <ClCompile Include="C:\Users\mateb\OneDrive\Desktop\Projekti\LLVM\llvm-project_17_0_1\llvm\lib\CodeGen\Analysis.cpp">
      <Filter>Source Files</Filter>
    </ClCompile>
    <ClCompile Include="C:\Users\mateb\OneDrive\Desktop\Projekti\LLVM\llvm-project_17_0_1\llvm\lib\CodeGen\AssignmentTrackingAnalysis.cpp">
      <Filter>Source Files</Filter>
    </ClCompile>
    <ClCompile Include="C:\Users\mateb\OneDrive\Desktop\Projekti\LLVM\llvm-project_17_0_1\llvm\lib\CodeGen\AtomicExpandPass.cpp">
      <Filter>Source Files</Filter>
    </ClCompile>
    <ClCompile Include="C:\Users\mateb\OneDrive\Desktop\Projekti\LLVM\llvm-project_17_0_1\llvm\lib\CodeGen\BasicTargetTransformInfo.cpp">
      <Filter>Source Files</Filter>
    </ClCompile>
    <ClCompile Include="C:\Users\mateb\OneDrive\Desktop\Projekti\LLVM\llvm-project_17_0_1\llvm\lib\CodeGen\BranchFolding.cpp">
      <Filter>Source Files</Filter>
    </ClCompile>
    <ClCompile Include="C:\Users\mateb\OneDrive\Desktop\Projekti\LLVM\llvm-project_17_0_1\llvm\lib\CodeGen\BranchRelaxation.cpp">
      <Filter>Source Files</Filter>
    </ClCompile>
    <ClCompile Include="C:\Users\mateb\OneDrive\Desktop\Projekti\LLVM\llvm-project_17_0_1\llvm\lib\CodeGen\BreakFalseDeps.cpp">
      <Filter>Source Files</Filter>
    </ClCompile>
    <ClCompile Include="C:\Users\mateb\OneDrive\Desktop\Projekti\LLVM\llvm-project_17_0_1\llvm\lib\CodeGen\BasicBlockSections.cpp">
      <Filter>Source Files</Filter>
    </ClCompile>
    <ClCompile Include="C:\Users\mateb\OneDrive\Desktop\Projekti\LLVM\llvm-project_17_0_1\llvm\lib\CodeGen\BasicBlockSectionsProfileReader.cpp">
      <Filter>Source Files</Filter>
    </ClCompile>
    <ClCompile Include="C:\Users\mateb\OneDrive\Desktop\Projekti\LLVM\llvm-project_17_0_1\llvm\lib\CodeGen\CalcSpillWeights.cpp">
      <Filter>Source Files</Filter>
    </ClCompile>
    <ClCompile Include="C:\Users\mateb\OneDrive\Desktop\Projekti\LLVM\llvm-project_17_0_1\llvm\lib\CodeGen\CallBrPrepare.cpp">
      <Filter>Source Files</Filter>
    </ClCompile>
    <ClCompile Include="C:\Users\mateb\OneDrive\Desktop\Projekti\LLVM\llvm-project_17_0_1\llvm\lib\CodeGen\CallingConvLower.cpp">
      <Filter>Source Files</Filter>
    </ClCompile>
    <ClCompile Include="C:\Users\mateb\OneDrive\Desktop\Projekti\LLVM\llvm-project_17_0_1\llvm\lib\CodeGen\CFGuardLongjmp.cpp">
      <Filter>Source Files</Filter>
    </ClCompile>
    <ClCompile Include="C:\Users\mateb\OneDrive\Desktop\Projekti\LLVM\llvm-project_17_0_1\llvm\lib\CodeGen\CFIFixup.cpp">
      <Filter>Source Files</Filter>
    </ClCompile>
    <ClCompile Include="C:\Users\mateb\OneDrive\Desktop\Projekti\LLVM\llvm-project_17_0_1\llvm\lib\CodeGen\CFIInstrInserter.cpp">
      <Filter>Source Files</Filter>
    </ClCompile>
    <ClCompile Include="C:\Users\mateb\OneDrive\Desktop\Projekti\LLVM\llvm-project_17_0_1\llvm\lib\CodeGen\CodeGen.cpp">
      <Filter>Source Files</Filter>
    </ClCompile>
    <ClCompile Include="C:\Users\mateb\OneDrive\Desktop\Projekti\LLVM\llvm-project_17_0_1\llvm\lib\CodeGen\CodeGenCommonISel.cpp">
      <Filter>Source Files</Filter>
    </ClCompile>
    <ClCompile Include="C:\Users\mateb\OneDrive\Desktop\Projekti\LLVM\llvm-project_17_0_1\llvm\lib\CodeGen\CodeGenPassBuilder.cpp">
      <Filter>Source Files</Filter>
    </ClCompile>
    <ClCompile Include="C:\Users\mateb\OneDrive\Desktop\Projekti\LLVM\llvm-project_17_0_1\llvm\lib\CodeGen\CodeGenPrepare.cpp">
      <Filter>Source Files</Filter>
    </ClCompile>
    <ClCompile Include="C:\Users\mateb\OneDrive\Desktop\Projekti\LLVM\llvm-project_17_0_1\llvm\lib\CodeGen\CommandFlags.cpp">
      <Filter>Source Files</Filter>
    </ClCompile>
    <ClCompile Include="C:\Users\mateb\OneDrive\Desktop\Projekti\LLVM\llvm-project_17_0_1\llvm\lib\CodeGen\ComplexDeinterleavingPass.cpp">
      <Filter>Source Files</Filter>
    </ClCompile>
    <ClCompile Include="C:\Users\mateb\OneDrive\Desktop\Projekti\LLVM\llvm-project_17_0_1\llvm\lib\CodeGen\CriticalAntiDepBreaker.cpp">
      <Filter>Source Files</Filter>
    </ClCompile>
    <ClCompile Include="C:\Users\mateb\OneDrive\Desktop\Projekti\LLVM\llvm-project_17_0_1\llvm\lib\CodeGen\DeadMachineInstructionElim.cpp">
      <Filter>Source Files</Filter>
    </ClCompile>
    <ClCompile Include="C:\Users\mateb\OneDrive\Desktop\Projekti\LLVM\llvm-project_17_0_1\llvm\lib\CodeGen\DetectDeadLanes.cpp">
      <Filter>Source Files</Filter>
    </ClCompile>
    <ClCompile Include="C:\Users\mateb\OneDrive\Desktop\Projekti\LLVM\llvm-project_17_0_1\llvm\lib\CodeGen\DFAPacketizer.cpp">
      <Filter>Source Files</Filter>
    </ClCompile>
    <ClCompile Include="C:\Users\mateb\OneDrive\Desktop\Projekti\LLVM\llvm-project_17_0_1\llvm\lib\CodeGen\DwarfEHPrepare.cpp">
      <Filter>Source Files</Filter>
    </ClCompile>
    <ClCompile Include="C:\Users\mateb\OneDrive\Desktop\Projekti\LLVM\llvm-project_17_0_1\llvm\lib\CodeGen\EarlyIfConversion.cpp">
      <Filter>Source Files</Filter>
    </ClCompile>
    <ClCompile Include="C:\Users\mateb\OneDrive\Desktop\Projekti\LLVM\llvm-project_17_0_1\llvm\lib\CodeGen\EdgeBundles.cpp">
      <Filter>Source Files</Filter>
    </ClCompile>
    <ClCompile Include="C:\Users\mateb\OneDrive\Desktop\Projekti\LLVM\llvm-project_17_0_1\llvm\lib\CodeGen\EHContGuardCatchret.cpp">
      <Filter>Source Files</Filter>
    </ClCompile>
    <ClCompile Include="C:\Users\mateb\OneDrive\Desktop\Projekti\LLVM\llvm-project_17_0_1\llvm\lib\CodeGen\ExecutionDomainFix.cpp">
      <Filter>Source Files</Filter>
    </ClCompile>
    <ClCompile Include="C:\Users\mateb\OneDrive\Desktop\Projekti\LLVM\llvm-project_17_0_1\llvm\lib\CodeGen\ExpandLargeDivRem.cpp">
      <Filter>Source Files</Filter>
    </ClCompile>
    <ClCompile Include="C:\Users\mateb\OneDrive\Desktop\Projekti\LLVM\llvm-project_17_0_1\llvm\lib\CodeGen\ExpandLargeFpConvert.cpp">
      <Filter>Source Files</Filter>
    </ClCompile>
    <ClCompile Include="C:\Users\mateb\OneDrive\Desktop\Projekti\LLVM\llvm-project_17_0_1\llvm\lib\CodeGen\ExpandMemCmp.cpp">
      <Filter>Source Files</Filter>
    </ClCompile>
    <ClCompile Include="C:\Users\mateb\OneDrive\Desktop\Projekti\LLVM\llvm-project_17_0_1\llvm\lib\CodeGen\ExpandPostRAPseudos.cpp">
      <Filter>Source Files</Filter>
    </ClCompile>
    <ClCompile Include="C:\Users\mateb\OneDrive\Desktop\Projekti\LLVM\llvm-project_17_0_1\llvm\lib\CodeGen\ExpandReductions.cpp">
      <Filter>Source Files</Filter>
    </ClCompile>
    <ClCompile Include="C:\Users\mateb\OneDrive\Desktop\Projekti\LLVM\llvm-project_17_0_1\llvm\lib\CodeGen\ExpandVectorPredication.cpp">
      <Filter>Source Files</Filter>
    </ClCompile>
    <ClCompile Include="C:\Users\mateb\OneDrive\Desktop\Projekti\LLVM\llvm-project_17_0_1\llvm\lib\CodeGen\FaultMaps.cpp">
      <Filter>Source Files</Filter>
    </ClCompile>
    <ClCompile Include="C:\Users\mateb\OneDrive\Desktop\Projekti\LLVM\llvm-project_17_0_1\llvm\lib\CodeGen\FEntryInserter.cpp">
      <Filter>Source Files</Filter>
    </ClCompile>
    <ClCompile Include="C:\Users\mateb\OneDrive\Desktop\Projekti\LLVM\llvm-project_17_0_1\llvm\lib\CodeGen\FinalizeISel.cpp">
      <Filter>Source Files</Filter>
    </ClCompile>
    <ClCompile Include="C:\Users\mateb\OneDrive\Desktop\Projekti\LLVM\llvm-project_17_0_1\llvm\lib\CodeGen\FixupStatepointCallerSaved.cpp">
      <Filter>Source Files</Filter>
    </ClCompile>
    <ClCompile Include="C:\Users\mateb\OneDrive\Desktop\Projekti\LLVM\llvm-project_17_0_1\llvm\lib\CodeGen\FuncletLayout.cpp">
      <Filter>Source Files</Filter>
    </ClCompile>
    <ClCompile Include="C:\Users\mateb\OneDrive\Desktop\Projekti\LLVM\llvm-project_17_0_1\llvm\lib\CodeGen\GCMetadata.cpp">
      <Filter>Source Files</Filter>
    </ClCompile>
    <ClCompile Include="C:\Users\mateb\OneDrive\Desktop\Projekti\LLVM\llvm-project_17_0_1\llvm\lib\CodeGen\GCMetadataPrinter.cpp">
      <Filter>Source Files</Filter>
    </ClCompile>
    <ClCompile Include="C:\Users\mateb\OneDrive\Desktop\Projekti\LLVM\llvm-project_17_0_1\llvm\lib\CodeGen\GCRootLowering.cpp">
      <Filter>Source Files</Filter>
    </ClCompile>
    <ClCompile Include="C:\Users\mateb\OneDrive\Desktop\Projekti\LLVM\llvm-project_17_0_1\llvm\lib\CodeGen\GlobalMerge.cpp">
      <Filter>Source Files</Filter>
    </ClCompile>
    <ClCompile Include="C:\Users\mateb\OneDrive\Desktop\Projekti\LLVM\llvm-project_17_0_1\llvm\lib\CodeGen\HardwareLoops.cpp">
      <Filter>Source Files</Filter>
    </ClCompile>
    <ClCompile Include="C:\Users\mateb\OneDrive\Desktop\Projekti\LLVM\llvm-project_17_0_1\llvm\lib\CodeGen\IfConversion.cpp">
      <Filter>Source Files</Filter>
    </ClCompile>
    <ClCompile Include="C:\Users\mateb\OneDrive\Desktop\Projekti\LLVM\llvm-project_17_0_1\llvm\lib\CodeGen\ImplicitNullChecks.cpp">
      <Filter>Source Files</Filter>
    </ClCompile>
    <ClCompile Include="C:\Users\mateb\OneDrive\Desktop\Projekti\LLVM\llvm-project_17_0_1\llvm\lib\CodeGen\IndirectBrExpandPass.cpp">
      <Filter>Source Files</Filter>
    </ClCompile>
    <ClCompile Include="C:\Users\mateb\OneDrive\Desktop\Projekti\LLVM\llvm-project_17_0_1\llvm\lib\CodeGen\InlineSpiller.cpp">
      <Filter>Source Files</Filter>
    </ClCompile>
    <ClCompile Include="C:\Users\mateb\OneDrive\Desktop\Projekti\LLVM\llvm-project_17_0_1\llvm\lib\CodeGen\InterferenceCache.cpp">
      <Filter>Source Files</Filter>
    </ClCompile>
    <ClCompile Include="C:\Users\mateb\OneDrive\Desktop\Projekti\LLVM\llvm-project_17_0_1\llvm\lib\CodeGen\InterleavedAccessPass.cpp">
      <Filter>Source Files</Filter>
    </ClCompile>
    <ClCompile Include="C:\Users\mateb\OneDrive\Desktop\Projekti\LLVM\llvm-project_17_0_1\llvm\lib\CodeGen\InterleavedLoadCombinePass.cpp">
      <Filter>Source Files</Filter>
    </ClCompile>
    <ClCompile Include="C:\Users\mateb\OneDrive\Desktop\Projekti\LLVM\llvm-project_17_0_1\llvm\lib\CodeGen\IntrinsicLowering.cpp">
      <Filter>Source Files</Filter>
    </ClCompile>
    <ClCompile Include="C:\Users\mateb\OneDrive\Desktop\Projekti\LLVM\llvm-project_17_0_1\llvm\lib\CodeGen\JMCInstrumenter.cpp">
      <Filter>Source Files</Filter>
    </ClCompile>
    <ClCompile Include="C:\Users\mateb\OneDrive\Desktop\Projekti\LLVM\llvm-project_17_0_1\llvm\lib\CodeGen\KCFI.cpp">
      <Filter>Source Files</Filter>
    </ClCompile>
    <ClCompile Include="C:\Users\mateb\OneDrive\Desktop\Projekti\LLVM\llvm-project_17_0_1\llvm\lib\CodeGen\LatencyPriorityQueue.cpp">
      <Filter>Source Files</Filter>
    </ClCompile>
    <ClCompile Include="C:\Users\mateb\OneDrive\Desktop\Projekti\LLVM\llvm-project_17_0_1\llvm\lib\CodeGen\LazyMachineBlockFrequencyInfo.cpp">
      <Filter>Source Files</Filter>
    </ClCompile>
    <ClCompile Include="C:\Users\mateb\OneDrive\Desktop\Projekti\LLVM\llvm-project_17_0_1\llvm\lib\CodeGen\LexicalScopes.cpp">
      <Filter>Source Files</Filter>
    </ClCompile>
    <ClCompile Include="C:\Users\mateb\OneDrive\Desktop\Projekti\LLVM\llvm-project_17_0_1\llvm\lib\CodeGen\LiveDebugVariables.cpp">
      <Filter>Source Files</Filter>
    </ClCompile>
    <ClCompile Include="C:\Users\mateb\OneDrive\Desktop\Projekti\LLVM\llvm-project_17_0_1\llvm\lib\CodeGen\LiveIntervals.cpp">
      <Filter>Source Files</Filter>
    </ClCompile>
    <ClCompile Include="C:\Users\mateb\OneDrive\Desktop\Projekti\LLVM\llvm-project_17_0_1\llvm\lib\CodeGen\LiveInterval.cpp">
      <Filter>Source Files</Filter>
    </ClCompile>
    <ClCompile Include="C:\Users\mateb\OneDrive\Desktop\Projekti\LLVM\llvm-project_17_0_1\llvm\lib\CodeGen\LiveIntervalUnion.cpp">
      <Filter>Source Files</Filter>
    </ClCompile>
    <ClCompile Include="C:\Users\mateb\OneDrive\Desktop\Projekti\LLVM\llvm-project_17_0_1\llvm\lib\CodeGen\LivePhysRegs.cpp">
      <Filter>Source Files</Filter>
    </ClCompile>
    <ClCompile Include="C:\Users\mateb\OneDrive\Desktop\Projekti\LLVM\llvm-project_17_0_1\llvm\lib\CodeGen\LiveRangeCalc.cpp">
      <Filter>Source Files</Filter>
    </ClCompile>
    <ClCompile Include="C:\Users\mateb\OneDrive\Desktop\Projekti\LLVM\llvm-project_17_0_1\llvm\lib\CodeGen\LiveIntervalCalc.cpp">
      <Filter>Source Files</Filter>
    </ClCompile>
    <ClCompile Include="C:\Users\mateb\OneDrive\Desktop\Projekti\LLVM\llvm-project_17_0_1\llvm\lib\CodeGen\LiveRangeEdit.cpp">
      <Filter>Source Files</Filter>
    </ClCompile>
    <ClCompile Include="C:\Users\mateb\OneDrive\Desktop\Projekti\LLVM\llvm-project_17_0_1\llvm\lib\CodeGen\LiveRangeShrink.cpp">
      <Filter>Source Files</Filter>
    </ClCompile>
    <ClCompile Include="C:\Users\mateb\OneDrive\Desktop\Projekti\LLVM\llvm-project_17_0_1\llvm\lib\CodeGen\LiveRegMatrix.cpp">
      <Filter>Source Files</Filter>
    </ClCompile>
    <ClCompile Include="C:\Users\mateb\OneDrive\Desktop\Projekti\LLVM\llvm-project_17_0_1\llvm\lib\CodeGen\LiveRegUnits.cpp">
      <Filter>Source Files</Filter>
    </ClCompile>
    <ClCompile Include="C:\Users\mateb\OneDrive\Desktop\Projekti\LLVM\llvm-project_17_0_1\llvm\lib\CodeGen\LiveStacks.cpp">
      <Filter>Source Files</Filter>
    </ClCompile>
    <ClCompile Include="C:\Users\mateb\OneDrive\Desktop\Projekti\LLVM\llvm-project_17_0_1\llvm\lib\CodeGen\LiveVariables.cpp">
      <Filter>Source Files</Filter>
    </ClCompile>
    <ClCompile Include="C:\Users\mateb\OneDrive\Desktop\Projekti\LLVM\llvm-project_17_0_1\llvm\lib\CodeGen\LLVMTargetMachine.cpp">
      <Filter>Source Files</Filter>
    </ClCompile>
    <ClCompile Include="C:\Users\mateb\OneDrive\Desktop\Projekti\LLVM\llvm-project_17_0_1\llvm\lib\CodeGen\LocalStackSlotAllocation.cpp">
      <Filter>Source Files</Filter>
    </ClCompile>
    <ClCompile Include="C:\Users\mateb\OneDrive\Desktop\Projekti\LLVM\llvm-project_17_0_1\llvm\lib\CodeGen\LoopTraversal.cpp">
      <Filter>Source Files</Filter>
    </ClCompile>
    <ClCompile Include="C:\Users\mateb\OneDrive\Desktop\Projekti\LLVM\llvm-project_17_0_1\llvm\lib\CodeGen\LowLevelTypeUtils.cpp">
      <Filter>Source Files</Filter>
    </ClCompile>
    <ClCompile Include="C:\Users\mateb\OneDrive\Desktop\Projekti\LLVM\llvm-project_17_0_1\llvm\lib\CodeGen\LowerEmuTLS.cpp">
      <Filter>Source Files</Filter>
    </ClCompile>
    <ClCompile Include="C:\Users\mateb\OneDrive\Desktop\Projekti\LLVM\llvm-project_17_0_1\llvm\lib\CodeGen\MachineBasicBlock.cpp">
      <Filter>Source Files</Filter>
    </ClCompile>
    <ClCompile Include="C:\Users\mateb\OneDrive\Desktop\Projekti\LLVM\llvm-project_17_0_1\llvm\lib\CodeGen\MachineBlockFrequencyInfo.cpp">
      <Filter>Source Files</Filter>
    </ClCompile>
    <ClCompile Include="C:\Users\mateb\OneDrive\Desktop\Projekti\LLVM\llvm-project_17_0_1\llvm\lib\CodeGen\MachineBlockPlacement.cpp">
      <Filter>Source Files</Filter>
    </ClCompile>
    <ClCompile Include="C:\Users\mateb\OneDrive\Desktop\Projekti\LLVM\llvm-project_17_0_1\llvm\lib\CodeGen\MachineBranchProbabilityInfo.cpp">
      <Filter>Source Files</Filter>
    </ClCompile>
    <ClCompile Include="C:\Users\mateb\OneDrive\Desktop\Projekti\LLVM\llvm-project_17_0_1\llvm\lib\CodeGen\MachineCFGPrinter.cpp">
      <Filter>Source Files</Filter>
    </ClCompile>
    <ClCompile Include="C:\Users\mateb\OneDrive\Desktop\Projekti\LLVM\llvm-project_17_0_1\llvm\lib\CodeGen\MachineCombiner.cpp">
      <Filter>Source Files</Filter>
    </ClCompile>
    <ClCompile Include="C:\Users\mateb\OneDrive\Desktop\Projekti\LLVM\llvm-project_17_0_1\llvm\lib\CodeGen\MachineCopyPropagation.cpp">
      <Filter>Source Files</Filter>
    </ClCompile>
    <ClCompile Include="C:\Users\mateb\OneDrive\Desktop\Projekti\LLVM\llvm-project_17_0_1\llvm\lib\CodeGen\MachineCSE.cpp">
      <Filter>Source Files</Filter>
    </ClCompile>
    <ClCompile Include="C:\Users\mateb\OneDrive\Desktop\Projekti\LLVM\llvm-project_17_0_1\llvm\lib\CodeGen\MachineCheckDebugify.cpp">
      <Filter>Source Files</Filter>
    </ClCompile>
    <ClCompile Include="C:\Users\mateb\OneDrive\Desktop\Projekti\LLVM\llvm-project_17_0_1\llvm\lib\CodeGen\MachineCycleAnalysis.cpp">
      <Filter>Source Files</Filter>
    </ClCompile>
    <ClCompile Include="C:\Users\mateb\OneDrive\Desktop\Projekti\LLVM\llvm-project_17_0_1\llvm\lib\CodeGen\MachineDebugify.cpp">
      <Filter>Source Files</Filter>
    </ClCompile>
    <ClCompile Include="C:\Users\mateb\OneDrive\Desktop\Projekti\LLVM\llvm-project_17_0_1\llvm\lib\CodeGen\MachineDominanceFrontier.cpp">
      <Filter>Source Files</Filter>
    </ClCompile>
    <ClCompile Include="C:\Users\mateb\OneDrive\Desktop\Projekti\LLVM\llvm-project_17_0_1\llvm\lib\CodeGen\MachineDominators.cpp">
      <Filter>Source Files</Filter>
    </ClCompile>
    <ClCompile Include="C:\Users\mateb\OneDrive\Desktop\Projekti\LLVM\llvm-project_17_0_1\llvm\lib\CodeGen\MachineFrameInfo.cpp">
      <Filter>Source Files</Filter>
    </ClCompile>
    <ClCompile Include="C:\Users\mateb\OneDrive\Desktop\Projekti\LLVM\llvm-project_17_0_1\llvm\lib\CodeGen\MachineFunction.cpp">
      <Filter>Source Files</Filter>
    </ClCompile>
    <ClCompile Include="C:\Users\mateb\OneDrive\Desktop\Projekti\LLVM\llvm-project_17_0_1\llvm\lib\CodeGen\MachineFunctionPass.cpp">
      <Filter>Source Files</Filter>
    </ClCompile>
    <ClCompile Include="C:\Users\mateb\OneDrive\Desktop\Projekti\LLVM\llvm-project_17_0_1\llvm\lib\CodeGen\MachineFunctionPrinterPass.cpp">
      <Filter>Source Files</Filter>
    </ClCompile>
    <ClCompile Include="C:\Users\mateb\OneDrive\Desktop\Projekti\LLVM\llvm-project_17_0_1\llvm\lib\CodeGen\MachineFunctionSplitter.cpp">
      <Filter>Source Files</Filter>
    </ClCompile>
    <ClCompile Include="C:\Users\mateb\OneDrive\Desktop\Projekti\LLVM\llvm-project_17_0_1\llvm\lib\CodeGen\MachineInstrBundle.cpp">
      <Filter>Source Files</Filter>
    </ClCompile>
    <ClCompile Include="C:\Users\mateb\OneDrive\Desktop\Projekti\LLVM\llvm-project_17_0_1\llvm\lib\CodeGen\MachineInstr.cpp">
      <Filter>Source Files</Filter>
    </ClCompile>
    <ClCompile Include="C:\Users\mateb\OneDrive\Desktop\Projekti\LLVM\llvm-project_17_0_1\llvm\lib\CodeGen\MachineLateInstrsCleanup.cpp">
      <Filter>Source Files</Filter>
    </ClCompile>
    <ClCompile Include="C:\Users\mateb\OneDrive\Desktop\Projekti\LLVM\llvm-project_17_0_1\llvm\lib\CodeGen\MachineLICM.cpp">
      <Filter>Source Files</Filter>
    </ClCompile>
    <ClCompile Include="C:\Users\mateb\OneDrive\Desktop\Projekti\LLVM\llvm-project_17_0_1\llvm\lib\CodeGen\MachineLoopInfo.cpp">
      <Filter>Source Files</Filter>
    </ClCompile>
    <ClCompile Include="C:\Users\mateb\OneDrive\Desktop\Projekti\LLVM\llvm-project_17_0_1\llvm\lib\CodeGen\MachineLoopUtils.cpp">
      <Filter>Source Files</Filter>
    </ClCompile>
    <ClCompile Include="C:\Users\mateb\OneDrive\Desktop\Projekti\LLVM\llvm-project_17_0_1\llvm\lib\CodeGen\MachineModuleInfo.cpp">
      <Filter>Source Files</Filter>
    </ClCompile>
    <ClCompile Include="C:\Users\mateb\OneDrive\Desktop\Projekti\LLVM\llvm-project_17_0_1\llvm\lib\CodeGen\MachineModuleInfoImpls.cpp">
      <Filter>Source Files</Filter>
    </ClCompile>
    <ClCompile Include="C:\Users\mateb\OneDrive\Desktop\Projekti\LLVM\llvm-project_17_0_1\llvm\lib\CodeGen\MachineModuleSlotTracker.cpp">
      <Filter>Source Files</Filter>
    </ClCompile>
    <ClCompile Include="C:\Users\mateb\OneDrive\Desktop\Projekti\LLVM\llvm-project_17_0_1\llvm\lib\CodeGen\MachineOperand.cpp">
      <Filter>Source Files</Filter>
    </ClCompile>
    <ClCompile Include="C:\Users\mateb\OneDrive\Desktop\Projekti\LLVM\llvm-project_17_0_1\llvm\lib\CodeGen\MachineOptimizationRemarkEmitter.cpp">
      <Filter>Source Files</Filter>
    </ClCompile>
    <ClCompile Include="C:\Users\mateb\OneDrive\Desktop\Projekti\LLVM\llvm-project_17_0_1\llvm\lib\CodeGen\MachineOutliner.cpp">
      <Filter>Source Files</Filter>
    </ClCompile>
    <ClCompile Include="C:\Users\mateb\OneDrive\Desktop\Projekti\LLVM\llvm-project_17_0_1\llvm\lib\CodeGen\MachinePassManager.cpp">
      <Filter>Source Files</Filter>
    </ClCompile>
    <ClCompile Include="C:\Users\mateb\OneDrive\Desktop\Projekti\LLVM\llvm-project_17_0_1\llvm\lib\CodeGen\MachinePipeliner.cpp">
      <Filter>Source Files</Filter>
    </ClCompile>
    <ClCompile Include="C:\Users\mateb\OneDrive\Desktop\Projekti\LLVM\llvm-project_17_0_1\llvm\lib\CodeGen\MachinePostDominators.cpp">
      <Filter>Source Files</Filter>
    </ClCompile>
    <ClCompile Include="C:\Users\mateb\OneDrive\Desktop\Projekti\LLVM\llvm-project_17_0_1\llvm\lib\CodeGen\MachineRegionInfo.cpp">
      <Filter>Source Files</Filter>
    </ClCompile>
    <ClCompile Include="C:\Users\mateb\OneDrive\Desktop\Projekti\LLVM\llvm-project_17_0_1\llvm\lib\CodeGen\MachineRegisterInfo.cpp">
      <Filter>Source Files</Filter>
    </ClCompile>
    <ClCompile Include="C:\Users\mateb\OneDrive\Desktop\Projekti\LLVM\llvm-project_17_0_1\llvm\lib\CodeGen\MachineScheduler.cpp">
      <Filter>Source Files</Filter>
    </ClCompile>
    <ClCompile Include="C:\Users\mateb\OneDrive\Desktop\Projekti\LLVM\llvm-project_17_0_1\llvm\lib\CodeGen\MachineSink.cpp">
      <Filter>Source Files</Filter>
    </ClCompile>
    <ClCompile Include="C:\Users\mateb\OneDrive\Desktop\Projekti\LLVM\llvm-project_17_0_1\llvm\lib\CodeGen\MachineSizeOpts.cpp">
      <Filter>Source Files</Filter>
    </ClCompile>
    <ClCompile Include="C:\Users\mateb\OneDrive\Desktop\Projekti\LLVM\llvm-project_17_0_1\llvm\lib\CodeGen\MachineSSAContext.cpp">
      <Filter>Source Files</Filter>
    </ClCompile>
    <ClCompile Include="C:\Users\mateb\OneDrive\Desktop\Projekti\LLVM\llvm-project_17_0_1\llvm\lib\CodeGen\MachineSSAUpdater.cpp">
      <Filter>Source Files</Filter>
    </ClCompile>
    <ClCompile Include="C:\Users\mateb\OneDrive\Desktop\Projekti\LLVM\llvm-project_17_0_1\llvm\lib\CodeGen\MachineStripDebug.cpp">
      <Filter>Source Files</Filter>
    </ClCompile>
    <ClCompile Include="C:\Users\mateb\OneDrive\Desktop\Projekti\LLVM\llvm-project_17_0_1\llvm\lib\CodeGen\MachineTraceMetrics.cpp">
      <Filter>Source Files</Filter>
    </ClCompile>
    <ClCompile Include="C:\Users\mateb\OneDrive\Desktop\Projekti\LLVM\llvm-project_17_0_1\llvm\lib\CodeGen\MachineUniformityAnalysis.cpp">
      <Filter>Source Files</Filter>
    </ClCompile>
    <ClCompile Include="C:\Users\mateb\OneDrive\Desktop\Projekti\LLVM\llvm-project_17_0_1\llvm\lib\CodeGen\MachineVerifier.cpp">
      <Filter>Source Files</Filter>
    </ClCompile>
    <ClCompile Include="C:\Users\mateb\OneDrive\Desktop\Projekti\LLVM\llvm-project_17_0_1\llvm\lib\CodeGen\MIRFSDiscriminator.cpp">
      <Filter>Source Files</Filter>
    </ClCompile>
    <ClCompile Include="C:\Users\mateb\OneDrive\Desktop\Projekti\LLVM\llvm-project_17_0_1\llvm\lib\CodeGen\MIRSampleProfile.cpp">
      <Filter>Source Files</Filter>
    </ClCompile>
    <ClCompile Include="C:\Users\mateb\OneDrive\Desktop\Projekti\LLVM\llvm-project_17_0_1\llvm\lib\CodeGen\MIRYamlMapping.cpp">
      <Filter>Source Files</Filter>
    </ClCompile>
    <ClCompile Include="C:\Users\mateb\OneDrive\Desktop\Projekti\LLVM\llvm-project_17_0_1\llvm\lib\CodeGen\MLRegallocEvictAdvisor.cpp">
      <Filter>Source Files</Filter>
    </ClCompile>
    <ClCompile Include="C:\Users\mateb\OneDrive\Desktop\Projekti\LLVM\llvm-project_17_0_1\llvm\lib\CodeGen\MLRegallocPriorityAdvisor.cpp">
      <Filter>Source Files</Filter>
    </ClCompile>
    <ClCompile Include="C:\Users\mateb\OneDrive\Desktop\Projekti\LLVM\llvm-project_17_0_1\llvm\lib\CodeGen\ModuloSchedule.cpp">
      <Filter>Source Files</Filter>
    </ClCompile>
    <ClCompile Include="C:\Users\mateb\OneDrive\Desktop\Projekti\LLVM\llvm-project_17_0_1\llvm\lib\CodeGen\MultiHazardRecognizer.cpp">
      <Filter>Source Files</Filter>
    </ClCompile>
    <ClCompile Include="C:\Users\mateb\OneDrive\Desktop\Projekti\LLVM\llvm-project_17_0_1\llvm\lib\CodeGen\PatchableFunction.cpp">
      <Filter>Source Files</Filter>
    </ClCompile>
    <ClCompile Include="C:\Users\mateb\OneDrive\Desktop\Projekti\LLVM\llvm-project_17_0_1\llvm\lib\CodeGen\MBFIWrapper.cpp">
      <Filter>Source Files</Filter>
    </ClCompile>
    <ClCompile Include="C:\Users\mateb\OneDrive\Desktop\Projekti\LLVM\llvm-project_17_0_1\llvm\lib\CodeGen\MIRPrinter.cpp">
      <Filter>Source Files</Filter>
    </ClCompile>
    <ClCompile Include="C:\Users\mateb\OneDrive\Desktop\Projekti\LLVM\llvm-project_17_0_1\llvm\lib\CodeGen\MIRPrintingPass.cpp">
      <Filter>Source Files</Filter>
    </ClCompile>
    <ClCompile Include="C:\Users\mateb\OneDrive\Desktop\Projekti\LLVM\llvm-project_17_0_1\llvm\lib\CodeGen\MacroFusion.cpp">
      <Filter>Source Files</Filter>
    </ClCompile>
    <ClCompile Include="C:\Users\mateb\OneDrive\Desktop\Projekti\LLVM\llvm-project_17_0_1\llvm\lib\CodeGen\NonRelocatableStringpool.cpp">
      <Filter>Source Files</Filter>
    </ClCompile>
    <ClCompile Include="C:\Users\mateb\OneDrive\Desktop\Projekti\LLVM\llvm-project_17_0_1\llvm\lib\CodeGen\OptimizePHIs.cpp">
      <Filter>Source Files</Filter>
    </ClCompile>
    <ClCompile Include="C:\Users\mateb\OneDrive\Desktop\Projekti\LLVM\llvm-project_17_0_1\llvm\lib\CodeGen\ParallelCG.cpp">
      <Filter>Source Files</Filter>
    </ClCompile>
    <ClCompile Include="C:\Users\mateb\OneDrive\Desktop\Projekti\LLVM\llvm-project_17_0_1\llvm\lib\CodeGen\PeepholeOptimizer.cpp">
      <Filter>Source Files</Filter>
    </ClCompile>
    <ClCompile Include="C:\Users\mateb\OneDrive\Desktop\Projekti\LLVM\llvm-project_17_0_1\llvm\lib\CodeGen\PHIElimination.cpp">
      <Filter>Source Files</Filter>
    </ClCompile>
    <ClCompile Include="C:\Users\mateb\OneDrive\Desktop\Projekti\LLVM\llvm-project_17_0_1\llvm\lib\CodeGen\PHIEliminationUtils.cpp">
      <Filter>Source Files</Filter>
    </ClCompile>
    <ClCompile Include="C:\Users\mateb\OneDrive\Desktop\Projekti\LLVM\llvm-project_17_0_1\llvm\lib\CodeGen\PostRAHazardRecognizer.cpp">
      <Filter>Source Files</Filter>
    </ClCompile>
    <ClCompile Include="C:\Users\mateb\OneDrive\Desktop\Projekti\LLVM\llvm-project_17_0_1\llvm\lib\CodeGen\PostRASchedulerList.cpp">
      <Filter>Source Files</Filter>
    </ClCompile>
    <ClCompile Include="C:\Users\mateb\OneDrive\Desktop\Projekti\LLVM\llvm-project_17_0_1\llvm\lib\CodeGen\PreISelIntrinsicLowering.cpp">
      <Filter>Source Files</Filter>
    </ClCompile>
    <ClCompile Include="C:\Users\mateb\OneDrive\Desktop\Projekti\LLVM\llvm-project_17_0_1\llvm\lib\CodeGen\ProcessImplicitDefs.cpp">
      <Filter>Source Files</Filter>
    </ClCompile>
    <ClCompile Include="C:\Users\mateb\OneDrive\Desktop\Projekti\LLVM\llvm-project_17_0_1\llvm\lib\CodeGen\PrologEpilogInserter.cpp">
      <Filter>Source Files</Filter>
    </ClCompile>
    <ClCompile Include="C:\Users\mateb\OneDrive\Desktop\Projekti\LLVM\llvm-project_17_0_1\llvm\lib\CodeGen\PseudoProbeInserter.cpp">
      <Filter>Source Files</Filter>
    </ClCompile>
    <ClCompile Include="C:\Users\mateb\OneDrive\Desktop\Projekti\LLVM\llvm-project_17_0_1\llvm\lib\CodeGen\PseudoSourceValue.cpp">
      <Filter>Source Files</Filter>
    </ClCompile>
    <ClCompile Include="C:\Users\mateb\OneDrive\Desktop\Projekti\LLVM\llvm-project_17_0_1\llvm\lib\CodeGen\RDFGraph.cpp">
      <Filter>Source Files</Filter>
    </ClCompile>
    <ClCompile Include="C:\Users\mateb\OneDrive\Desktop\Projekti\LLVM\llvm-project_17_0_1\llvm\lib\CodeGen\RDFLiveness.cpp">
      <Filter>Source Files</Filter>
    </ClCompile>
    <ClCompile Include="C:\Users\mateb\OneDrive\Desktop\Projekti\LLVM\llvm-project_17_0_1\llvm\lib\CodeGen\RDFRegisters.cpp">
      <Filter>Source Files</Filter>
    </ClCompile>
    <ClCompile Include="C:\Users\mateb\OneDrive\Desktop\Projekti\LLVM\llvm-project_17_0_1\llvm\lib\CodeGen\ReachingDefAnalysis.cpp">
      <Filter>Source Files</Filter>
    </ClCompile>
    <ClCompile Include="C:\Users\mateb\OneDrive\Desktop\Projekti\LLVM\llvm-project_17_0_1\llvm\lib\CodeGen\RegAllocBase.cpp">
      <Filter>Source Files</Filter>
    </ClCompile>
    <ClCompile Include="C:\Users\mateb\OneDrive\Desktop\Projekti\LLVM\llvm-project_17_0_1\llvm\lib\CodeGen\RegAllocBasic.cpp">
      <Filter>Source Files</Filter>
    </ClCompile>
    <ClCompile Include="C:\Users\mateb\OneDrive\Desktop\Projekti\LLVM\llvm-project_17_0_1\llvm\lib\CodeGen\RegAllocEvictionAdvisor.cpp">
      <Filter>Source Files</Filter>
    </ClCompile>
    <ClCompile Include="C:\Users\mateb\OneDrive\Desktop\Projekti\LLVM\llvm-project_17_0_1\llvm\lib\CodeGen\RegAllocFast.cpp">
      <Filter>Source Files</Filter>
    </ClCompile>
    <ClCompile Include="C:\Users\mateb\OneDrive\Desktop\Projekti\LLVM\llvm-project_17_0_1\llvm\lib\CodeGen\RegAllocGreedy.cpp">
      <Filter>Source Files</Filter>
    </ClCompile>
    <ClCompile Include="C:\Users\mateb\OneDrive\Desktop\Projekti\LLVM\llvm-project_17_0_1\llvm\lib\CodeGen\RegAllocPBQP.cpp">
      <Filter>Source Files</Filter>
    </ClCompile>
    <ClCompile Include="C:\Users\mateb\OneDrive\Desktop\Projekti\LLVM\llvm-project_17_0_1\llvm\lib\CodeGen\RegAllocPriorityAdvisor.cpp">
      <Filter>Source Files</Filter>
    </ClCompile>
    <ClCompile Include="C:\Users\mateb\OneDrive\Desktop\Projekti\LLVM\llvm-project_17_0_1\llvm\lib\CodeGen\RegAllocScore.cpp">
      <Filter>Source Files</Filter>
    </ClCompile>
    <ClCompile Include="C:\Users\mateb\OneDrive\Desktop\Projekti\LLVM\llvm-project_17_0_1\llvm\lib\CodeGen\RegisterClassInfo.cpp">
      <Filter>Source Files</Filter>
    </ClCompile>
    <ClCompile Include="C:\Users\mateb\OneDrive\Desktop\Projekti\LLVM\llvm-project_17_0_1\llvm\lib\CodeGen\RegisterCoalescer.cpp">
      <Filter>Source Files</Filter>
    </ClCompile>
    <ClCompile Include="C:\Users\mateb\OneDrive\Desktop\Projekti\LLVM\llvm-project_17_0_1\llvm\lib\CodeGen\RegisterPressure.cpp">
      <Filter>Source Files</Filter>
    </ClCompile>
    <ClCompile Include="C:\Users\mateb\OneDrive\Desktop\Projekti\LLVM\llvm-project_17_0_1\llvm\lib\CodeGen\RegisterScavenging.cpp">
      <Filter>Source Files</Filter>
    </ClCompile>
    <ClCompile Include="C:\Users\mateb\OneDrive\Desktop\Projekti\LLVM\llvm-project_17_0_1\llvm\lib\CodeGen\RemoveRedundantDebugValues.cpp">
      <Filter>Source Files</Filter>
    </ClCompile>
    <ClCompile Include="C:\Users\mateb\OneDrive\Desktop\Projekti\LLVM\llvm-project_17_0_1\llvm\lib\CodeGen\RenameIndependentSubregs.cpp">
      <Filter>Source Files</Filter>
    </ClCompile>
    <ClCompile Include="C:\Users\mateb\OneDrive\Desktop\Projekti\LLVM\llvm-project_17_0_1\llvm\lib\CodeGen\MachineStableHash.cpp">
      <Filter>Source Files</Filter>
    </ClCompile>
    <ClCompile Include="C:\Users\mateb\OneDrive\Desktop\Projekti\LLVM\llvm-project_17_0_1\llvm\lib\CodeGen\MIRVRegNamerUtils.cpp">
      <Filter>Source Files</Filter>
    </ClCompile>
    <ClCompile Include="C:\Users\mateb\OneDrive\Desktop\Projekti\LLVM\llvm-project_17_0_1\llvm\lib\CodeGen\MIRNamerPass.cpp">
      <Filter>Source Files</Filter>
    </ClCompile>
    <ClCompile Include="C:\Users\mateb\OneDrive\Desktop\Projekti\LLVM\llvm-project_17_0_1\llvm\lib\CodeGen\MIRCanonicalizerPass.cpp">
      <Filter>Source Files</Filter>
    </ClCompile>
    <ClCompile Include="C:\Users\mateb\OneDrive\Desktop\Projekti\LLVM\llvm-project_17_0_1\llvm\lib\CodeGen\RegisterUsageInfo.cpp">
      <Filter>Source Files</Filter>
    </ClCompile>
    <ClCompile Include="C:\Users\mateb\OneDrive\Desktop\Projekti\LLVM\llvm-project_17_0_1\llvm\lib\CodeGen\RegUsageInfoCollector.cpp">
      <Filter>Source Files</Filter>
    </ClCompile>
    <ClCompile Include="C:\Users\mateb\OneDrive\Desktop\Projekti\LLVM\llvm-project_17_0_1\llvm\lib\CodeGen\RegUsageInfoPropagate.cpp">
      <Filter>Source Files</Filter>
    </ClCompile>
    <ClCompile Include="C:\Users\mateb\OneDrive\Desktop\Projekti\LLVM\llvm-project_17_0_1\llvm\lib\CodeGen\ReplaceWithVeclib.cpp">
      <Filter>Source Files</Filter>
    </ClCompile>
    <ClCompile Include="C:\Users\mateb\OneDrive\Desktop\Projekti\LLVM\llvm-project_17_0_1\llvm\lib\CodeGen\ResetMachineFunctionPass.cpp">
      <Filter>Source Files</Filter>
    </ClCompile>
    <ClCompile Include="C:\Users\mateb\OneDrive\Desktop\Projekti\LLVM\llvm-project_17_0_1\llvm\lib\CodeGen\RegisterBank.cpp">
      <Filter>Source Files</Filter>
    </ClCompile>
    <ClCompile Include="C:\Users\mateb\OneDrive\Desktop\Projekti\LLVM\llvm-project_17_0_1\llvm\lib\CodeGen\RegisterBankInfo.cpp">
      <Filter>Source Files</Filter>
    </ClCompile>
    <ClCompile Include="C:\Users\mateb\OneDrive\Desktop\Projekti\LLVM\llvm-project_17_0_1\llvm\lib\CodeGen\SafeStack.cpp">
      <Filter>Source Files</Filter>
    </ClCompile>
    <ClCompile Include="C:\Users\mateb\OneDrive\Desktop\Projekti\LLVM\llvm-project_17_0_1\llvm\lib\CodeGen\SafeStackLayout.cpp">
      <Filter>Source Files</Filter>
    </ClCompile>
    <ClCompile Include="C:\Users\mateb\OneDrive\Desktop\Projekti\LLVM\llvm-project_17_0_1\llvm\lib\CodeGen\SanitizerBinaryMetadata.cpp">
      <Filter>Source Files</Filter>
    </ClCompile>
    <ClCompile Include="C:\Users\mateb\OneDrive\Desktop\Projekti\LLVM\llvm-project_17_0_1\llvm\lib\CodeGen\ScheduleDAG.cpp">
      <Filter>Source Files</Filter>
    </ClCompile>
    <ClCompile Include="C:\Users\mateb\OneDrive\Desktop\Projekti\LLVM\llvm-project_17_0_1\llvm\lib\CodeGen\ScheduleDAGInstrs.cpp">
      <Filter>Source Files</Filter>
    </ClCompile>
    <ClCompile Include="C:\Users\mateb\OneDrive\Desktop\Projekti\LLVM\llvm-project_17_0_1\llvm\lib\CodeGen\ScheduleDAGPrinter.cpp">
      <Filter>Source Files</Filter>
    </ClCompile>
    <ClCompile Include="C:\Users\mateb\OneDrive\Desktop\Projekti\LLVM\llvm-project_17_0_1\llvm\lib\CodeGen\ScoreboardHazardRecognizer.cpp">
      <Filter>Source Files</Filter>
    </ClCompile>
    <ClCompile Include="C:\Users\mateb\OneDrive\Desktop\Projekti\LLVM\llvm-project_17_0_1\llvm\lib\CodeGen\SelectOptimize.cpp">
      <Filter>Source Files</Filter>
    </ClCompile>
    <ClCompile Include="C:\Users\mateb\OneDrive\Desktop\Projekti\LLVM\llvm-project_17_0_1\llvm\lib\CodeGen\ShadowStackGCLowering.cpp">
      <Filter>Source Files</Filter>
    </ClCompile>
    <ClCompile Include="C:\Users\mateb\OneDrive\Desktop\Projekti\LLVM\llvm-project_17_0_1\llvm\lib\CodeGen\ShrinkWrap.cpp">
      <Filter>Source Files</Filter>
    </ClCompile>
    <ClCompile Include="C:\Users\mateb\OneDrive\Desktop\Projekti\LLVM\llvm-project_17_0_1\llvm\lib\CodeGen\SjLjEHPrepare.cpp">
      <Filter>Source Files</Filter>
    </ClCompile>
    <ClCompile Include="C:\Users\mateb\OneDrive\Desktop\Projekti\LLVM\llvm-project_17_0_1\llvm\lib\CodeGen\SlotIndexes.cpp">
      <Filter>Source Files</Filter>
    </ClCompile>
    <ClCompile Include="C:\Users\mateb\OneDrive\Desktop\Projekti\LLVM\llvm-project_17_0_1\llvm\lib\CodeGen\SpillPlacement.cpp">
      <Filter>Source Files</Filter>
    </ClCompile>
    <ClCompile Include="C:\Users\mateb\OneDrive\Desktop\Projekti\LLVM\llvm-project_17_0_1\llvm\lib\CodeGen\SplitKit.cpp">
      <Filter>Source Files</Filter>
    </ClCompile>
    <ClCompile Include="C:\Users\mateb\OneDrive\Desktop\Projekti\LLVM\llvm-project_17_0_1\llvm\lib\CodeGen\StackColoring.cpp">
      <Filter>Source Files</Filter>
    </ClCompile>
    <ClCompile Include="C:\Users\mateb\OneDrive\Desktop\Projekti\LLVM\llvm-project_17_0_1\llvm\lib\CodeGen\StackFrameLayoutAnalysisPass.cpp">
      <Filter>Source Files</Filter>
    </ClCompile>
    <ClCompile Include="C:\Users\mateb\OneDrive\Desktop\Projekti\LLVM\llvm-project_17_0_1\llvm\lib\CodeGen\StackMapLivenessAnalysis.cpp">
      <Filter>Source Files</Filter>
    </ClCompile>
    <ClCompile Include="C:\Users\mateb\OneDrive\Desktop\Projekti\LLVM\llvm-project_17_0_1\llvm\lib\CodeGen\StackMaps.cpp">
      <Filter>Source Files</Filter>
    </ClCompile>
    <ClCompile Include="C:\Users\mateb\OneDrive\Desktop\Projekti\LLVM\llvm-project_17_0_1\llvm\lib\CodeGen\StackProtector.cpp">
      <Filter>Source Files</Filter>
    </ClCompile>
    <ClCompile Include="C:\Users\mateb\OneDrive\Desktop\Projekti\LLVM\llvm-project_17_0_1\llvm\lib\CodeGen\StackSlotColoring.cpp">
      <Filter>Source Files</Filter>
    </ClCompile>
    <ClCompile Include="C:\Users\mateb\OneDrive\Desktop\Projekti\LLVM\llvm-project_17_0_1\llvm\lib\CodeGen\SwiftErrorValueTracking.cpp">
      <Filter>Source Files</Filter>
    </ClCompile>
    <ClCompile Include="C:\Users\mateb\OneDrive\Desktop\Projekti\LLVM\llvm-project_17_0_1\llvm\lib\CodeGen\SwitchLoweringUtils.cpp">
      <Filter>Source Files</Filter>
    </ClCompile>
    <ClCompile Include="C:\Users\mateb\OneDrive\Desktop\Projekti\LLVM\llvm-project_17_0_1\llvm\lib\CodeGen\TailDuplication.cpp">
      <Filter>Source Files</Filter>
    </ClCompile>
    <ClCompile Include="C:\Users\mateb\OneDrive\Desktop\Projekti\LLVM\llvm-project_17_0_1\llvm\lib\CodeGen\TailDuplicator.cpp">
      <Filter>Source Files</Filter>
    </ClCompile>
    <ClCompile Include="C:\Users\mateb\OneDrive\Desktop\Projekti\LLVM\llvm-project_17_0_1\llvm\lib\CodeGen\TargetFrameLoweringImpl.cpp">
      <Filter>Source Files</Filter>
    </ClCompile>
    <ClCompile Include="C:\Users\mateb\OneDrive\Desktop\Projekti\LLVM\llvm-project_17_0_1\llvm\lib\CodeGen\TargetInstrInfo.cpp">
      <Filter>Source Files</Filter>
    </ClCompile>
    <ClCompile Include="C:\Users\mateb\OneDrive\Desktop\Projekti\LLVM\llvm-project_17_0_1\llvm\lib\CodeGen\TargetLoweringBase.cpp">
      <Filter>Source Files</Filter>
    </ClCompile>
    <ClCompile Include="C:\Users\mateb\OneDrive\Desktop\Projekti\LLVM\llvm-project_17_0_1\llvm\lib\CodeGen\TargetLoweringObjectFileImpl.cpp">
      <Filter>Source Files</Filter>
    </ClCompile>
    <ClCompile Include="C:\Users\mateb\OneDrive\Desktop\Projekti\LLVM\llvm-project_17_0_1\llvm\lib\CodeGen\TargetOptionsImpl.cpp">
      <Filter>Source Files</Filter>
    </ClCompile>
    <ClCompile Include="C:\Users\mateb\OneDrive\Desktop\Projekti\LLVM\llvm-project_17_0_1\llvm\lib\CodeGen\TargetPassConfig.cpp">
      <Filter>Source Files</Filter>
    </ClCompile>
    <ClCompile Include="C:\Users\mateb\OneDrive\Desktop\Projekti\LLVM\llvm-project_17_0_1\llvm\lib\CodeGen\TargetRegisterInfo.cpp">
      <Filter>Source Files</Filter>
    </ClCompile>
    <ClCompile Include="C:\Users\mateb\OneDrive\Desktop\Projekti\LLVM\llvm-project_17_0_1\llvm\lib\CodeGen\TargetSchedule.cpp">
      <Filter>Source Files</Filter>
    </ClCompile>
    <ClCompile Include="C:\Users\mateb\OneDrive\Desktop\Projekti\LLVM\llvm-project_17_0_1\llvm\lib\CodeGen\TargetSubtargetInfo.cpp">
      <Filter>Source Files</Filter>
    </ClCompile>
    <ClCompile Include="C:\Users\mateb\OneDrive\Desktop\Projekti\LLVM\llvm-project_17_0_1\llvm\lib\CodeGen\TwoAddressInstructionPass.cpp">
      <Filter>Source Files</Filter>
    </ClCompile>
    <ClCompile Include="C:\Users\mateb\OneDrive\Desktop\Projekti\LLVM\llvm-project_17_0_1\llvm\lib\CodeGen\TypePromotion.cpp">
      <Filter>Source Files</Filter>
    </ClCompile>
    <ClCompile Include="C:\Users\mateb\OneDrive\Desktop\Projekti\LLVM\llvm-project_17_0_1\llvm\lib\CodeGen\UnreachableBlockElim.cpp">
      <Filter>Source Files</Filter>
    </ClCompile>
    <ClCompile Include="C:\Users\mateb\OneDrive\Desktop\Projekti\LLVM\llvm-project_17_0_1\llvm\lib\CodeGen\ValueTypes.cpp">
      <Filter>Source Files</Filter>
    </ClCompile>
    <ClCompile Include="C:\Users\mateb\OneDrive\Desktop\Projekti\LLVM\llvm-project_17_0_1\llvm\lib\CodeGen\VLIWMachineScheduler.cpp">
      <Filter>Source Files</Filter>
    </ClCompile>
    <ClCompile Include="C:\Users\mateb\OneDrive\Desktop\Projekti\LLVM\llvm-project_17_0_1\llvm\lib\CodeGen\VirtRegMap.cpp">
      <Filter>Source Files</Filter>
    </ClCompile>
    <ClCompile Include="C:\Users\mateb\OneDrive\Desktop\Projekti\LLVM\llvm-project_17_0_1\llvm\lib\CodeGen\WasmEHPrepare.cpp">
      <Filter>Source Files</Filter>
    </ClCompile>
    <ClCompile Include="C:\Users\mateb\OneDrive\Desktop\Projekti\LLVM\llvm-project_17_0_1\llvm\lib\CodeGen\WinEHPrepare.cpp">
      <Filter>Source Files</Filter>
    </ClCompile>
    <ClCompile Include="C:\Users\mateb\OneDrive\Desktop\Projekti\LLVM\llvm-project_17_0_1\llvm\lib\CodeGen\XRayInstrumentation.cpp">
      <Filter>Source Files</Filter>
    </ClCompile>
    <ClCompile Include="C:\Users\mateb\OneDrive\Desktop\Projekti\LLVM\llvm-project_17_0_1\llvm\lib\CodeGen\LiveDebugValues\LiveDebugValues.cpp">
      <Filter>Source Files</Filter>
    </ClCompile>
    <ClCompile Include="C:\Users\mateb\OneDrive\Desktop\Projekti\LLVM\llvm-project_17_0_1\llvm\lib\CodeGen\LiveDebugValues\VarLocBasedImpl.cpp">
      <Filter>Source Files</Filter>
    </ClCompile>
    <ClCompile Include="C:\Users\mateb\OneDrive\Desktop\Projekti\LLVM\llvm-project_17_0_1\llvm\lib\CodeGen\LiveDebugValues\InstrRefBasedImpl.cpp">
      <Filter>Source Files</Filter>
    </ClCompile>
  </ItemGroup>
  <ItemGroup>
    <ClInclude Include="C:\Users\mateb\OneDrive\Desktop\Projekti\LLVM\llvm-project_17_0_1\llvm\lib\CodeGen\AggressiveAntiDepBreaker.h">
      <Filter>Header Files</Filter>
    </ClInclude>
    <ClInclude Include="C:\Users\mateb\OneDrive\Desktop\Projekti\LLVM\llvm-project_17_0_1\llvm\lib\CodeGen\AllocationOrder.h">
      <Filter>Header Files</Filter>
    </ClInclude>
    <ClInclude Include="C:\Users\mateb\OneDrive\Desktop\Projekti\LLVM\llvm-project_17_0_1\llvm\lib\CodeGen\BranchFolding.h">
      <Filter>Header Files</Filter>
    </ClInclude>
    <ClInclude Include="C:\Users\mateb\OneDrive\Desktop\Projekti\LLVM\llvm-project_17_0_1\llvm\lib\CodeGen\CriticalAntiDepBreaker.h">
      <Filter>Header Files</Filter>
    </ClInclude>
    <ClInclude Include="C:\Users\mateb\OneDrive\Desktop\Projekti\LLVM\llvm-project_17_0_1\llvm\lib\CodeGen\InterferenceCache.h">
      <Filter>Header Files</Filter>
    </ClInclude>
    <ClInclude Include="C:\Users\mateb\OneDrive\Desktop\Projekti\LLVM\llvm-project_17_0_1\llvm\lib\CodeGen\LiveDebugVariables.h">
      <Filter>Header Files</Filter>
    </ClInclude>
    <ClInclude Include="C:\Users\mateb\OneDrive\Desktop\Projekti\LLVM\llvm-project_17_0_1\llvm\lib\CodeGen\LiveRangeUtils.h">
      <Filter>Header Files</Filter>
    </ClInclude>
    <ClInclude Include="C:\Users\mateb\OneDrive\Desktop\Projekti\LLVM\llvm-project_17_0_1\llvm\lib\CodeGen\MIRVRegNamerUtils.h">
      <Filter>Header Files</Filter>
    </ClInclude>
    <ClInclude Include="C:\Users\mateb\OneDrive\Desktop\Projekti\LLVM\llvm-project_17_0_1\llvm\lib\CodeGen\MLRegallocEvictAdvisor.h">
      <Filter>Header Files</Filter>
    </ClInclude>
    <ClInclude Include="C:\Users\mateb\OneDrive\Desktop\Projekti\LLVM\llvm-project_17_0_1\llvm\lib\CodeGen\PHIEliminationUtils.h">
      <Filter>Header Files</Filter>
    </ClInclude>
    <ClInclude Include="C:\Users\mateb\OneDrive\Desktop\Projekti\LLVM\llvm-project_17_0_1\llvm\lib\CodeGen\RegAllocBase.h">
      <Filter>Header Files</Filter>
    </ClInclude>
    <ClInclude Include="C:\Users\mateb\OneDrive\Desktop\Projekti\LLVM\llvm-project_17_0_1\llvm\lib\CodeGen\RegAllocEvictionAdvisor.h">
      <Filter>Header Files</Filter>
    </ClInclude>
    <ClInclude Include="C:\Users\mateb\OneDrive\Desktop\Projekti\LLVM\llvm-project_17_0_1\llvm\lib\CodeGen\RegAllocGreedy.h">
      <Filter>Header Files</Filter>
    </ClInclude>
    <ClInclude Include="C:\Users\mateb\OneDrive\Desktop\Projekti\LLVM\llvm-project_17_0_1\llvm\lib\CodeGen\RegAllocPriorityAdvisor.h">
      <Filter>Header Files</Filter>
    </ClInclude>
    <ClInclude Include="C:\Users\mateb\OneDrive\Desktop\Projekti\LLVM\llvm-project_17_0_1\llvm\lib\CodeGen\RegAllocScore.h">
      <Filter>Header Files</Filter>
    </ClInclude>
    <ClInclude Include="C:\Users\mateb\OneDrive\Desktop\Projekti\LLVM\llvm-project_17_0_1\llvm\lib\CodeGen\RegisterCoalescer.h">
      <Filter>Header Files</Filter>
    </ClInclude>
    <ClInclude Include="C:\Users\mateb\OneDrive\Desktop\Projekti\LLVM\llvm-project_17_0_1\llvm\lib\CodeGen\SafeStackLayout.h">
      <Filter>Header Files</Filter>
    </ClInclude>
    <ClInclude Include="C:\Users\mateb\OneDrive\Desktop\Projekti\LLVM\llvm-project_17_0_1\llvm\lib\CodeGen\SpillPlacement.h">
      <Filter>Header Files</Filter>
    </ClInclude>
    <ClInclude Include="C:\Users\mateb\OneDrive\Desktop\Projekti\LLVM\llvm-project_17_0_1\llvm\lib\CodeGen\SplitKit.h">
      <Filter>Header Files</Filter>
    </ClInclude>
    <ClInclude Include="C:\Users\mateb\OneDrive\Desktop\Projekti\LLVM\llvm-project_17_0_1\llvm\include\llvm\CodeGen\AccelTable.h">
      <Filter>Header Files</Filter>
    </ClInclude>
    <ClInclude Include="C:\Users\mateb\OneDrive\Desktop\Projekti\LLVM\llvm-project_17_0_1\llvm\include\llvm\CodeGen\Analysis.h">
      <Filter>Header Files</Filter>
    </ClInclude>
    <ClInclude Include="C:\Users\mateb\OneDrive\Desktop\Projekti\LLVM\llvm-project_17_0_1\llvm\include\llvm\CodeGen\AntiDepBreaker.h">
      <Filter>Header Files</Filter>
    </ClInclude>
    <ClInclude Include="C:\Users\mateb\OneDrive\Desktop\Projekti\LLVM\llvm-project_17_0_1\llvm\include\llvm\CodeGen\AsmPrinter.h">
      <Filter>Header Files</Filter>
    </ClInclude>
    <ClInclude Include="C:\Users\mateb\OneDrive\Desktop\Projekti\LLVM\llvm-project_17_0_1\llvm\include\llvm\CodeGen\AsmPrinterHandler.h">
      <Filter>Header Files</Filter>
    </ClInclude>
    <ClInclude Include="C:\Users\mateb\OneDrive\Desktop\Projekti\LLVM\llvm-project_17_0_1\llvm\include\llvm\CodeGen\AssignmentTrackingAnalysis.h">
      <Filter>Header Files</Filter>
    </ClInclude>
    <ClInclude Include="C:\Users\mateb\OneDrive\Desktop\Projekti\LLVM\llvm-project_17_0_1\llvm\include\llvm\CodeGen\AtomicExpandUtils.h">
      <Filter>Header Files</Filter>
    </ClInclude>
    <ClInclude Include="C:\Users\mateb\OneDrive\Desktop\Projekti\LLVM\llvm-project_17_0_1\llvm\include\llvm\CodeGen\BasicBlockSectionUtils.h">
      <Filter>Header Files</Filter>
    </ClInclude>
    <ClInclude Include="C:\Users\mateb\OneDrive\Desktop\Projekti\LLVM\llvm-project_17_0_1\llvm\include\llvm\CodeGen\BasicBlockSectionsProfileReader.h">
      <Filter>Header Files</Filter>
    </ClInclude>
    <ClInclude Include="C:\Users\mateb\OneDrive\Desktop\Projekti\LLVM\llvm-project_17_0_1\llvm\include\llvm\CodeGen\BasicTTIImpl.h">
      <Filter>Header Files</Filter>
    </ClInclude>
    <ClInclude Include="C:\Users\mateb\OneDrive\Desktop\Projekti\LLVM\llvm-project_17_0_1\llvm\include\llvm\CodeGen\ByteProvider.h">
      <Filter>Header Files</Filter>
    </ClInclude>
    <ClInclude Include="C:\Users\mateb\OneDrive\Desktop\Projekti\LLVM\llvm-project_17_0_1\llvm\include\llvm\CodeGen\CFIFixup.h">
      <Filter>Header Files</Filter>
    </ClInclude>
    <ClInclude Include="C:\Users\mateb\OneDrive\Desktop\Projekti\LLVM\llvm-project_17_0_1\llvm\include\llvm\CodeGen\CSEConfigBase.h">
      <Filter>Header Files</Filter>
    </ClInclude>
    <ClInclude Include="C:\Users\mateb\OneDrive\Desktop\Projekti\LLVM\llvm-project_17_0_1\llvm\include\llvm\CodeGen\CalcSpillWeights.h">
      <Filter>Header Files</Filter>
    </ClInclude>
    <ClInclude Include="C:\Users\mateb\OneDrive\Desktop\Projekti\LLVM\llvm-project_17_0_1\llvm\include\llvm\CodeGen\CallingConvLower.h">
      <Filter>Header Files</Filter>
    </ClInclude>
    <ClInclude Include="C:\Users\mateb\OneDrive\Desktop\Projekti\LLVM\llvm-project_17_0_1\llvm\include\llvm\CodeGen\CodeGenCommonISel.h">
      <Filter>Header Files</Filter>
    </ClInclude>
    <ClInclude Include="C:\Users\mateb\OneDrive\Desktop\Projekti\LLVM\llvm-project_17_0_1\llvm\include\llvm\CodeGen\CodeGenPassBuilder.h">
      <Filter>Header Files</Filter>
    </ClInclude>
    <ClInclude Include="C:\Users\mateb\OneDrive\Desktop\Projekti\LLVM\llvm-project_17_0_1\llvm\include\llvm\CodeGen\CommandFlags.h">
      <Filter>Header Files</Filter>
    </ClInclude>
    <ClInclude Include="C:\Users\mateb\OneDrive\Desktop\Projekti\LLVM\llvm-project_17_0_1\llvm\include\llvm\CodeGen\ComplexDeinterleavingPass.h">
      <Filter>Header Files</Filter>
    </ClInclude>
    <ClInclude Include="C:\Users\mateb\OneDrive\Desktop\Projekti\LLVM\llvm-project_17_0_1\llvm\include\llvm\CodeGen\CostTable.h">
      <Filter>Header Files</Filter>
    </ClInclude>
    <ClInclude Include="C:\Users\mateb\OneDrive\Desktop\Projekti\LLVM\llvm-project_17_0_1\llvm\include\llvm\CodeGen\DAGCombine.h">
      <Filter>Header Files</Filter>
    </ClInclude>
    <ClInclude Include="C:\Users\mateb\OneDrive\Desktop\Projekti\LLVM\llvm-project_17_0_1\llvm\include\llvm\CodeGen\DFAPacketizer.h">
      <Filter>Header Files</Filter>
    </ClInclude>
    <ClInclude Include="C:\Users\mateb\OneDrive\Desktop\Projekti\LLVM\llvm-project_17_0_1\llvm\include\llvm\CodeGen\DIE.h">
      <Filter>Header Files</Filter>
    </ClInclude>
    <ClInclude Include="C:\Users\mateb\OneDrive\Desktop\Projekti\LLVM\llvm-project_17_0_1\llvm\include\llvm\CodeGen\DbgEntityHistoryCalculator.h">
      <Filter>Header Files</Filter>
    </ClInclude>
    <ClInclude Include="C:\Users\mateb\OneDrive\Desktop\Projekti\LLVM\llvm-project_17_0_1\llvm\include\llvm\CodeGen\DebugHandlerBase.h">
      <Filter>Header Files</Filter>
    </ClInclude>
    <ClInclude Include="C:\Users\mateb\OneDrive\Desktop\Projekti\LLVM\llvm-project_17_0_1\llvm\include\llvm\CodeGen\DetectDeadLanes.h">
      <Filter>Header Files</Filter>
    </ClInclude>
    <ClInclude Include="C:\Users\mateb\OneDrive\Desktop\Projekti\LLVM\llvm-project_17_0_1\llvm\include\llvm\CodeGen\DwarfStringPoolEntry.h">
      <Filter>Header Files</Filter>
    </ClInclude>
    <ClInclude Include="C:\Users\mateb\OneDrive\Desktop\Projekti\LLVM\llvm-project_17_0_1\llvm\include\llvm\CodeGen\EdgeBundles.h">
      <Filter>Header Files</Filter>
    </ClInclude>
    <ClInclude Include="C:\Users\mateb\OneDrive\Desktop\Projekti\LLVM\llvm-project_17_0_1\llvm\include\llvm\CodeGen\ExecutionDomainFix.h">
      <Filter>Header Files</Filter>
    </ClInclude>
    <ClInclude Include="C:\Users\mateb\OneDrive\Desktop\Projekti\LLVM\llvm-project_17_0_1\llvm\include\llvm\CodeGen\ExpandReductions.h">
      <Filter>Header Files</Filter>
    </ClInclude>
    <ClInclude Include="C:\Users\mateb\OneDrive\Desktop\Projekti\LLVM\llvm-project_17_0_1\llvm\include\llvm\CodeGen\ExpandVectorPredication.h">
      <Filter>Header Files</Filter>
    </ClInclude>
    <ClInclude Include="C:\Users\mateb\OneDrive\Desktop\Projekti\LLVM\llvm-project_17_0_1\llvm\include\llvm\CodeGen\FastISel.h">
      <Filter>Header Files</Filter>
    </ClInclude>
    <ClInclude Include="C:\Users\mateb\OneDrive\Desktop\Projekti\LLVM\llvm-project_17_0_1\llvm\include\llvm\CodeGen\FaultMaps.h">
      <Filter>Header Files</Filter>
    </ClInclude>
    <ClInclude Include="C:\Users\mateb\OneDrive\Desktop\Projekti\LLVM\llvm-project_17_0_1\llvm\include\llvm\CodeGen\FunctionLoweringInfo.h">
      <Filter>Header Files</Filter>
    </ClInclude>
    <ClInclude Include="C:\Users\mateb\OneDrive\Desktop\Projekti\LLVM\llvm-project_17_0_1\llvm\include\llvm\CodeGen\GCMetadata.h">
      <Filter>Header Files</Filter>
    </ClInclude>
    <ClInclude Include="C:\Users\mateb\OneDrive\Desktop\Projekti\LLVM\llvm-project_17_0_1\llvm\include\llvm\CodeGen\GCMetadataPrinter.h">
      <Filter>Header Files</Filter>
    </ClInclude>
    <ClInclude Include="C:\Users\mateb\OneDrive\Desktop\Projekti\LLVM\llvm-project_17_0_1\llvm\include\llvm\CodeGen\HardwareLoops.h">
      <Filter>Header Files</Filter>
    </ClInclude>
    <ClInclude Include="C:\Users\mateb\OneDrive\Desktop\Projekti\LLVM\llvm-project_17_0_1\llvm\include\llvm\CodeGen\ISDOpcodes.h">
      <Filter>Header Files</Filter>
    </ClInclude>
    <ClInclude Include="C:\Users\mateb\OneDrive\Desktop\Projekti\LLVM\llvm-project_17_0_1\llvm\include\llvm\CodeGen\IndirectThunks.h">
      <Filter>Header Files</Filter>
    </ClInclude>
    <ClInclude Include="C:\Users\mateb\OneDrive\Desktop\Projekti\LLVM\llvm-project_17_0_1\llvm\include\llvm\CodeGen\IntrinsicLowering.h">
      <Filter>Header Files</Filter>
    </ClInclude>
    <ClInclude Include="C:\Users\mateb\OneDrive\Desktop\Projekti\LLVM\llvm-project_17_0_1\llvm\include\llvm\CodeGen\LatencyPriorityQueue.h">
      <Filter>Header Files</Filter>
    </ClInclude>
    <ClInclude Include="C:\Users\mateb\OneDrive\Desktop\Projekti\LLVM\llvm-project_17_0_1\llvm\include\llvm\CodeGen\LazyMachineBlockFrequencyInfo.h">
      <Filter>Header Files</Filter>
    </ClInclude>
    <ClInclude Include="C:\Users\mateb\OneDrive\Desktop\Projekti\LLVM\llvm-project_17_0_1\llvm\include\llvm\CodeGen\LexicalScopes.h">
      <Filter>Header Files</Filter>
    </ClInclude>
    <ClInclude Include="C:\Users\mateb\OneDrive\Desktop\Projekti\LLVM\llvm-project_17_0_1\llvm\include\llvm\CodeGen\LinkAllAsmWriterComponents.h">
      <Filter>Header Files</Filter>
    </ClInclude>
    <ClInclude Include="C:\Users\mateb\OneDrive\Desktop\Projekti\LLVM\llvm-project_17_0_1\llvm\include\llvm\CodeGen\LinkAllCodegenComponents.h">
      <Filter>Header Files</Filter>
    </ClInclude>
    <ClInclude Include="C:\Users\mateb\OneDrive\Desktop\Projekti\LLVM\llvm-project_17_0_1\llvm\include\llvm\CodeGen\LiveInterval.h">
      <Filter>Header Files</Filter>
    </ClInclude>
    <ClInclude Include="C:\Users\mateb\OneDrive\Desktop\Projekti\LLVM\llvm-project_17_0_1\llvm\include\llvm\CodeGen\LiveIntervalCalc.h">
      <Filter>Header Files</Filter>
    </ClInclude>
    <ClInclude Include="C:\Users\mateb\OneDrive\Desktop\Projekti\LLVM\llvm-project_17_0_1\llvm\include\llvm\CodeGen\LiveIntervalUnion.h">
      <Filter>Header Files</Filter>
    </ClInclude>
    <ClInclude Include="C:\Users\mateb\OneDrive\Desktop\Projekti\LLVM\llvm-project_17_0_1\llvm\include\llvm\CodeGen\LiveIntervals.h">
      <Filter>Header Files</Filter>
    </ClInclude>
    <ClInclude Include="C:\Users\mateb\OneDrive\Desktop\Projekti\LLVM\llvm-project_17_0_1\llvm\include\llvm\CodeGen\LivePhysRegs.h">
      <Filter>Header Files</Filter>
    </ClInclude>
    <ClInclude Include="C:\Users\mateb\OneDrive\Desktop\Projekti\LLVM\llvm-project_17_0_1\llvm\include\llvm\CodeGen\LiveRangeCalc.h">
      <Filter>Header Files</Filter>
    </ClInclude>
    <ClInclude Include="C:\Users\mateb\OneDrive\Desktop\Projekti\LLVM\llvm-project_17_0_1\llvm\include\llvm\CodeGen\LiveRangeEdit.h">
      <Filter>Header Files</Filter>
    </ClInclude>
    <ClInclude Include="C:\Users\mateb\OneDrive\Desktop\Projekti\LLVM\llvm-project_17_0_1\llvm\include\llvm\CodeGen\LiveRegMatrix.h">
      <Filter>Header Files</Filter>
    </ClInclude>
    <ClInclude Include="C:\Users\mateb\OneDrive\Desktop\Projekti\LLVM\llvm-project_17_0_1\llvm\include\llvm\CodeGen\LiveRegUnits.h">
      <Filter>Header Files</Filter>
    </ClInclude>
    <ClInclude Include="C:\Users\mateb\OneDrive\Desktop\Projekti\LLVM\llvm-project_17_0_1\llvm\include\llvm\CodeGen\LiveStacks.h">
      <Filter>Header Files</Filter>
    </ClInclude>
    <ClInclude Include="C:\Users\mateb\OneDrive\Desktop\Projekti\LLVM\llvm-project_17_0_1\llvm\include\llvm\CodeGen\LiveVariables.h">
      <Filter>Header Files</Filter>
    </ClInclude>
    <ClInclude Include="C:\Users\mateb\OneDrive\Desktop\Projekti\LLVM\llvm-project_17_0_1\llvm\include\llvm\CodeGen\LoopTraversal.h">
      <Filter>Header Files</Filter>
    </ClInclude>
    <ClInclude Include="C:\Users\mateb\OneDrive\Desktop\Projekti\LLVM\llvm-project_17_0_1\llvm\include\llvm\CodeGen\LowLevelType.h">
      <Filter>Header Files</Filter>
    </ClInclude>
    <ClInclude Include="C:\Users\mateb\OneDrive\Desktop\Projekti\LLVM\llvm-project_17_0_1\llvm\include\llvm\CodeGen\LowLevelTypeUtils.h">
      <Filter>Header Files</Filter>
    </ClInclude>
    <ClInclude Include="C:\Users\mateb\OneDrive\Desktop\Projekti\LLVM\llvm-project_17_0_1\llvm\include\llvm\CodeGen\MBFIWrapper.h">
      <Filter>Header Files</Filter>
    </ClInclude>
    <ClInclude Include="C:\Users\mateb\OneDrive\Desktop\Projekti\LLVM\llvm-project_17_0_1\llvm\include\llvm\CodeGen\MIRFSDiscriminator.h">
      <Filter>Header Files</Filter>
    </ClInclude>
    <ClInclude Include="C:\Users\mateb\OneDrive\Desktop\Projekti\LLVM\llvm-project_17_0_1\llvm\include\llvm\CodeGen\MIRFormatter.h">
      <Filter>Header Files</Filter>
    </ClInclude>
    <ClInclude Include="C:\Users\mateb\OneDrive\Desktop\Projekti\LLVM\llvm-project_17_0_1\llvm\include\llvm\CodeGen\MIRPrinter.h">
      <Filter>Header Files</Filter>
    </ClInclude>
    <ClInclude Include="C:\Users\mateb\OneDrive\Desktop\Projekti\LLVM\llvm-project_17_0_1\llvm\include\llvm\CodeGen\MIRSampleProfile.h">
      <Filter>Header Files</Filter>
    </ClInclude>
    <ClInclude Include="C:\Users\mateb\OneDrive\Desktop\Projekti\LLVM\llvm-project_17_0_1\llvm\include\llvm\CodeGen\MIRYamlMapping.h">
      <Filter>Header Files</Filter>
    </ClInclude>
    <ClInclude Include="C:\Users\mateb\OneDrive\Desktop\Projekti\LLVM\llvm-project_17_0_1\llvm\include\llvm\CodeGen\MachORelocation.h">
      <Filter>Header Files</Filter>
    </ClInclude>
    <ClInclude Include="C:\Users\mateb\OneDrive\Desktop\Projekti\LLVM\llvm-project_17_0_1\llvm\include\llvm\CodeGen\MachineBasicBlock.h">
      <Filter>Header Files</Filter>
    </ClInclude>
    <ClInclude Include="C:\Users\mateb\OneDrive\Desktop\Projekti\LLVM\llvm-project_17_0_1\llvm\include\llvm\CodeGen\MachineBlockFrequencyInfo.h">
      <Filter>Header Files</Filter>
    </ClInclude>
    <ClInclude Include="C:\Users\mateb\OneDrive\Desktop\Projekti\LLVM\llvm-project_17_0_1\llvm\include\llvm\CodeGen\MachineBranchProbabilityInfo.h">
      <Filter>Header Files</Filter>
    </ClInclude>
    <ClInclude Include="C:\Users\mateb\OneDrive\Desktop\Projekti\LLVM\llvm-project_17_0_1\llvm\include\llvm\CodeGen\MachineCFGPrinter.h">
      <Filter>Header Files</Filter>
    </ClInclude>
    <ClInclude Include="C:\Users\mateb\OneDrive\Desktop\Projekti\LLVM\llvm-project_17_0_1\llvm\include\llvm\CodeGen\MachineCombinerPattern.h">
      <Filter>Header Files</Filter>
    </ClInclude>
    <ClInclude Include="C:\Users\mateb\OneDrive\Desktop\Projekti\LLVM\llvm-project_17_0_1\llvm\include\llvm\CodeGen\MachineConstantPool.h">
      <Filter>Header Files</Filter>
    </ClInclude>
    <ClInclude Include="C:\Users\mateb\OneDrive\Desktop\Projekti\LLVM\llvm-project_17_0_1\llvm\include\llvm\CodeGen\MachineCycleAnalysis.h">
      <Filter>Header Files</Filter>
    </ClInclude>
    <ClInclude Include="C:\Users\mateb\OneDrive\Desktop\Projekti\LLVM\llvm-project_17_0_1\llvm\include\llvm\CodeGen\MachineDominanceFrontier.h">
      <Filter>Header Files</Filter>
    </ClInclude>
    <ClInclude Include="C:\Users\mateb\OneDrive\Desktop\Projekti\LLVM\llvm-project_17_0_1\llvm\include\llvm\CodeGen\MachineDominators.h">
      <Filter>Header Files</Filter>
    </ClInclude>
    <ClInclude Include="C:\Users\mateb\OneDrive\Desktop\Projekti\LLVM\llvm-project_17_0_1\llvm\include\llvm\CodeGen\MachineFrameInfo.h">
      <Filter>Header Files</Filter>
    </ClInclude>
    <ClInclude Include="C:\Users\mateb\OneDrive\Desktop\Projekti\LLVM\llvm-project_17_0_1\llvm\include\llvm\CodeGen\MachineFunction.h">
      <Filter>Header Files</Filter>
    </ClInclude>
    <ClInclude Include="C:\Users\mateb\OneDrive\Desktop\Projekti\LLVM\llvm-project_17_0_1\llvm\include\llvm\CodeGen\MachineFunctionPass.h">
      <Filter>Header Files</Filter>
    </ClInclude>
    <ClInclude Include="C:\Users\mateb\OneDrive\Desktop\Projekti\LLVM\llvm-project_17_0_1\llvm\include\llvm\CodeGen\MachineInstr.h">
      <Filter>Header Files</Filter>
    </ClInclude>
    <ClInclude Include="C:\Users\mateb\OneDrive\Desktop\Projekti\LLVM\llvm-project_17_0_1\llvm\include\llvm\CodeGen\MachineInstrBuilder.h">
      <Filter>Header Files</Filter>
    </ClInclude>
    <ClInclude Include="C:\Users\mateb\OneDrive\Desktop\Projekti\LLVM\llvm-project_17_0_1\llvm\include\llvm\CodeGen\MachineInstrBundle.h">
      <Filter>Header Files</Filter>
    </ClInclude>
    <ClInclude Include="C:\Users\mateb\OneDrive\Desktop\Projekti\LLVM\llvm-project_17_0_1\llvm\include\llvm\CodeGen\MachineInstrBundleIterator.h">
      <Filter>Header Files</Filter>
    </ClInclude>
    <ClInclude Include="C:\Users\mateb\OneDrive\Desktop\Projekti\LLVM\llvm-project_17_0_1\llvm\include\llvm\CodeGen\MachineJumpTableInfo.h">
      <Filter>Header Files</Filter>
    </ClInclude>
    <ClInclude Include="C:\Users\mateb\OneDrive\Desktop\Projekti\LLVM\llvm-project_17_0_1\llvm\include\llvm\CodeGen\MachineLoopInfo.h">
      <Filter>Header Files</Filter>
    </ClInclude>
    <ClInclude Include="C:\Users\mateb\OneDrive\Desktop\Projekti\LLVM\llvm-project_17_0_1\llvm\include\llvm\CodeGen\MachineLoopUtils.h">
      <Filter>Header Files</Filter>
    </ClInclude>
    <ClInclude Include="C:\Users\mateb\OneDrive\Desktop\Projekti\LLVM\llvm-project_17_0_1\llvm\include\llvm\CodeGen\MachineMemOperand.h">
      <Filter>Header Files</Filter>
    </ClInclude>
    <ClInclude Include="C:\Users\mateb\OneDrive\Desktop\Projekti\LLVM\llvm-project_17_0_1\llvm\include\llvm\CodeGen\MachineModuleInfo.h">
      <Filter>Header Files</Filter>
    </ClInclude>
    <ClInclude Include="C:\Users\mateb\OneDrive\Desktop\Projekti\LLVM\llvm-project_17_0_1\llvm\include\llvm\CodeGen\MachineModuleInfoImpls.h">
      <Filter>Header Files</Filter>
    </ClInclude>
    <ClInclude Include="C:\Users\mateb\OneDrive\Desktop\Projekti\LLVM\llvm-project_17_0_1\llvm\include\llvm\CodeGen\MachineModuleSlotTracker.h">
      <Filter>Header Files</Filter>
    </ClInclude>
    <ClInclude Include="C:\Users\mateb\OneDrive\Desktop\Projekti\LLVM\llvm-project_17_0_1\llvm\include\llvm\CodeGen\MachineOperand.h">
      <Filter>Header Files</Filter>
    </ClInclude>
    <ClInclude Include="C:\Users\mateb\OneDrive\Desktop\Projekti\LLVM\llvm-project_17_0_1\llvm\include\llvm\CodeGen\MachineOptimizationRemarkEmitter.h">
      <Filter>Header Files</Filter>
    </ClInclude>
    <ClInclude Include="C:\Users\mateb\OneDrive\Desktop\Projekti\LLVM\llvm-project_17_0_1\llvm\include\llvm\CodeGen\MachineOutliner.h">
      <Filter>Header Files</Filter>
    </ClInclude>
    <ClInclude Include="C:\Users\mateb\OneDrive\Desktop\Projekti\LLVM\llvm-project_17_0_1\llvm\include\llvm\CodeGen\MachinePassManager.h">
      <Filter>Header Files</Filter>
    </ClInclude>
    <ClInclude Include="C:\Users\mateb\OneDrive\Desktop\Projekti\LLVM\llvm-project_17_0_1\llvm\include\llvm\CodeGen\MachinePassRegistry.h">
      <Filter>Header Files</Filter>
    </ClInclude>
    <ClInclude Include="C:\Users\mateb\OneDrive\Desktop\Projekti\LLVM\llvm-project_17_0_1\llvm\include\llvm\CodeGen\MachinePipeliner.h">
      <Filter>Header Files</Filter>
    </ClInclude>
    <ClInclude Include="C:\Users\mateb\OneDrive\Desktop\Projekti\LLVM\llvm-project_17_0_1\llvm\include\llvm\CodeGen\MachinePostDominators.h">
      <Filter>Header Files</Filter>
    </ClInclude>
    <ClInclude Include="C:\Users\mateb\OneDrive\Desktop\Projekti\LLVM\llvm-project_17_0_1\llvm\include\llvm\CodeGen\MachineRegionInfo.h">
      <Filter>Header Files</Filter>
    </ClInclude>
    <ClInclude Include="C:\Users\mateb\OneDrive\Desktop\Projekti\LLVM\llvm-project_17_0_1\llvm\include\llvm\CodeGen\MachineRegisterInfo.h">
      <Filter>Header Files</Filter>
    </ClInclude>
    <ClInclude Include="C:\Users\mateb\OneDrive\Desktop\Projekti\LLVM\llvm-project_17_0_1\llvm\include\llvm\CodeGen\MachineSSAContext.h">
      <Filter>Header Files</Filter>
    </ClInclude>
    <ClInclude Include="C:\Users\mateb\OneDrive\Desktop\Projekti\LLVM\llvm-project_17_0_1\llvm\include\llvm\CodeGen\MachineSSAUpdater.h">
      <Filter>Header Files</Filter>
    </ClInclude>
    <ClInclude Include="C:\Users\mateb\OneDrive\Desktop\Projekti\LLVM\llvm-project_17_0_1\llvm\include\llvm\CodeGen\MachineScheduler.h">
      <Filter>Header Files</Filter>
    </ClInclude>
    <ClInclude Include="C:\Users\mateb\OneDrive\Desktop\Projekti\LLVM\llvm-project_17_0_1\llvm\include\llvm\CodeGen\MachineSizeOpts.h">
      <Filter>Header Files</Filter>
    </ClInclude>
    <ClInclude Include="C:\Users\mateb\OneDrive\Desktop\Projekti\LLVM\llvm-project_17_0_1\llvm\include\llvm\CodeGen\MachineStableHash.h">
      <Filter>Header Files</Filter>
    </ClInclude>
    <ClInclude Include="C:\Users\mateb\OneDrive\Desktop\Projekti\LLVM\llvm-project_17_0_1\llvm\include\llvm\CodeGen\MachineTraceMetrics.h">
      <Filter>Header Files</Filter>
    </ClInclude>
    <ClInclude Include="C:\Users\mateb\OneDrive\Desktop\Projekti\LLVM\llvm-project_17_0_1\llvm\include\llvm\CodeGen\MachineUniformityAnalysis.h">
      <Filter>Header Files</Filter>
    </ClInclude>
    <ClInclude Include="C:\Users\mateb\OneDrive\Desktop\Projekti\LLVM\llvm-project_17_0_1\llvm\include\llvm\CodeGen\MachineValueType.h">
      <Filter>Header Files</Filter>
    </ClInclude>
    <ClInclude Include="C:\Users\mateb\OneDrive\Desktop\Projekti\LLVM\llvm-project_17_0_1\llvm\include\llvm\CodeGen\MacroFusion.h">
      <Filter>Header Files</Filter>
    </ClInclude>
    <ClInclude Include="C:\Users\mateb\OneDrive\Desktop\Projekti\LLVM\llvm-project_17_0_1\llvm\include\llvm\CodeGen\ModuloSchedule.h">
      <Filter>Header Files</Filter>
    </ClInclude>
    <ClInclude Include="C:\Users\mateb\OneDrive\Desktop\Projekti\LLVM\llvm-project_17_0_1\llvm\include\llvm\CodeGen\MultiHazardRecognizer.h">
      <Filter>Header Files</Filter>
    </ClInclude>
    <ClInclude Include="C:\Users\mateb\OneDrive\Desktop\Projekti\LLVM\llvm-project_17_0_1\llvm\include\llvm\CodeGen\NonRelocatableStringpool.h">
      <Filter>Header Files</Filter>
    </ClInclude>
    <ClInclude Include="C:\Users\mateb\OneDrive\Desktop\Projekti\LLVM\llvm-project_17_0_1\llvm\include\llvm\CodeGen\PBQPRAConstraint.h">
      <Filter>Header Files</Filter>
    </ClInclude>
    <ClInclude Include="C:\Users\mateb\OneDrive\Desktop\Projekti\LLVM\llvm-project_17_0_1\llvm\include\llvm\CodeGen\ParallelCG.h">
      <Filter>Header Files</Filter>
    </ClInclude>
    <ClInclude Include="C:\Users\mateb\OneDrive\Desktop\Projekti\LLVM\llvm-project_17_0_1\llvm\include\llvm\CodeGen\Passes.h">
      <Filter>Header Files</Filter>
    </ClInclude>
    <ClInclude Include="C:\Users\mateb\OneDrive\Desktop\Projekti\LLVM\llvm-project_17_0_1\llvm\include\llvm\CodeGen\PreISelIntrinsicLowering.h">
      <Filter>Header Files</Filter>
    </ClInclude>
    <ClInclude Include="C:\Users\mateb\OneDrive\Desktop\Projekti\LLVM\llvm-project_17_0_1\llvm\include\llvm\CodeGen\PseudoSourceValue.h">
      <Filter>Header Files</Filter>
    </ClInclude>
    <ClInclude Include="C:\Users\mateb\OneDrive\Desktop\Projekti\LLVM\llvm-project_17_0_1\llvm\include\llvm\CodeGen\RDFGraph.h">
      <Filter>Header Files</Filter>
    </ClInclude>
    <ClInclude Include="C:\Users\mateb\OneDrive\Desktop\Projekti\LLVM\llvm-project_17_0_1\llvm\include\llvm\CodeGen\RDFLiveness.h">
      <Filter>Header Files</Filter>
    </ClInclude>
    <ClInclude Include="C:\Users\mateb\OneDrive\Desktop\Projekti\LLVM\llvm-project_17_0_1\llvm\include\llvm\CodeGen\RDFRegisters.h">
      <Filter>Header Files</Filter>
    </ClInclude>
    <ClInclude Include="C:\Users\mateb\OneDrive\Desktop\Projekti\LLVM\llvm-project_17_0_1\llvm\include\llvm\CodeGen\ReachingDefAnalysis.h">
      <Filter>Header Files</Filter>
    </ClInclude>
    <ClInclude Include="C:\Users\mateb\OneDrive\Desktop\Projekti\LLVM\llvm-project_17_0_1\llvm\include\llvm\CodeGen\RegAllocCommon.h">
      <Filter>Header Files</Filter>
    </ClInclude>
    <ClInclude Include="C:\Users\mateb\OneDrive\Desktop\Projekti\LLVM\llvm-project_17_0_1\llvm\include\llvm\CodeGen\RegAllocPBQP.h">
      <Filter>Header Files</Filter>
    </ClInclude>
    <ClInclude Include="C:\Users\mateb\OneDrive\Desktop\Projekti\LLVM\llvm-project_17_0_1\llvm\include\llvm\CodeGen\RegAllocRegistry.h">
      <Filter>Header Files</Filter>
    </ClInclude>
    <ClInclude Include="C:\Users\mateb\OneDrive\Desktop\Projekti\LLVM\llvm-project_17_0_1\llvm\include\llvm\CodeGen\Register.h">
      <Filter>Header Files</Filter>
    </ClInclude>
    <ClInclude Include="C:\Users\mateb\OneDrive\Desktop\Projekti\LLVM\llvm-project_17_0_1\llvm\include\llvm\CodeGen\RegisterBank.h">
      <Filter>Header Files</Filter>
    </ClInclude>
    <ClInclude Include="C:\Users\mateb\OneDrive\Desktop\Projekti\LLVM\llvm-project_17_0_1\llvm\include\llvm\CodeGen\RegisterBankInfo.h">
      <Filter>Header Files</Filter>
    </ClInclude>
    <ClInclude Include="C:\Users\mateb\OneDrive\Desktop\Projekti\LLVM\llvm-project_17_0_1\llvm\include\llvm\CodeGen\RegisterClassInfo.h">
      <Filter>Header Files</Filter>
    </ClInclude>
    <ClInclude Include="C:\Users\mateb\OneDrive\Desktop\Projekti\LLVM\llvm-project_17_0_1\llvm\include\llvm\CodeGen\RegisterPressure.h">
      <Filter>Header Files</Filter>
    </ClInclude>
    <ClInclude Include="C:\Users\mateb\OneDrive\Desktop\Projekti\LLVM\llvm-project_17_0_1\llvm\include\llvm\CodeGen\RegisterScavenging.h">
      <Filter>Header Files</Filter>
    </ClInclude>
    <ClInclude Include="C:\Users\mateb\OneDrive\Desktop\Projekti\LLVM\llvm-project_17_0_1\llvm\include\llvm\CodeGen\RegisterUsageInfo.h">
      <Filter>Header Files</Filter>
    </ClInclude>
    <ClInclude Include="C:\Users\mateb\OneDrive\Desktop\Projekti\LLVM\llvm-project_17_0_1\llvm\include\llvm\CodeGen\ReplaceWithVeclib.h">
      <Filter>Header Files</Filter>
    </ClInclude>
    <ClInclude Include="C:\Users\mateb\OneDrive\Desktop\Projekti\LLVM\llvm-project_17_0_1\llvm\include\llvm\CodeGen\ResourcePriorityQueue.h">
      <Filter>Header Files</Filter>
    </ClInclude>
    <ClInclude Include="C:\Users\mateb\OneDrive\Desktop\Projekti\LLVM\llvm-project_17_0_1\llvm\include\llvm\CodeGen\RuntimeLibcalls.h">
      <Filter>Header Files</Filter>
    </ClInclude>
    <ClInclude Include="C:\Users\mateb\OneDrive\Desktop\Projekti\LLVM\llvm-project_17_0_1\llvm\include\llvm\CodeGen\ScheduleDAG.h">
      <Filter>Header Files</Filter>
    </ClInclude>
    <ClInclude Include="C:\Users\mateb\OneDrive\Desktop\Projekti\LLVM\llvm-project_17_0_1\llvm\include\llvm\CodeGen\ScheduleDAGInstrs.h">
      <Filter>Header Files</Filter>
    </ClInclude>
    <ClInclude Include="C:\Users\mateb\OneDrive\Desktop\Projekti\LLVM\llvm-project_17_0_1\llvm\include\llvm\CodeGen\ScheduleDAGMutation.h">
      <Filter>Header Files</Filter>
    </ClInclude>
    <ClInclude Include="C:\Users\mateb\OneDrive\Desktop\Projekti\LLVM\llvm-project_17_0_1\llvm\include\llvm\CodeGen\ScheduleDFS.h">
      <Filter>Header Files</Filter>
    </ClInclude>
    <ClInclude Include="C:\Users\mateb\OneDrive\Desktop\Projekti\LLVM\llvm-project_17_0_1\llvm\include\llvm\CodeGen\ScheduleHazardRecognizer.h">
      <Filter>Header Files</Filter>
    </ClInclude>
    <ClInclude Include="C:\Users\mateb\OneDrive\Desktop\Projekti\LLVM\llvm-project_17_0_1\llvm\include\llvm\CodeGen\SchedulerRegistry.h">
      <Filter>Header Files</Filter>
    </ClInclude>
    <ClInclude Include="C:\Users\mateb\OneDrive\Desktop\Projekti\LLVM\llvm-project_17_0_1\llvm\include\llvm\CodeGen\ScoreboardHazardRecognizer.h">
      <Filter>Header Files</Filter>
    </ClInclude>
    <ClInclude Include="C:\Users\mateb\OneDrive\Desktop\Projekti\LLVM\llvm-project_17_0_1\llvm\include\llvm\CodeGen\SelectionDAG.h">
      <Filter>Header Files</Filter>
    </ClInclude>
    <ClInclude Include="C:\Users\mateb\OneDrive\Desktop\Projekti\LLVM\llvm-project_17_0_1\llvm\include\llvm\CodeGen\SelectionDAGAddressAnalysis.h">
      <Filter>Header Files</Filter>
    </ClInclude>
    <ClInclude Include="C:\Users\mateb\OneDrive\Desktop\Projekti\LLVM\llvm-project_17_0_1\llvm\include\llvm\CodeGen\SelectionDAGISel.h">
      <Filter>Header Files</Filter>
    </ClInclude>
    <ClInclude Include="C:\Users\mateb\OneDrive\Desktop\Projekti\LLVM\llvm-project_17_0_1\llvm\include\llvm\CodeGen\SelectionDAGNodes.h">
      <Filter>Header Files</Filter>
    </ClInclude>
    <ClInclude Include="C:\Users\mateb\OneDrive\Desktop\Projekti\LLVM\llvm-project_17_0_1\llvm\include\llvm\CodeGen\SelectionDAGTargetInfo.h">
      <Filter>Header Files</Filter>
    </ClInclude>
    <ClInclude Include="C:\Users\mateb\OneDrive\Desktop\Projekti\LLVM\llvm-project_17_0_1\llvm\include\llvm\CodeGen\SlotIndexes.h">
      <Filter>Header Files</Filter>
    </ClInclude>
    <ClInclude Include="C:\Users\mateb\OneDrive\Desktop\Projekti\LLVM\llvm-project_17_0_1\llvm\include\llvm\CodeGen\Spiller.h">
      <Filter>Header Files</Filter>
    </ClInclude>
    <ClInclude Include="C:\Users\mateb\OneDrive\Desktop\Projekti\LLVM\llvm-project_17_0_1\llvm\include\llvm\CodeGen\StableHashing.h">
      <Filter>Header Files</Filter>
    </ClInclude>
    <ClInclude Include="C:\Users\mateb\OneDrive\Desktop\Projekti\LLVM\llvm-project_17_0_1\llvm\include\llvm\CodeGen\StackMaps.h">
      <Filter>Header Files</Filter>
    </ClInclude>
    <ClInclude Include="C:\Users\mateb\OneDrive\Desktop\Projekti\LLVM\llvm-project_17_0_1\llvm\include\llvm\CodeGen\StackProtector.h">
      <Filter>Header Files</Filter>
    </ClInclude>
    <ClInclude Include="C:\Users\mateb\OneDrive\Desktop\Projekti\LLVM\llvm-project_17_0_1\llvm\include\llvm\CodeGen\SwiftErrorValueTracking.h">
      <Filter>Header Files</Filter>
    </ClInclude>
    <ClInclude Include="C:\Users\mateb\OneDrive\Desktop\Projekti\LLVM\llvm-project_17_0_1\llvm\include\llvm\CodeGen\SwitchLoweringUtils.h">
      <Filter>Header Files</Filter>
    </ClInclude>
    <ClInclude Include="C:\Users\mateb\OneDrive\Desktop\Projekti\LLVM\llvm-project_17_0_1\llvm\include\llvm\CodeGen\TailDuplicator.h">
      <Filter>Header Files</Filter>
    </ClInclude>
    <ClInclude Include="C:\Users\mateb\OneDrive\Desktop\Projekti\LLVM\llvm-project_17_0_1\llvm\include\llvm\CodeGen\TargetCallingConv.h">
      <Filter>Header Files</Filter>
    </ClInclude>
    <ClInclude Include="C:\Users\mateb\OneDrive\Desktop\Projekti\LLVM\llvm-project_17_0_1\llvm\include\llvm\CodeGen\TargetFrameLowering.h">
      <Filter>Header Files</Filter>
    </ClInclude>
    <ClInclude Include="C:\Users\mateb\OneDrive\Desktop\Projekti\LLVM\llvm-project_17_0_1\llvm\include\llvm\CodeGen\TargetInstrInfo.h">
      <Filter>Header Files</Filter>
    </ClInclude>
    <ClInclude Include="C:\Users\mateb\OneDrive\Desktop\Projekti\LLVM\llvm-project_17_0_1\llvm\include\llvm\CodeGen\TargetLowering.h">
      <Filter>Header Files</Filter>
    </ClInclude>
    <ClInclude Include="C:\Users\mateb\OneDrive\Desktop\Projekti\LLVM\llvm-project_17_0_1\llvm\include\llvm\CodeGen\TargetLoweringObjectFileImpl.h">
      <Filter>Header Files</Filter>
    </ClInclude>
    <ClInclude Include="C:\Users\mateb\OneDrive\Desktop\Projekti\LLVM\llvm-project_17_0_1\llvm\include\llvm\CodeGen\TargetOpcodes.h">
      <Filter>Header Files</Filter>
    </ClInclude>
    <ClInclude Include="C:\Users\mateb\OneDrive\Desktop\Projekti\LLVM\llvm-project_17_0_1\llvm\include\llvm\CodeGen\TargetPassConfig.h">
      <Filter>Header Files</Filter>
    </ClInclude>
    <ClInclude Include="C:\Users\mateb\OneDrive\Desktop\Projekti\LLVM\llvm-project_17_0_1\llvm\include\llvm\CodeGen\TargetRegisterInfo.h">
      <Filter>Header Files</Filter>
    </ClInclude>
    <ClInclude Include="C:\Users\mateb\OneDrive\Desktop\Projekti\LLVM\llvm-project_17_0_1\llvm\include\llvm\CodeGen\TargetSchedule.h">
      <Filter>Header Files</Filter>
    </ClInclude>
    <ClInclude Include="C:\Users\mateb\OneDrive\Desktop\Projekti\LLVM\llvm-project_17_0_1\llvm\include\llvm\CodeGen\TargetSubtargetInfo.h">
      <Filter>Header Files</Filter>
    </ClInclude>
    <ClInclude Include="C:\Users\mateb\OneDrive\Desktop\Projekti\LLVM\llvm-project_17_0_1\llvm\include\llvm\CodeGen\TileShapeInfo.h">
      <Filter>Header Files</Filter>
    </ClInclude>
    <ClInclude Include="C:\Users\mateb\OneDrive\Desktop\Projekti\LLVM\llvm-project_17_0_1\llvm\include\llvm\CodeGen\TypePromotion.h">
      <Filter>Header Files</Filter>
    </ClInclude>
    <ClInclude Include="C:\Users\mateb\OneDrive\Desktop\Projekti\LLVM\llvm-project_17_0_1\llvm\include\llvm\CodeGen\UnreachableBlockElim.h">
      <Filter>Header Files</Filter>
    </ClInclude>
    <ClInclude Include="C:\Users\mateb\OneDrive\Desktop\Projekti\LLVM\llvm-project_17_0_1\llvm\include\llvm\CodeGen\VLIWMachineScheduler.h">
      <Filter>Header Files</Filter>
    </ClInclude>
    <ClInclude Include="C:\Users\mateb\OneDrive\Desktop\Projekti\LLVM\llvm-project_17_0_1\llvm\include\llvm\CodeGen\ValueTypes.h">
      <Filter>Header Files</Filter>
    </ClInclude>
    <ClInclude Include="C:\Users\mateb\OneDrive\Desktop\Projekti\LLVM\llvm-project_17_0_1\llvm\include\llvm\CodeGen\VirtRegMap.h">
      <Filter>Header Files</Filter>
    </ClInclude>
    <ClInclude Include="C:\Users\mateb\OneDrive\Desktop\Projekti\LLVM\llvm-project_17_0_1\llvm\include\llvm\CodeGen\WasmAddressSpaces.h">
      <Filter>Header Files</Filter>
    </ClInclude>
    <ClInclude Include="C:\Users\mateb\OneDrive\Desktop\Projekti\LLVM\llvm-project_17_0_1\llvm\include\llvm\CodeGen\WasmEHFuncInfo.h">
      <Filter>Header Files</Filter>
    </ClInclude>
    <ClInclude Include="C:\Users\mateb\OneDrive\Desktop\Projekti\LLVM\llvm-project_17_0_1\llvm\include\llvm\CodeGen\WinEHFuncInfo.h">
      <Filter>Header Files</Filter>
    </ClInclude>
    <ClInclude Include="C:\Users\mateb\OneDrive\Desktop\Projekti\LLVM\llvm-project_17_0_1\llvm\include\llvm\CodeGen\PBQP\CostAllocator.h">
      <Filter>Header Files</Filter>
    </ClInclude>
    <ClInclude Include="C:\Users\mateb\OneDrive\Desktop\Projekti\LLVM\llvm-project_17_0_1\llvm\include\llvm\CodeGen\PBQP\Graph.h">
      <Filter>Header Files</Filter>
    </ClInclude>
    <ClInclude Include="C:\Users\mateb\OneDrive\Desktop\Projekti\LLVM\llvm-project_17_0_1\llvm\include\llvm\CodeGen\PBQP\Math.h">
      <Filter>Header Files</Filter>
    </ClInclude>
    <ClInclude Include="C:\Users\mateb\OneDrive\Desktop\Projekti\LLVM\llvm-project_17_0_1\llvm\include\llvm\CodeGen\PBQP\ReductionRules.h">
      <Filter>Header Files</Filter>
    </ClInclude>
    <ClInclude Include="C:\Users\mateb\OneDrive\Desktop\Projekti\LLVM\llvm-project_17_0_1\llvm\include\llvm\CodeGen\PBQP\Solution.h">
      <Filter>Header Files</Filter>
    </ClInclude>
  </ItemGroup>
  <ItemGroup>
    <CustomBuild Include="C:\Users\mateb\OneDrive\Desktop\Projekti\LLVM\llvm-project_17_0_1\llvm\lib\CodeGen\CMakeLists.txt" />
  </ItemGroup>
  <ItemGroup>
    <Filter Include="Header Files">
      <UniqueIdentifier>{CD922F21-FB8F-3E95-AE48-993BE1C9A99B}</UniqueIdentifier>
    </Filter>
    <Filter Include="Source Files">
      <UniqueIdentifier>{75C1D2B9-8EE6-3ABC-97E2-62AE4BFF662F}</UniqueIdentifier>
    </Filter>
  </ItemGroup>
</Project>
