<?xml version="1.0" encoding="utf-8"?>
<Project ToolsVersion="17.0" xmlns="http://schemas.microsoft.com/developer/msbuild/2003">
  <ItemGroup>
    <ClCompile Include="C:\Users\mateb\OneDrive\Desktop\Projekti\LLVM\llvm-project_17_0_1\llvm\unittests\ExecutionEngine\Orc\CoreAPIsTest.cpp">
      <Filter>Source Files</Filter>
    </ClCompile>
    <ClCompile Include="C:\Users\mateb\OneDrive\Desktop\Projekti\LLVM\llvm-project_17_0_1\llvm\unittests\ExecutionEngine\Orc\ExecutorAddressTest.cpp">
      <Filter>Source Files</Filter>
    </ClCompile>
    <ClCompile Include="C:\Users\mateb\OneDrive\Desktop\Projekti\LLVM\llvm-project_17_0_1\llvm\unittests\ExecutionEngine\Orc\ExecutionSessionWrapperFunctionCallsTest.cpp">
      <Filter>Source Files</Filter>
    </ClCompile>
    <ClCompile Include="C:\Users\mateb\OneDrive\Desktop\Projekti\LLVM\llvm-project_17_0_1\llvm\unittests\ExecutionEngine\Orc\EPCGenericJITLinkMemoryManagerTest.cpp">
      <Filter>Source Files</Filter>
    </ClCompile>
    <ClCompile Include="C:\Users\mateb\OneDrive\Desktop\Projekti\LLVM\llvm-project_17_0_1\llvm\unittests\ExecutionEngine\Orc\EPCGenericMemoryAccessTest.cpp">
      <Filter>Source Files</Filter>
    </ClCompile>
    <ClCompile Include="C:\Users\mateb\OneDrive\Desktop\Projekti\LLVM\llvm-project_17_0_1\llvm\unittests\ExecutionEngine\Orc\IndirectionUtilsTest.cpp">
      <Filter>Source Files</Filter>
    </ClCompile>
    <ClCompile Include="C:\Users\mateb\OneDrive\Desktop\Projekti\LLVM\llvm-project_17_0_1\llvm\unittests\ExecutionEngine\Orc\JITTargetMachineBuilderTest.cpp">
      <Filter>Source Files</Filter>
    </ClCompile>
    <ClCompile Include="C:\Users\mateb\OneDrive\Desktop\Projekti\LLVM\llvm-project_17_0_1\llvm\unittests\ExecutionEngine\Orc\LazyCallThroughAndReexportsTest.cpp">
      <Filter>Source Files</Filter>
    </ClCompile>
    <ClCompile Include="C:\Users\mateb\OneDrive\Desktop\Projekti\LLVM\llvm-project_17_0_1\llvm\unittests\ExecutionEngine\Orc\LookupAndRecordAddrsTest.cpp">
      <Filter>Source Files</Filter>
    </ClCompile>
    <ClCompile Include="C:\Users\mateb\OneDrive\Desktop\Projekti\LLVM\llvm-project_17_0_1\llvm\unittests\ExecutionEngine\Orc\MapperJITLinkMemoryManagerTest.cpp">
      <Filter>Source Files</Filter>
    </ClCompile>
    <ClCompile Include="C:\Users\mateb\OneDrive\Desktop\Projekti\LLVM\llvm-project_17_0_1\llvm\unittests\ExecutionEngine\Orc\MemoryMapperTest.cpp">
      <Filter>Source Files</Filter>
    </ClCompile>
    <ClCompile Include="C:\Users\mateb\OneDrive\Desktop\Projekti\LLVM\llvm-project_17_0_1\llvm\unittests\ExecutionEngine\Orc\ObjectFormatsTest.cpp">
      <Filter>Source Files</Filter>
    </ClCompile>
    <ClCompile Include="C:\Users\mateb\OneDrive\Desktop\Projekti\LLVM\llvm-project_17_0_1\llvm\unittests\ExecutionEngine\Orc\ObjectLinkingLayerTest.cpp">
      <Filter>Source Files</Filter>
    </ClCompile>
    <ClCompile Include="C:\Users\mateb\OneDrive\Desktop\Projekti\LLVM\llvm-project_17_0_1\llvm\unittests\ExecutionEngine\Orc\OrcCAPITest.cpp">
      <Filter>Source Files</Filter>
    </ClCompile>
    <ClCompile Include="C:\Users\mateb\OneDrive\Desktop\Projekti\LLVM\llvm-project_17_0_1\llvm\unittests\ExecutionEngine\Orc\OrcTestCommon.cpp">
      <Filter>Source Files</Filter>
    </ClCompile>
    <ClCompile Include="C:\Users\mateb\OneDrive\Desktop\Projekti\LLVM\llvm-project_17_0_1\llvm\unittests\ExecutionEngine\Orc\ResourceTrackerTest.cpp">
      <Filter>Source Files</Filter>
    </ClCompile>
    <ClCompile Include="C:\Users\mateb\OneDrive\Desktop\Projekti\LLVM\llvm-project_17_0_1\llvm\unittests\ExecutionEngine\Orc\RTDyldObjectLinkingLayerTest.cpp">
      <Filter>Source Files</Filter>
    </ClCompile>
    <ClCompile Include="C:\Users\mateb\OneDrive\Desktop\Projekti\LLVM\llvm-project_17_0_1\llvm\unittests\ExecutionEngine\Orc\SharedMemoryMapperTest.cpp">
      <Filter>Source Files</Filter>
    </ClCompile>
    <ClCompile Include="C:\Users\mateb\OneDrive\Desktop\Projekti\LLVM\llvm-project_17_0_1\llvm\unittests\ExecutionEngine\Orc\SimpleExecutorMemoryManagerTest.cpp">
      <Filter>Source Files</Filter>
    </ClCompile>
    <ClCompile Include="C:\Users\mateb\OneDrive\Desktop\Projekti\LLVM\llvm-project_17_0_1\llvm\unittests\ExecutionEngine\Orc\SimplePackedSerializationTest.cpp">
      <Filter>Source Files</Filter>
    </ClCompile>
    <ClCompile Include="C:\Users\mateb\OneDrive\Desktop\Projekti\LLVM\llvm-project_17_0_1\llvm\unittests\ExecutionEngine\Orc\SymbolStringPoolTest.cpp">
      <Filter>Source Files</Filter>
    </ClCompile>
    <ClCompile Include="C:\Users\mateb\OneDrive\Desktop\Projekti\LLVM\llvm-project_17_0_1\llvm\unittests\ExecutionEngine\Orc\TaskDispatchTest.cpp">
      <Filter>Source Files</Filter>
    </ClCompile>
    <ClCompile Include="C:\Users\mateb\OneDrive\Desktop\Projekti\LLVM\llvm-project_17_0_1\llvm\unittests\ExecutionEngine\Orc\ThreadSafeModuleTest.cpp">
      <Filter>Source Files</Filter>
    </ClCompile>
    <ClCompile Include="C:\Users\mateb\OneDrive\Desktop\Projekti\LLVM\llvm-project_17_0_1\llvm\unittests\ExecutionEngine\Orc\WrapperFunctionUtilsTest.cpp">
      <Filter>Source Files</Filter>
    </ClCompile>
  </ItemGroup>
  <ItemGroup>
    <ClInclude Include="C:\Users\mateb\OneDrive\Desktop\Projekti\LLVM\llvm-project_17_0_1\llvm\unittests\ExecutionEngine\Orc\OrcTestCommon.h">
      <Filter>Header Files</Filter>
    </ClInclude>
  </ItemGroup>
  <ItemGroup>
    <CustomBuild Include="C:\Users\mateb\OneDrive\Desktop\Projekti\LLVM\llvm-project_17_0_1\llvm\unittests\ExecutionEngine\Orc\CMakeLists.txt" />
  </ItemGroup>
  <ItemGroup>
    <ResourceCompile Include="C:\Users\mateb\OneDrive\Desktop\Projekti\LLVM\llvm-project_17_0_1\llvm\resources\windows_version_resource.rc">
      <Filter>Resource Files</Filter>
    </ResourceCompile>
  </ItemGroup>
  <ItemGroup>
    <Filter Include="Header Files">
      <UniqueIdentifier>{CD922F21-FB8F-3E95-AE48-993BE1C9A99B}</UniqueIdentifier>
    </Filter>
    <Filter Include="Resource Files">
      <UniqueIdentifier>{6DE52E03-F783-3A2C-A909-23EB78C0BDBC}</UniqueIdentifier>
    </Filter>
    <Filter Include="Source Files">
      <UniqueIdentifier>{75C1D2B9-8EE6-3ABC-97E2-62AE4BFF662F}</UniqueIdentifier>
    </Filter>
  </ItemGroup>
</Project>
