<?xml version="1.0" encoding="utf-8"?>
<Project ToolsVersion="17.0" xmlns="http://schemas.microsoft.com/developer/msbuild/2003">
  <ItemGroup>
    <CustomBuild Include="C:\Users\mateb\OneDrive\Desktop\Projekti\LLVM\llvm_win64_17_0_1\CMakeFiles\4a2c8cab4700370c25fbdcfa27c44561\libllvm-c.exports.rule">
      <Filter>CMake Rules</Filter>
    </CustomBuild>
    <CustomBuild Include="C:\Users\mateb\OneDrive\Desktop\Projekti\LLVM\llvm_win64_17_0_1\CMakeFiles\20d7bb4012c77962c788c279e256eeda\LLVM-C.def.rule">
      <Filter>CMake Rules</Filter>
    </CustomBuild>
    <CustomBuild Include="C:\Users\mateb\OneDrive\Desktop\Projekti\LLVM\llvm_win64_17_0_1\CMakeFiles\37525e5fce673dd7364efc4552a0e064\LLVM-C_exports.rule">
      <Filter>CMake Rules</Filter>
    </CustomBuild>
    <CustomBuild Include="C:\Users\mateb\OneDrive\Desktop\Projekti\LLVM\llvm-project_17_0_1\llvm\tools\llvm-shlib\CMakeLists.txt" />
  </ItemGroup>
  <ItemGroup>
    <None Include="C:\Users\mateb\OneDrive\Desktop\Projekti\LLVM\llvm_win64_17_0_1\tools\llvm-shlib\CMakeFiles\LLVM-C_exports" />
  </ItemGroup>
  <ItemGroup>
    <Filter Include="CMake Rules">
      <UniqueIdentifier>{A35FBA69-A6F5-331E-AB82-302D67FE159C}</UniqueIdentifier>
    </Filter>
  </ItemGroup>
</Project>
