<?xml version="1.0" encoding="utf-8"?>
<Project ToolsVersion="17.0" xmlns="http://schemas.microsoft.com/developer/msbuild/2003">
  <ItemGroup>
    <CustomBuild Include="C:\Users\mateb\OneDrive\Desktop\Projekti\LLVM\llvm_win64_17_0_1\CMakeFiles\1af3c237fab05722642afe0171e4777c\WindresOpts.inc.rule">
      <Filter>CMake Rules</Filter>
    </CustomBuild>
    <CustomBuild Include="C:\Users\mateb\OneDrive\Desktop\Projekti\LLVM\llvm_win64_17_0_1\CMakeFiles\bbad1183a76f4387ce67fb5d6d09c0a0\WindresOptsTableGen.rule">
      <Filter>CMake Rules</Filter>
    </CustomBuild>
    <CustomBuild Include="C:\Users\mateb\OneDrive\Desktop\Projekti\LLVM\llvm-project_17_0_1\llvm\tools\llvm-rc\CMakeLists.txt" />
  </ItemGroup>
  <ItemGroup>
    <None Include="C:\Users\mateb\OneDrive\Desktop\Projekti\LLVM\llvm_win64_17_0_1\tools\llvm-rc\CMakeFiles\WindresOptsTableGen" />
  </ItemGroup>
  <ItemGroup>
    <Filter Include="CMake Rules">
      <UniqueIdentifier>{A35FBA69-A6F5-331E-AB82-302D67FE159C}</UniqueIdentifier>
    </Filter>
  </ItemGroup>
</Project>
