<?xml version="1.0" encoding="utf-8"?>
<Project ToolsVersion="17.0" xmlns="http://schemas.microsoft.com/developer/msbuild/2003">
  <ItemGroup>
    <CustomBuild Include="C:\Users\mateb\OneDrive\Desktop\Projekti\LLVM\llvm_win64_17_0_1\CMakeFiles\1e03910c2c8e48213d7c930f506576eb\Opts.inc.rule">
      <Filter>CMake Rules</Filter>
    </CustomBuild>
    <CustomBuild Include="C:\Users\mateb\OneDrive\Desktop\Projekti\LLVM\llvm_win64_17_0_1\CMakeFiles\17cf488cacca25f096ffc4c6b9a0f039\ReadobjOptsTableGen.rule">
      <Filter>CMake Rules</Filter>
    </CustomBuild>
    <CustomBuild Include="C:\Users\mateb\OneDrive\Desktop\Projekti\LLVM\llvm-project_17_0_1\llvm\tools\llvm-readobj\CMakeLists.txt" />
  </ItemGroup>
  <ItemGroup>
    <None Include="C:\Users\mateb\OneDrive\Desktop\Projekti\LLVM\llvm_win64_17_0_1\tools\llvm-readobj\CMakeFiles\ReadobjOptsTableGen" />
  </ItemGroup>
  <ItemGroup>
    <Filter Include="CMake Rules">
      <UniqueIdentifier>{A35FBA69-A6F5-331E-AB82-302D67FE159C}</UniqueIdentifier>
    </Filter>
  </ItemGroup>
</Project>
