<?xml version="1.0" encoding="utf-8"?>
<Project ToolsVersion="17.0" xmlns="http://schemas.microsoft.com/developer/msbuild/2003">
  <ItemGroup>
    <CustomBuild Include="C:\Users\mateb\OneDrive\Desktop\Projekti\LLVM\llvm_win64_17_0_1\CMakeFiles\a270335084b3596cc11017a2571cc9b3\Opts.inc.rule">
      <Filter>CMake Rules</Filter>
    </CustomBuild>
    <CustomBuild Include="C:\Users\mateb\OneDrive\Desktop\Projekti\LLVM\llvm_win64_17_0_1\CMakeFiles\a13c1d220a092cf718b5adf4b17971a5\OptsTestTableGen.rule">
      <Filter>CMake Rules</Filter>
    </CustomBuild>
    <CustomBuild Include="C:\Users\mateb\OneDrive\Desktop\Projekti\LLVM\llvm-project_17_0_1\llvm\unittests\Option\CMakeLists.txt" />
  </ItemGroup>
  <ItemGroup>
    <None Include="C:\Users\mateb\OneDrive\Desktop\Projekti\LLVM\llvm_win64_17_0_1\unittests\Option\CMakeFiles\OptsTestTableGen" />
  </ItemGroup>
  <ItemGroup>
    <Filter Include="CMake Rules">
      <UniqueIdentifier>{A35FBA69-A6F5-331E-AB82-302D67FE159C}</UniqueIdentifier>
    </Filter>
  </ItemGroup>
</Project>
