<?xml version="1.0" encoding="utf-8"?>
<Project ToolsVersion="17.0" xmlns="http://schemas.microsoft.com/developer/msbuild/2003">
  <ItemGroup>
    <ClCompile Include="C:\Users\mateb\OneDrive\Desktop\Projekti\LLVM\llvm-project_17_0_1\llvm\lib\Analysis\AliasAnalysis.cpp">
      <Filter>Source Files</Filter>
    </ClCompile>
    <ClCompile Include="C:\Users\mateb\OneDrive\Desktop\Projekti\LLVM\llvm-project_17_0_1\llvm\lib\Analysis\AliasAnalysisEvaluator.cpp">
      <Filter>Source Files</Filter>
    </ClCompile>
    <ClCompile Include="C:\Users\mateb\OneDrive\Desktop\Projekti\LLVM\llvm-project_17_0_1\llvm\lib\Analysis\AliasSetTracker.cpp">
      <Filter>Source Files</Filter>
    </ClCompile>
    <ClCompile Include="C:\Users\mateb\OneDrive\Desktop\Projekti\LLVM\llvm-project_17_0_1\llvm\lib\Analysis\Analysis.cpp">
      <Filter>Source Files</Filter>
    </ClCompile>
    <ClCompile Include="C:\Users\mateb\OneDrive\Desktop\Projekti\LLVM\llvm-project_17_0_1\llvm\lib\Analysis\AssumeBundleQueries.cpp">
      <Filter>Source Files</Filter>
    </ClCompile>
    <ClCompile Include="C:\Users\mateb\OneDrive\Desktop\Projekti\LLVM\llvm-project_17_0_1\llvm\lib\Analysis\AssumptionCache.cpp">
      <Filter>Source Files</Filter>
    </ClCompile>
    <ClCompile Include="C:\Users\mateb\OneDrive\Desktop\Projekti\LLVM\llvm-project_17_0_1\llvm\lib\Analysis\BasicAliasAnalysis.cpp">
      <Filter>Source Files</Filter>
    </ClCompile>
    <ClCompile Include="C:\Users\mateb\OneDrive\Desktop\Projekti\LLVM\llvm-project_17_0_1\llvm\lib\Analysis\BlockFrequencyInfo.cpp">
      <Filter>Source Files</Filter>
    </ClCompile>
    <ClCompile Include="C:\Users\mateb\OneDrive\Desktop\Projekti\LLVM\llvm-project_17_0_1\llvm\lib\Analysis\BlockFrequencyInfoImpl.cpp">
      <Filter>Source Files</Filter>
    </ClCompile>
    <ClCompile Include="C:\Users\mateb\OneDrive\Desktop\Projekti\LLVM\llvm-project_17_0_1\llvm\lib\Analysis\BranchProbabilityInfo.cpp">
      <Filter>Source Files</Filter>
    </ClCompile>
    <ClCompile Include="C:\Users\mateb\OneDrive\Desktop\Projekti\LLVM\llvm-project_17_0_1\llvm\lib\Analysis\CFG.cpp">
      <Filter>Source Files</Filter>
    </ClCompile>
    <ClCompile Include="C:\Users\mateb\OneDrive\Desktop\Projekti\LLVM\llvm-project_17_0_1\llvm\lib\Analysis\CFGPrinter.cpp">
      <Filter>Source Files</Filter>
    </ClCompile>
    <ClCompile Include="C:\Users\mateb\OneDrive\Desktop\Projekti\LLVM\llvm-project_17_0_1\llvm\lib\Analysis\CFGSCCPrinter.cpp">
      <Filter>Source Files</Filter>
    </ClCompile>
    <ClCompile Include="C:\Users\mateb\OneDrive\Desktop\Projekti\LLVM\llvm-project_17_0_1\llvm\lib\Analysis\CGSCCPassManager.cpp">
      <Filter>Source Files</Filter>
    </ClCompile>
    <ClCompile Include="C:\Users\mateb\OneDrive\Desktop\Projekti\LLVM\llvm-project_17_0_1\llvm\lib\Analysis\CallGraph.cpp">
      <Filter>Source Files</Filter>
    </ClCompile>
    <ClCompile Include="C:\Users\mateb\OneDrive\Desktop\Projekti\LLVM\llvm-project_17_0_1\llvm\lib\Analysis\CallGraphSCCPass.cpp">
      <Filter>Source Files</Filter>
    </ClCompile>
    <ClCompile Include="C:\Users\mateb\OneDrive\Desktop\Projekti\LLVM\llvm-project_17_0_1\llvm\lib\Analysis\CallPrinter.cpp">
      <Filter>Source Files</Filter>
    </ClCompile>
    <ClCompile Include="C:\Users\mateb\OneDrive\Desktop\Projekti\LLVM\llvm-project_17_0_1\llvm\lib\Analysis\CaptureTracking.cpp">
      <Filter>Source Files</Filter>
    </ClCompile>
    <ClCompile Include="C:\Users\mateb\OneDrive\Desktop\Projekti\LLVM\llvm-project_17_0_1\llvm\lib\Analysis\CmpInstAnalysis.cpp">
      <Filter>Source Files</Filter>
    </ClCompile>
    <ClCompile Include="C:\Users\mateb\OneDrive\Desktop\Projekti\LLVM\llvm-project_17_0_1\llvm\lib\Analysis\CostModel.cpp">
      <Filter>Source Files</Filter>
    </ClCompile>
    <ClCompile Include="C:\Users\mateb\OneDrive\Desktop\Projekti\LLVM\llvm-project_17_0_1\llvm\lib\Analysis\CodeMetrics.cpp">
      <Filter>Source Files</Filter>
    </ClCompile>
    <ClCompile Include="C:\Users\mateb\OneDrive\Desktop\Projekti\LLVM\llvm-project_17_0_1\llvm\lib\Analysis\ConstantFolding.cpp">
      <Filter>Source Files</Filter>
    </ClCompile>
    <ClCompile Include="C:\Users\mateb\OneDrive\Desktop\Projekti\LLVM\llvm-project_17_0_1\llvm\lib\Analysis\CycleAnalysis.cpp">
      <Filter>Source Files</Filter>
    </ClCompile>
    <ClCompile Include="C:\Users\mateb\OneDrive\Desktop\Projekti\LLVM\llvm-project_17_0_1\llvm\lib\Analysis\DDG.cpp">
      <Filter>Source Files</Filter>
    </ClCompile>
    <ClCompile Include="C:\Users\mateb\OneDrive\Desktop\Projekti\LLVM\llvm-project_17_0_1\llvm\lib\Analysis\DDGPrinter.cpp">
      <Filter>Source Files</Filter>
    </ClCompile>
    <ClCompile Include="C:\Users\mateb\OneDrive\Desktop\Projekti\LLVM\llvm-project_17_0_1\llvm\lib\Analysis\ConstraintSystem.cpp">
      <Filter>Source Files</Filter>
    </ClCompile>
    <ClCompile Include="C:\Users\mateb\OneDrive\Desktop\Projekti\LLVM\llvm-project_17_0_1\llvm\lib\Analysis\Delinearization.cpp">
      <Filter>Source Files</Filter>
    </ClCompile>
    <ClCompile Include="C:\Users\mateb\OneDrive\Desktop\Projekti\LLVM\llvm-project_17_0_1\llvm\lib\Analysis\DemandedBits.cpp">
      <Filter>Source Files</Filter>
    </ClCompile>
    <ClCompile Include="C:\Users\mateb\OneDrive\Desktop\Projekti\LLVM\llvm-project_17_0_1\llvm\lib\Analysis\DependenceAnalysis.cpp">
      <Filter>Source Files</Filter>
    </ClCompile>
    <ClCompile Include="C:\Users\mateb\OneDrive\Desktop\Projekti\LLVM\llvm-project_17_0_1\llvm\lib\Analysis\DependenceGraphBuilder.cpp">
      <Filter>Source Files</Filter>
    </ClCompile>
    <ClCompile Include="C:\Users\mateb\OneDrive\Desktop\Projekti\LLVM\llvm-project_17_0_1\llvm\lib\Analysis\DevelopmentModeInlineAdvisor.cpp">
      <Filter>Source Files</Filter>
    </ClCompile>
    <ClCompile Include="C:\Users\mateb\OneDrive\Desktop\Projekti\LLVM\llvm-project_17_0_1\llvm\lib\Analysis\DomPrinter.cpp">
      <Filter>Source Files</Filter>
    </ClCompile>
    <ClCompile Include="C:\Users\mateb\OneDrive\Desktop\Projekti\LLVM\llvm-project_17_0_1\llvm\lib\Analysis\DomTreeUpdater.cpp">
      <Filter>Source Files</Filter>
    </ClCompile>
    <ClCompile Include="C:\Users\mateb\OneDrive\Desktop\Projekti\LLVM\llvm-project_17_0_1\llvm\lib\Analysis\DominanceFrontier.cpp">
      <Filter>Source Files</Filter>
    </ClCompile>
    <ClCompile Include="C:\Users\mateb\OneDrive\Desktop\Projekti\LLVM\llvm-project_17_0_1\llvm\lib\Analysis\FunctionPropertiesAnalysis.cpp">
      <Filter>Source Files</Filter>
    </ClCompile>
    <ClCompile Include="C:\Users\mateb\OneDrive\Desktop\Projekti\LLVM\llvm-project_17_0_1\llvm\lib\Analysis\GlobalsModRef.cpp">
      <Filter>Source Files</Filter>
    </ClCompile>
    <ClCompile Include="C:\Users\mateb\OneDrive\Desktop\Projekti\LLVM\llvm-project_17_0_1\llvm\lib\Analysis\GuardUtils.cpp">
      <Filter>Source Files</Filter>
    </ClCompile>
    <ClCompile Include="C:\Users\mateb\OneDrive\Desktop\Projekti\LLVM\llvm-project_17_0_1\llvm\lib\Analysis\HeatUtils.cpp">
      <Filter>Source Files</Filter>
    </ClCompile>
    <ClCompile Include="C:\Users\mateb\OneDrive\Desktop\Projekti\LLVM\llvm-project_17_0_1\llvm\lib\Analysis\IRSimilarityIdentifier.cpp">
      <Filter>Source Files</Filter>
    </ClCompile>
    <ClCompile Include="C:\Users\mateb\OneDrive\Desktop\Projekti\LLVM\llvm-project_17_0_1\llvm\lib\Analysis\IVDescriptors.cpp">
      <Filter>Source Files</Filter>
    </ClCompile>
    <ClCompile Include="C:\Users\mateb\OneDrive\Desktop\Projekti\LLVM\llvm-project_17_0_1\llvm\lib\Analysis\IVUsers.cpp">
      <Filter>Source Files</Filter>
    </ClCompile>
    <ClCompile Include="C:\Users\mateb\OneDrive\Desktop\Projekti\LLVM\llvm-project_17_0_1\llvm\lib\Analysis\ImportedFunctionsInliningStatistics.cpp">
      <Filter>Source Files</Filter>
    </ClCompile>
    <ClCompile Include="C:\Users\mateb\OneDrive\Desktop\Projekti\LLVM\llvm-project_17_0_1\llvm\lib\Analysis\IndirectCallPromotionAnalysis.cpp">
      <Filter>Source Files</Filter>
    </ClCompile>
    <ClCompile Include="C:\Users\mateb\OneDrive\Desktop\Projekti\LLVM\llvm-project_17_0_1\llvm\lib\Analysis\InlineCost.cpp">
      <Filter>Source Files</Filter>
    </ClCompile>
    <ClCompile Include="C:\Users\mateb\OneDrive\Desktop\Projekti\LLVM\llvm-project_17_0_1\llvm\lib\Analysis\InlineAdvisor.cpp">
      <Filter>Source Files</Filter>
    </ClCompile>
    <ClCompile Include="C:\Users\mateb\OneDrive\Desktop\Projekti\LLVM\llvm-project_17_0_1\llvm\lib\Analysis\InlineOrder.cpp">
      <Filter>Source Files</Filter>
    </ClCompile>
    <ClCompile Include="C:\Users\mateb\OneDrive\Desktop\Projekti\LLVM\llvm-project_17_0_1\llvm\lib\Analysis\InlineSizeEstimatorAnalysis.cpp">
      <Filter>Source Files</Filter>
    </ClCompile>
    <ClCompile Include="C:\Users\mateb\OneDrive\Desktop\Projekti\LLVM\llvm-project_17_0_1\llvm\lib\Analysis\InstCount.cpp">
      <Filter>Source Files</Filter>
    </ClCompile>
    <ClCompile Include="C:\Users\mateb\OneDrive\Desktop\Projekti\LLVM\llvm-project_17_0_1\llvm\lib\Analysis\InstructionPrecedenceTracking.cpp">
      <Filter>Source Files</Filter>
    </ClCompile>
    <ClCompile Include="C:\Users\mateb\OneDrive\Desktop\Projekti\LLVM\llvm-project_17_0_1\llvm\lib\Analysis\InstructionSimplify.cpp">
      <Filter>Source Files</Filter>
    </ClCompile>
    <ClCompile Include="C:\Users\mateb\OneDrive\Desktop\Projekti\LLVM\llvm-project_17_0_1\llvm\lib\Analysis\InteractiveModelRunner.cpp">
      <Filter>Source Files</Filter>
    </ClCompile>
    <ClCompile Include="C:\Users\mateb\OneDrive\Desktop\Projekti\LLVM\llvm-project_17_0_1\llvm\lib\Analysis\Interval.cpp">
      <Filter>Source Files</Filter>
    </ClCompile>
    <ClCompile Include="C:\Users\mateb\OneDrive\Desktop\Projekti\LLVM\llvm-project_17_0_1\llvm\lib\Analysis\IntervalPartition.cpp">
      <Filter>Source Files</Filter>
    </ClCompile>
    <ClCompile Include="C:\Users\mateb\OneDrive\Desktop\Projekti\LLVM\llvm-project_17_0_1\llvm\lib\Analysis\LazyBranchProbabilityInfo.cpp">
      <Filter>Source Files</Filter>
    </ClCompile>
    <ClCompile Include="C:\Users\mateb\OneDrive\Desktop\Projekti\LLVM\llvm-project_17_0_1\llvm\lib\Analysis\LazyBlockFrequencyInfo.cpp">
      <Filter>Source Files</Filter>
    </ClCompile>
    <ClCompile Include="C:\Users\mateb\OneDrive\Desktop\Projekti\LLVM\llvm-project_17_0_1\llvm\lib\Analysis\LazyCallGraph.cpp">
      <Filter>Source Files</Filter>
    </ClCompile>
    <ClCompile Include="C:\Users\mateb\OneDrive\Desktop\Projekti\LLVM\llvm-project_17_0_1\llvm\lib\Analysis\LazyValueInfo.cpp">
      <Filter>Source Files</Filter>
    </ClCompile>
    <ClCompile Include="C:\Users\mateb\OneDrive\Desktop\Projekti\LLVM\llvm-project_17_0_1\llvm\lib\Analysis\Lint.cpp">
      <Filter>Source Files</Filter>
    </ClCompile>
    <ClCompile Include="C:\Users\mateb\OneDrive\Desktop\Projekti\LLVM\llvm-project_17_0_1\llvm\lib\Analysis\Loads.cpp">
      <Filter>Source Files</Filter>
    </ClCompile>
    <ClCompile Include="C:\Users\mateb\OneDrive\Desktop\Projekti\LLVM\llvm-project_17_0_1\llvm\lib\Analysis\Local.cpp">
      <Filter>Source Files</Filter>
    </ClCompile>
    <ClCompile Include="C:\Users\mateb\OneDrive\Desktop\Projekti\LLVM\llvm-project_17_0_1\llvm\lib\Analysis\LoopAccessAnalysis.cpp">
      <Filter>Source Files</Filter>
    </ClCompile>
    <ClCompile Include="C:\Users\mateb\OneDrive\Desktop\Projekti\LLVM\llvm-project_17_0_1\llvm\lib\Analysis\LoopAnalysisManager.cpp">
      <Filter>Source Files</Filter>
    </ClCompile>
    <ClCompile Include="C:\Users\mateb\OneDrive\Desktop\Projekti\LLVM\llvm-project_17_0_1\llvm\lib\Analysis\LoopCacheAnalysis.cpp">
      <Filter>Source Files</Filter>
    </ClCompile>
    <ClCompile Include="C:\Users\mateb\OneDrive\Desktop\Projekti\LLVM\llvm-project_17_0_1\llvm\lib\Analysis\LoopNestAnalysis.cpp">
      <Filter>Source Files</Filter>
    </ClCompile>
    <ClCompile Include="C:\Users\mateb\OneDrive\Desktop\Projekti\LLVM\llvm-project_17_0_1\llvm\lib\Analysis\LoopUnrollAnalyzer.cpp">
      <Filter>Source Files</Filter>
    </ClCompile>
    <ClCompile Include="C:\Users\mateb\OneDrive\Desktop\Projekti\LLVM\llvm-project_17_0_1\llvm\lib\Analysis\LoopInfo.cpp">
      <Filter>Source Files</Filter>
    </ClCompile>
    <ClCompile Include="C:\Users\mateb\OneDrive\Desktop\Projekti\LLVM\llvm-project_17_0_1\llvm\lib\Analysis\LoopPass.cpp">
      <Filter>Source Files</Filter>
    </ClCompile>
    <ClCompile Include="C:\Users\mateb\OneDrive\Desktop\Projekti\LLVM\llvm-project_17_0_1\llvm\lib\Analysis\MLInlineAdvisor.cpp">
      <Filter>Source Files</Filter>
    </ClCompile>
    <ClCompile Include="C:\Users\mateb\OneDrive\Desktop\Projekti\LLVM\llvm-project_17_0_1\llvm\lib\Analysis\MemDerefPrinter.cpp">
      <Filter>Source Files</Filter>
    </ClCompile>
    <ClCompile Include="C:\Users\mateb\OneDrive\Desktop\Projekti\LLVM\llvm-project_17_0_1\llvm\lib\Analysis\MemoryBuiltins.cpp">
      <Filter>Source Files</Filter>
    </ClCompile>
    <ClCompile Include="C:\Users\mateb\OneDrive\Desktop\Projekti\LLVM\llvm-project_17_0_1\llvm\lib\Analysis\MemoryDependenceAnalysis.cpp">
      <Filter>Source Files</Filter>
    </ClCompile>
    <ClCompile Include="C:\Users\mateb\OneDrive\Desktop\Projekti\LLVM\llvm-project_17_0_1\llvm\lib\Analysis\MemoryLocation.cpp">
      <Filter>Source Files</Filter>
    </ClCompile>
    <ClCompile Include="C:\Users\mateb\OneDrive\Desktop\Projekti\LLVM\llvm-project_17_0_1\llvm\lib\Analysis\MemoryProfileInfo.cpp">
      <Filter>Source Files</Filter>
    </ClCompile>
    <ClCompile Include="C:\Users\mateb\OneDrive\Desktop\Projekti\LLVM\llvm-project_17_0_1\llvm\lib\Analysis\MemorySSA.cpp">
      <Filter>Source Files</Filter>
    </ClCompile>
    <ClCompile Include="C:\Users\mateb\OneDrive\Desktop\Projekti\LLVM\llvm-project_17_0_1\llvm\lib\Analysis\MemorySSAUpdater.cpp">
      <Filter>Source Files</Filter>
    </ClCompile>
    <ClCompile Include="C:\Users\mateb\OneDrive\Desktop\Projekti\LLVM\llvm-project_17_0_1\llvm\lib\Analysis\ModelUnderTrainingRunner.cpp">
      <Filter>Source Files</Filter>
    </ClCompile>
    <ClCompile Include="C:\Users\mateb\OneDrive\Desktop\Projekti\LLVM\llvm-project_17_0_1\llvm\lib\Analysis\ModuleDebugInfoPrinter.cpp">
      <Filter>Source Files</Filter>
    </ClCompile>
    <ClCompile Include="C:\Users\mateb\OneDrive\Desktop\Projekti\LLVM\llvm-project_17_0_1\llvm\lib\Analysis\ModuleSummaryAnalysis.cpp">
      <Filter>Source Files</Filter>
    </ClCompile>
    <ClCompile Include="C:\Users\mateb\OneDrive\Desktop\Projekti\LLVM\llvm-project_17_0_1\llvm\lib\Analysis\MustExecute.cpp">
      <Filter>Source Files</Filter>
    </ClCompile>
    <ClCompile Include="C:\Users\mateb\OneDrive\Desktop\Projekti\LLVM\llvm-project_17_0_1\llvm\lib\Analysis\NoInferenceModelRunner.cpp">
      <Filter>Source Files</Filter>
    </ClCompile>
    <ClCompile Include="C:\Users\mateb\OneDrive\Desktop\Projekti\LLVM\llvm-project_17_0_1\llvm\lib\Analysis\ObjCARCAliasAnalysis.cpp">
      <Filter>Source Files</Filter>
    </ClCompile>
    <ClCompile Include="C:\Users\mateb\OneDrive\Desktop\Projekti\LLVM\llvm-project_17_0_1\llvm\lib\Analysis\ObjCARCAnalysisUtils.cpp">
      <Filter>Source Files</Filter>
    </ClCompile>
    <ClCompile Include="C:\Users\mateb\OneDrive\Desktop\Projekti\LLVM\llvm-project_17_0_1\llvm\lib\Analysis\ObjCARCInstKind.cpp">
      <Filter>Source Files</Filter>
    </ClCompile>
    <ClCompile Include="C:\Users\mateb\OneDrive\Desktop\Projekti\LLVM\llvm-project_17_0_1\llvm\lib\Analysis\OptimizationRemarkEmitter.cpp">
      <Filter>Source Files</Filter>
    </ClCompile>
    <ClCompile Include="C:\Users\mateb\OneDrive\Desktop\Projekti\LLVM\llvm-project_17_0_1\llvm\lib\Analysis\OverflowInstAnalysis.cpp">
      <Filter>Source Files</Filter>
    </ClCompile>
    <ClCompile Include="C:\Users\mateb\OneDrive\Desktop\Projekti\LLVM\llvm-project_17_0_1\llvm\lib\Analysis\PHITransAddr.cpp">
      <Filter>Source Files</Filter>
    </ClCompile>
    <ClCompile Include="C:\Users\mateb\OneDrive\Desktop\Projekti\LLVM\llvm-project_17_0_1\llvm\lib\Analysis\PhiValues.cpp">
      <Filter>Source Files</Filter>
    </ClCompile>
    <ClCompile Include="C:\Users\mateb\OneDrive\Desktop\Projekti\LLVM\llvm-project_17_0_1\llvm\lib\Analysis\PostDominators.cpp">
      <Filter>Source Files</Filter>
    </ClCompile>
    <ClCompile Include="C:\Users\mateb\OneDrive\Desktop\Projekti\LLVM\llvm-project_17_0_1\llvm\lib\Analysis\ProfileSummaryInfo.cpp">
      <Filter>Source Files</Filter>
    </ClCompile>
    <ClCompile Include="C:\Users\mateb\OneDrive\Desktop\Projekti\LLVM\llvm-project_17_0_1\llvm\lib\Analysis\PtrUseVisitor.cpp">
      <Filter>Source Files</Filter>
    </ClCompile>
    <ClCompile Include="C:\Users\mateb\OneDrive\Desktop\Projekti\LLVM\llvm-project_17_0_1\llvm\lib\Analysis\RegionInfo.cpp">
      <Filter>Source Files</Filter>
    </ClCompile>
    <ClCompile Include="C:\Users\mateb\OneDrive\Desktop\Projekti\LLVM\llvm-project_17_0_1\llvm\lib\Analysis\RegionPass.cpp">
      <Filter>Source Files</Filter>
    </ClCompile>
    <ClCompile Include="C:\Users\mateb\OneDrive\Desktop\Projekti\LLVM\llvm-project_17_0_1\llvm\lib\Analysis\RegionPrinter.cpp">
      <Filter>Source Files</Filter>
    </ClCompile>
    <ClCompile Include="C:\Users\mateb\OneDrive\Desktop\Projekti\LLVM\llvm-project_17_0_1\llvm\lib\Analysis\ReplayInlineAdvisor.cpp">
      <Filter>Source Files</Filter>
    </ClCompile>
    <ClCompile Include="C:\Users\mateb\OneDrive\Desktop\Projekti\LLVM\llvm-project_17_0_1\llvm\lib\Analysis\ScalarEvolution.cpp">
      <Filter>Source Files</Filter>
    </ClCompile>
    <ClCompile Include="C:\Users\mateb\OneDrive\Desktop\Projekti\LLVM\llvm-project_17_0_1\llvm\lib\Analysis\ScalarEvolutionAliasAnalysis.cpp">
      <Filter>Source Files</Filter>
    </ClCompile>
    <ClCompile Include="C:\Users\mateb\OneDrive\Desktop\Projekti\LLVM\llvm-project_17_0_1\llvm\lib\Analysis\ScalarEvolutionDivision.cpp">
      <Filter>Source Files</Filter>
    </ClCompile>
    <ClCompile Include="C:\Users\mateb\OneDrive\Desktop\Projekti\LLVM\llvm-project_17_0_1\llvm\lib\Analysis\ScalarEvolutionNormalization.cpp">
      <Filter>Source Files</Filter>
    </ClCompile>
    <ClCompile Include="C:\Users\mateb\OneDrive\Desktop\Projekti\LLVM\llvm-project_17_0_1\llvm\lib\Analysis\StackLifetime.cpp">
      <Filter>Source Files</Filter>
    </ClCompile>
    <ClCompile Include="C:\Users\mateb\OneDrive\Desktop\Projekti\LLVM\llvm-project_17_0_1\llvm\lib\Analysis\StackSafetyAnalysis.cpp">
      <Filter>Source Files</Filter>
    </ClCompile>
    <ClCompile Include="C:\Users\mateb\OneDrive\Desktop\Projekti\LLVM\llvm-project_17_0_1\llvm\lib\Analysis\SyntheticCountsUtils.cpp">
      <Filter>Source Files</Filter>
    </ClCompile>
    <ClCompile Include="C:\Users\mateb\OneDrive\Desktop\Projekti\LLVM\llvm-project_17_0_1\llvm\lib\Analysis\TFLiteUtils.cpp">
      <Filter>Source Files</Filter>
    </ClCompile>
    <ClCompile Include="C:\Users\mateb\OneDrive\Desktop\Projekti\LLVM\llvm-project_17_0_1\llvm\lib\Analysis\TargetLibraryInfo.cpp">
      <Filter>Source Files</Filter>
    </ClCompile>
    <ClCompile Include="C:\Users\mateb\OneDrive\Desktop\Projekti\LLVM\llvm-project_17_0_1\llvm\lib\Analysis\TargetTransformInfo.cpp">
      <Filter>Source Files</Filter>
    </ClCompile>
    <ClCompile Include="C:\Users\mateb\OneDrive\Desktop\Projekti\LLVM\llvm-project_17_0_1\llvm\lib\Analysis\TensorSpec.cpp">
      <Filter>Source Files</Filter>
    </ClCompile>
    <ClCompile Include="C:\Users\mateb\OneDrive\Desktop\Projekti\LLVM\llvm-project_17_0_1\llvm\lib\Analysis\Trace.cpp">
      <Filter>Source Files</Filter>
    </ClCompile>
    <ClCompile Include="C:\Users\mateb\OneDrive\Desktop\Projekti\LLVM\llvm-project_17_0_1\llvm\lib\Analysis\TrainingLogger.cpp">
      <Filter>Source Files</Filter>
    </ClCompile>
    <ClCompile Include="C:\Users\mateb\OneDrive\Desktop\Projekti\LLVM\llvm-project_17_0_1\llvm\lib\Analysis\TypeBasedAliasAnalysis.cpp">
      <Filter>Source Files</Filter>
    </ClCompile>
    <ClCompile Include="C:\Users\mateb\OneDrive\Desktop\Projekti\LLVM\llvm-project_17_0_1\llvm\lib\Analysis\TypeMetadataUtils.cpp">
      <Filter>Source Files</Filter>
    </ClCompile>
    <ClCompile Include="C:\Users\mateb\OneDrive\Desktop\Projekti\LLVM\llvm-project_17_0_1\llvm\lib\Analysis\UniformityAnalysis.cpp">
      <Filter>Source Files</Filter>
    </ClCompile>
    <ClCompile Include="C:\Users\mateb\OneDrive\Desktop\Projekti\LLVM\llvm-project_17_0_1\llvm\lib\Analysis\ScopedNoAliasAA.cpp">
      <Filter>Source Files</Filter>
    </ClCompile>
    <ClCompile Include="C:\Users\mateb\OneDrive\Desktop\Projekti\LLVM\llvm-project_17_0_1\llvm\lib\Analysis\ValueLattice.cpp">
      <Filter>Source Files</Filter>
    </ClCompile>
    <ClCompile Include="C:\Users\mateb\OneDrive\Desktop\Projekti\LLVM\llvm-project_17_0_1\llvm\lib\Analysis\ValueLatticeUtils.cpp">
      <Filter>Source Files</Filter>
    </ClCompile>
    <ClCompile Include="C:\Users\mateb\OneDrive\Desktop\Projekti\LLVM\llvm-project_17_0_1\llvm\lib\Analysis\ValueTracking.cpp">
      <Filter>Source Files</Filter>
    </ClCompile>
    <ClCompile Include="C:\Users\mateb\OneDrive\Desktop\Projekti\LLVM\llvm-project_17_0_1\llvm\lib\Analysis\VectorUtils.cpp">
      <Filter>Source Files</Filter>
    </ClCompile>
    <ClCompile Include="C:\Users\mateb\OneDrive\Desktop\Projekti\LLVM\llvm-project_17_0_1\llvm\lib\Analysis\VFABIDemangling.cpp">
      <Filter>Source Files</Filter>
    </ClCompile>
  </ItemGroup>
  <ItemGroup>
    <ClInclude Include="C:\Users\mateb\OneDrive\Desktop\Projekti\LLVM\llvm-project_17_0_1\llvm\include\llvm\Analysis\AliasAnalysis.h">
      <Filter>Header Files</Filter>
    </ClInclude>
    <ClInclude Include="C:\Users\mateb\OneDrive\Desktop\Projekti\LLVM\llvm-project_17_0_1\llvm\include\llvm\Analysis\AliasAnalysisEvaluator.h">
      <Filter>Header Files</Filter>
    </ClInclude>
    <ClInclude Include="C:\Users\mateb\OneDrive\Desktop\Projekti\LLVM\llvm-project_17_0_1\llvm\include\llvm\Analysis\AliasSetTracker.h">
      <Filter>Header Files</Filter>
    </ClInclude>
    <ClInclude Include="C:\Users\mateb\OneDrive\Desktop\Projekti\LLVM\llvm-project_17_0_1\llvm\include\llvm\Analysis\AssumeBundleQueries.h">
      <Filter>Header Files</Filter>
    </ClInclude>
    <ClInclude Include="C:\Users\mateb\OneDrive\Desktop\Projekti\LLVM\llvm-project_17_0_1\llvm\include\llvm\Analysis\AssumptionCache.h">
      <Filter>Header Files</Filter>
    </ClInclude>
    <ClInclude Include="C:\Users\mateb\OneDrive\Desktop\Projekti\LLVM\llvm-project_17_0_1\llvm\include\llvm\Analysis\BasicAliasAnalysis.h">
      <Filter>Header Files</Filter>
    </ClInclude>
    <ClInclude Include="C:\Users\mateb\OneDrive\Desktop\Projekti\LLVM\llvm-project_17_0_1\llvm\include\llvm\Analysis\BlockFrequencyInfo.h">
      <Filter>Header Files</Filter>
    </ClInclude>
    <ClInclude Include="C:\Users\mateb\OneDrive\Desktop\Projekti\LLVM\llvm-project_17_0_1\llvm\include\llvm\Analysis\BlockFrequencyInfoImpl.h">
      <Filter>Header Files</Filter>
    </ClInclude>
    <ClInclude Include="C:\Users\mateb\OneDrive\Desktop\Projekti\LLVM\llvm-project_17_0_1\llvm\include\llvm\Analysis\BranchProbabilityInfo.h">
      <Filter>Header Files</Filter>
    </ClInclude>
    <ClInclude Include="C:\Users\mateb\OneDrive\Desktop\Projekti\LLVM\llvm-project_17_0_1\llvm\include\llvm\Analysis\CFG.h">
      <Filter>Header Files</Filter>
    </ClInclude>
    <ClInclude Include="C:\Users\mateb\OneDrive\Desktop\Projekti\LLVM\llvm-project_17_0_1\llvm\include\llvm\Analysis\CFGPrinter.h">
      <Filter>Header Files</Filter>
    </ClInclude>
    <ClInclude Include="C:\Users\mateb\OneDrive\Desktop\Projekti\LLVM\llvm-project_17_0_1\llvm\include\llvm\Analysis\CFGSCCPrinter.h">
      <Filter>Header Files</Filter>
    </ClInclude>
    <ClInclude Include="C:\Users\mateb\OneDrive\Desktop\Projekti\LLVM\llvm-project_17_0_1\llvm\include\llvm\Analysis\CGSCCPassManager.h">
      <Filter>Header Files</Filter>
    </ClInclude>
    <ClInclude Include="C:\Users\mateb\OneDrive\Desktop\Projekti\LLVM\llvm-project_17_0_1\llvm\include\llvm\Analysis\CallGraph.h">
      <Filter>Header Files</Filter>
    </ClInclude>
    <ClInclude Include="C:\Users\mateb\OneDrive\Desktop\Projekti\LLVM\llvm-project_17_0_1\llvm\include\llvm\Analysis\CallGraphSCCPass.h">
      <Filter>Header Files</Filter>
    </ClInclude>
    <ClInclude Include="C:\Users\mateb\OneDrive\Desktop\Projekti\LLVM\llvm-project_17_0_1\llvm\include\llvm\Analysis\CallPrinter.h">
      <Filter>Header Files</Filter>
    </ClInclude>
    <ClInclude Include="C:\Users\mateb\OneDrive\Desktop\Projekti\LLVM\llvm-project_17_0_1\llvm\include\llvm\Analysis\CaptureTracking.h">
      <Filter>Header Files</Filter>
    </ClInclude>
    <ClInclude Include="C:\Users\mateb\OneDrive\Desktop\Projekti\LLVM\llvm-project_17_0_1\llvm\include\llvm\Analysis\CmpInstAnalysis.h">
      <Filter>Header Files</Filter>
    </ClInclude>
    <ClInclude Include="C:\Users\mateb\OneDrive\Desktop\Projekti\LLVM\llvm-project_17_0_1\llvm\include\llvm\Analysis\CodeMetrics.h">
      <Filter>Header Files</Filter>
    </ClInclude>
    <ClInclude Include="C:\Users\mateb\OneDrive\Desktop\Projekti\LLVM\llvm-project_17_0_1\llvm\include\llvm\Analysis\ConstantFolding.h">
      <Filter>Header Files</Filter>
    </ClInclude>
    <ClInclude Include="C:\Users\mateb\OneDrive\Desktop\Projekti\LLVM\llvm-project_17_0_1\llvm\include\llvm\Analysis\ConstraintSystem.h">
      <Filter>Header Files</Filter>
    </ClInclude>
    <ClInclude Include="C:\Users\mateb\OneDrive\Desktop\Projekti\LLVM\llvm-project_17_0_1\llvm\include\llvm\Analysis\CostModel.h">
      <Filter>Header Files</Filter>
    </ClInclude>
    <ClInclude Include="C:\Users\mateb\OneDrive\Desktop\Projekti\LLVM\llvm-project_17_0_1\llvm\include\llvm\Analysis\CycleAnalysis.h">
      <Filter>Header Files</Filter>
    </ClInclude>
    <ClInclude Include="C:\Users\mateb\OneDrive\Desktop\Projekti\LLVM\llvm-project_17_0_1\llvm\include\llvm\Analysis\DDG.h">
      <Filter>Header Files</Filter>
    </ClInclude>
    <ClInclude Include="C:\Users\mateb\OneDrive\Desktop\Projekti\LLVM\llvm-project_17_0_1\llvm\include\llvm\Analysis\DDGPrinter.h">
      <Filter>Header Files</Filter>
    </ClInclude>
    <ClInclude Include="C:\Users\mateb\OneDrive\Desktop\Projekti\LLVM\llvm-project_17_0_1\llvm\include\llvm\Analysis\DOTGraphTraitsPass.h">
      <Filter>Header Files</Filter>
    </ClInclude>
    <ClInclude Include="C:\Users\mateb\OneDrive\Desktop\Projekti\LLVM\llvm-project_17_0_1\llvm\include\llvm\Analysis\Delinearization.h">
      <Filter>Header Files</Filter>
    </ClInclude>
    <ClInclude Include="C:\Users\mateb\OneDrive\Desktop\Projekti\LLVM\llvm-project_17_0_1\llvm\include\llvm\Analysis\DemandedBits.h">
      <Filter>Header Files</Filter>
    </ClInclude>
    <ClInclude Include="C:\Users\mateb\OneDrive\Desktop\Projekti\LLVM\llvm-project_17_0_1\llvm\include\llvm\Analysis\DependenceAnalysis.h">
      <Filter>Header Files</Filter>
    </ClInclude>
    <ClInclude Include="C:\Users\mateb\OneDrive\Desktop\Projekti\LLVM\llvm-project_17_0_1\llvm\include\llvm\Analysis\DependenceGraphBuilder.h">
      <Filter>Header Files</Filter>
    </ClInclude>
    <ClInclude Include="C:\Users\mateb\OneDrive\Desktop\Projekti\LLVM\llvm-project_17_0_1\llvm\include\llvm\Analysis\DomPrinter.h">
      <Filter>Header Files</Filter>
    </ClInclude>
    <ClInclude Include="C:\Users\mateb\OneDrive\Desktop\Projekti\LLVM\llvm-project_17_0_1\llvm\include\llvm\Analysis\DomTreeUpdater.h">
      <Filter>Header Files</Filter>
    </ClInclude>
    <ClInclude Include="C:\Users\mateb\OneDrive\Desktop\Projekti\LLVM\llvm-project_17_0_1\llvm\include\llvm\Analysis\DominanceFrontier.h">
      <Filter>Header Files</Filter>
    </ClInclude>
    <ClInclude Include="C:\Users\mateb\OneDrive\Desktop\Projekti\LLVM\llvm-project_17_0_1\llvm\include\llvm\Analysis\DominanceFrontierImpl.h">
      <Filter>Header Files</Filter>
    </ClInclude>
    <ClInclude Include="C:\Users\mateb\OneDrive\Desktop\Projekti\LLVM\llvm-project_17_0_1\llvm\include\llvm\Analysis\EHUtils.h">
      <Filter>Header Files</Filter>
    </ClInclude>
    <ClInclude Include="C:\Users\mateb\OneDrive\Desktop\Projekti\LLVM\llvm-project_17_0_1\llvm\include\llvm\Analysis\FunctionPropertiesAnalysis.h">
      <Filter>Header Files</Filter>
    </ClInclude>
    <ClInclude Include="C:\Users\mateb\OneDrive\Desktop\Projekti\LLVM\llvm-project_17_0_1\llvm\include\llvm\Analysis\GlobalsModRef.h">
      <Filter>Header Files</Filter>
    </ClInclude>
    <ClInclude Include="C:\Users\mateb\OneDrive\Desktop\Projekti\LLVM\llvm-project_17_0_1\llvm\include\llvm\Analysis\GuardUtils.h">
      <Filter>Header Files</Filter>
    </ClInclude>
    <ClInclude Include="C:\Users\mateb\OneDrive\Desktop\Projekti\LLVM\llvm-project_17_0_1\llvm\include\llvm\Analysis\HeatUtils.h">
      <Filter>Header Files</Filter>
    </ClInclude>
    <ClInclude Include="C:\Users\mateb\OneDrive\Desktop\Projekti\LLVM\llvm-project_17_0_1\llvm\include\llvm\Analysis\IRSimilarityIdentifier.h">
      <Filter>Header Files</Filter>
    </ClInclude>
    <ClInclude Include="C:\Users\mateb\OneDrive\Desktop\Projekti\LLVM\llvm-project_17_0_1\llvm\include\llvm\Analysis\IVDescriptors.h">
      <Filter>Header Files</Filter>
    </ClInclude>
    <ClInclude Include="C:\Users\mateb\OneDrive\Desktop\Projekti\LLVM\llvm-project_17_0_1\llvm\include\llvm\Analysis\IVUsers.h">
      <Filter>Header Files</Filter>
    </ClInclude>
    <ClInclude Include="C:\Users\mateb\OneDrive\Desktop\Projekti\LLVM\llvm-project_17_0_1\llvm\include\llvm\Analysis\IndirectCallPromotionAnalysis.h">
      <Filter>Header Files</Filter>
    </ClInclude>
    <ClInclude Include="C:\Users\mateb\OneDrive\Desktop\Projekti\LLVM\llvm-project_17_0_1\llvm\include\llvm\Analysis\IndirectCallVisitor.h">
      <Filter>Header Files</Filter>
    </ClInclude>
    <ClInclude Include="C:\Users\mateb\OneDrive\Desktop\Projekti\LLVM\llvm-project_17_0_1\llvm\include\llvm\Analysis\InlineAdvisor.h">
      <Filter>Header Files</Filter>
    </ClInclude>
    <ClInclude Include="C:\Users\mateb\OneDrive\Desktop\Projekti\LLVM\llvm-project_17_0_1\llvm\include\llvm\Analysis\InlineCost.h">
      <Filter>Header Files</Filter>
    </ClInclude>
    <ClInclude Include="C:\Users\mateb\OneDrive\Desktop\Projekti\LLVM\llvm-project_17_0_1\llvm\include\llvm\Analysis\InlineModelFeatureMaps.h">
      <Filter>Header Files</Filter>
    </ClInclude>
    <ClInclude Include="C:\Users\mateb\OneDrive\Desktop\Projekti\LLVM\llvm-project_17_0_1\llvm\include\llvm\Analysis\InlineOrder.h">
      <Filter>Header Files</Filter>
    </ClInclude>
    <ClInclude Include="C:\Users\mateb\OneDrive\Desktop\Projekti\LLVM\llvm-project_17_0_1\llvm\include\llvm\Analysis\InlineSizeEstimatorAnalysis.h">
      <Filter>Header Files</Filter>
    </ClInclude>
    <ClInclude Include="C:\Users\mateb\OneDrive\Desktop\Projekti\LLVM\llvm-project_17_0_1\llvm\include\llvm\Analysis\InstCount.h">
      <Filter>Header Files</Filter>
    </ClInclude>
    <ClInclude Include="C:\Users\mateb\OneDrive\Desktop\Projekti\LLVM\llvm-project_17_0_1\llvm\include\llvm\Analysis\InstSimplifyFolder.h">
      <Filter>Header Files</Filter>
    </ClInclude>
    <ClInclude Include="C:\Users\mateb\OneDrive\Desktop\Projekti\LLVM\llvm-project_17_0_1\llvm\include\llvm\Analysis\InstructionPrecedenceTracking.h">
      <Filter>Header Files</Filter>
    </ClInclude>
    <ClInclude Include="C:\Users\mateb\OneDrive\Desktop\Projekti\LLVM\llvm-project_17_0_1\llvm\include\llvm\Analysis\InstructionSimplify.h">
      <Filter>Header Files</Filter>
    </ClInclude>
    <ClInclude Include="C:\Users\mateb\OneDrive\Desktop\Projekti\LLVM\llvm-project_17_0_1\llvm\include\llvm\Analysis\InteractiveModelRunner.h">
      <Filter>Header Files</Filter>
    </ClInclude>
    <ClInclude Include="C:\Users\mateb\OneDrive\Desktop\Projekti\LLVM\llvm-project_17_0_1\llvm\include\llvm\Analysis\Interval.h">
      <Filter>Header Files</Filter>
    </ClInclude>
    <ClInclude Include="C:\Users\mateb\OneDrive\Desktop\Projekti\LLVM\llvm-project_17_0_1\llvm\include\llvm\Analysis\IntervalIterator.h">
      <Filter>Header Files</Filter>
    </ClInclude>
    <ClInclude Include="C:\Users\mateb\OneDrive\Desktop\Projekti\LLVM\llvm-project_17_0_1\llvm\include\llvm\Analysis\IntervalPartition.h">
      <Filter>Header Files</Filter>
    </ClInclude>
    <ClInclude Include="C:\Users\mateb\OneDrive\Desktop\Projekti\LLVM\llvm-project_17_0_1\llvm\include\llvm\Analysis\IteratedDominanceFrontier.h">
      <Filter>Header Files</Filter>
    </ClInclude>
    <ClInclude Include="C:\Users\mateb\OneDrive\Desktop\Projekti\LLVM\llvm-project_17_0_1\llvm\include\llvm\Analysis\LazyBlockFrequencyInfo.h">
      <Filter>Header Files</Filter>
    </ClInclude>
    <ClInclude Include="C:\Users\mateb\OneDrive\Desktop\Projekti\LLVM\llvm-project_17_0_1\llvm\include\llvm\Analysis\LazyBranchProbabilityInfo.h">
      <Filter>Header Files</Filter>
    </ClInclude>
    <ClInclude Include="C:\Users\mateb\OneDrive\Desktop\Projekti\LLVM\llvm-project_17_0_1\llvm\include\llvm\Analysis\LazyCallGraph.h">
      <Filter>Header Files</Filter>
    </ClInclude>
    <ClInclude Include="C:\Users\mateb\OneDrive\Desktop\Projekti\LLVM\llvm-project_17_0_1\llvm\include\llvm\Analysis\LazyValueInfo.h">
      <Filter>Header Files</Filter>
    </ClInclude>
    <ClInclude Include="C:\Users\mateb\OneDrive\Desktop\Projekti\LLVM\llvm-project_17_0_1\llvm\include\llvm\Analysis\Lint.h">
      <Filter>Header Files</Filter>
    </ClInclude>
    <ClInclude Include="C:\Users\mateb\OneDrive\Desktop\Projekti\LLVM\llvm-project_17_0_1\llvm\include\llvm\Analysis\Loads.h">
      <Filter>Header Files</Filter>
    </ClInclude>
    <ClInclude Include="C:\Users\mateb\OneDrive\Desktop\Projekti\LLVM\llvm-project_17_0_1\llvm\include\llvm\Analysis\LoopAccessAnalysis.h">
      <Filter>Header Files</Filter>
    </ClInclude>
    <ClInclude Include="C:\Users\mateb\OneDrive\Desktop\Projekti\LLVM\llvm-project_17_0_1\llvm\include\llvm\Analysis\LoopAnalysisManager.h">
      <Filter>Header Files</Filter>
    </ClInclude>
    <ClInclude Include="C:\Users\mateb\OneDrive\Desktop\Projekti\LLVM\llvm-project_17_0_1\llvm\include\llvm\Analysis\LoopCacheAnalysis.h">
      <Filter>Header Files</Filter>
    </ClInclude>
    <ClInclude Include="C:\Users\mateb\OneDrive\Desktop\Projekti\LLVM\llvm-project_17_0_1\llvm\include\llvm\Analysis\LoopInfo.h">
      <Filter>Header Files</Filter>
    </ClInclude>
    <ClInclude Include="C:\Users\mateb\OneDrive\Desktop\Projekti\LLVM\llvm-project_17_0_1\llvm\include\llvm\Analysis\LoopIterator.h">
      <Filter>Header Files</Filter>
    </ClInclude>
    <ClInclude Include="C:\Users\mateb\OneDrive\Desktop\Projekti\LLVM\llvm-project_17_0_1\llvm\include\llvm\Analysis\LoopNestAnalysis.h">
      <Filter>Header Files</Filter>
    </ClInclude>
    <ClInclude Include="C:\Users\mateb\OneDrive\Desktop\Projekti\LLVM\llvm-project_17_0_1\llvm\include\llvm\Analysis\LoopPass.h">
      <Filter>Header Files</Filter>
    </ClInclude>
    <ClInclude Include="C:\Users\mateb\OneDrive\Desktop\Projekti\LLVM\llvm-project_17_0_1\llvm\include\llvm\Analysis\LoopUnrollAnalyzer.h">
      <Filter>Header Files</Filter>
    </ClInclude>
    <ClInclude Include="C:\Users\mateb\OneDrive\Desktop\Projekti\LLVM\llvm-project_17_0_1\llvm\include\llvm\Analysis\MLInlineAdvisor.h">
      <Filter>Header Files</Filter>
    </ClInclude>
    <ClInclude Include="C:\Users\mateb\OneDrive\Desktop\Projekti\LLVM\llvm-project_17_0_1\llvm\include\llvm\Analysis\MLModelRunner.h">
      <Filter>Header Files</Filter>
    </ClInclude>
    <ClInclude Include="C:\Users\mateb\OneDrive\Desktop\Projekti\LLVM\llvm-project_17_0_1\llvm\include\llvm\Analysis\MemDerefPrinter.h">
      <Filter>Header Files</Filter>
    </ClInclude>
    <ClInclude Include="C:\Users\mateb\OneDrive\Desktop\Projekti\LLVM\llvm-project_17_0_1\llvm\include\llvm\Analysis\MemoryBuiltins.h">
      <Filter>Header Files</Filter>
    </ClInclude>
    <ClInclude Include="C:\Users\mateb\OneDrive\Desktop\Projekti\LLVM\llvm-project_17_0_1\llvm\include\llvm\Analysis\MemoryDependenceAnalysis.h">
      <Filter>Header Files</Filter>
    </ClInclude>
    <ClInclude Include="C:\Users\mateb\OneDrive\Desktop\Projekti\LLVM\llvm-project_17_0_1\llvm\include\llvm\Analysis\MemoryLocation.h">
      <Filter>Header Files</Filter>
    </ClInclude>
    <ClInclude Include="C:\Users\mateb\OneDrive\Desktop\Projekti\LLVM\llvm-project_17_0_1\llvm\include\llvm\Analysis\MemoryProfileInfo.h">
      <Filter>Header Files</Filter>
    </ClInclude>
    <ClInclude Include="C:\Users\mateb\OneDrive\Desktop\Projekti\LLVM\llvm-project_17_0_1\llvm\include\llvm\Analysis\MemorySSA.h">
      <Filter>Header Files</Filter>
    </ClInclude>
    <ClInclude Include="C:\Users\mateb\OneDrive\Desktop\Projekti\LLVM\llvm-project_17_0_1\llvm\include\llvm\Analysis\MemorySSAUpdater.h">
      <Filter>Header Files</Filter>
    </ClInclude>
    <ClInclude Include="C:\Users\mateb\OneDrive\Desktop\Projekti\LLVM\llvm-project_17_0_1\llvm\include\llvm\Analysis\ModelUnderTrainingRunner.h">
      <Filter>Header Files</Filter>
    </ClInclude>
    <ClInclude Include="C:\Users\mateb\OneDrive\Desktop\Projekti\LLVM\llvm-project_17_0_1\llvm\include\llvm\Analysis\ModuleDebugInfoPrinter.h">
      <Filter>Header Files</Filter>
    </ClInclude>
    <ClInclude Include="C:\Users\mateb\OneDrive\Desktop\Projekti\LLVM\llvm-project_17_0_1\llvm\include\llvm\Analysis\ModuleSummaryAnalysis.h">
      <Filter>Header Files</Filter>
    </ClInclude>
    <ClInclude Include="C:\Users\mateb\OneDrive\Desktop\Projekti\LLVM\llvm-project_17_0_1\llvm\include\llvm\Analysis\MustExecute.h">
      <Filter>Header Files</Filter>
    </ClInclude>
    <ClInclude Include="C:\Users\mateb\OneDrive\Desktop\Projekti\LLVM\llvm-project_17_0_1\llvm\include\llvm\Analysis\NoInferenceModelRunner.h">
      <Filter>Header Files</Filter>
    </ClInclude>
    <ClInclude Include="C:\Users\mateb\OneDrive\Desktop\Projekti\LLVM\llvm-project_17_0_1\llvm\include\llvm\Analysis\ObjCARCAliasAnalysis.h">
      <Filter>Header Files</Filter>
    </ClInclude>
    <ClInclude Include="C:\Users\mateb\OneDrive\Desktop\Projekti\LLVM\llvm-project_17_0_1\llvm\include\llvm\Analysis\ObjCARCAnalysisUtils.h">
      <Filter>Header Files</Filter>
    </ClInclude>
    <ClInclude Include="C:\Users\mateb\OneDrive\Desktop\Projekti\LLVM\llvm-project_17_0_1\llvm\include\llvm\Analysis\ObjCARCInstKind.h">
      <Filter>Header Files</Filter>
    </ClInclude>
    <ClInclude Include="C:\Users\mateb\OneDrive\Desktop\Projekti\LLVM\llvm-project_17_0_1\llvm\include\llvm\Analysis\ObjCARCUtil.h">
      <Filter>Header Files</Filter>
    </ClInclude>
    <ClInclude Include="C:\Users\mateb\OneDrive\Desktop\Projekti\LLVM\llvm-project_17_0_1\llvm\include\llvm\Analysis\OptimizationRemarkEmitter.h">
      <Filter>Header Files</Filter>
    </ClInclude>
    <ClInclude Include="C:\Users\mateb\OneDrive\Desktop\Projekti\LLVM\llvm-project_17_0_1\llvm\include\llvm\Analysis\OverflowInstAnalysis.h">
      <Filter>Header Files</Filter>
    </ClInclude>
    <ClInclude Include="C:\Users\mateb\OneDrive\Desktop\Projekti\LLVM\llvm-project_17_0_1\llvm\include\llvm\Analysis\PHITransAddr.h">
      <Filter>Header Files</Filter>
    </ClInclude>
    <ClInclude Include="C:\Users\mateb\OneDrive\Desktop\Projekti\LLVM\llvm-project_17_0_1\llvm\include\llvm\Analysis\Passes.h">
      <Filter>Header Files</Filter>
    </ClInclude>
    <ClInclude Include="C:\Users\mateb\OneDrive\Desktop\Projekti\LLVM\llvm-project_17_0_1\llvm\include\llvm\Analysis\PhiValues.h">
      <Filter>Header Files</Filter>
    </ClInclude>
    <ClInclude Include="C:\Users\mateb\OneDrive\Desktop\Projekti\LLVM\llvm-project_17_0_1\llvm\include\llvm\Analysis\PostDominators.h">
      <Filter>Header Files</Filter>
    </ClInclude>
    <ClInclude Include="C:\Users\mateb\OneDrive\Desktop\Projekti\LLVM\llvm-project_17_0_1\llvm\include\llvm\Analysis\ProfileSummaryInfo.h">
      <Filter>Header Files</Filter>
    </ClInclude>
    <ClInclude Include="C:\Users\mateb\OneDrive\Desktop\Projekti\LLVM\llvm-project_17_0_1\llvm\include\llvm\Analysis\PtrUseVisitor.h">
      <Filter>Header Files</Filter>
    </ClInclude>
    <ClInclude Include="C:\Users\mateb\OneDrive\Desktop\Projekti\LLVM\llvm-project_17_0_1\llvm\include\llvm\Analysis\RegionInfo.h">
      <Filter>Header Files</Filter>
    </ClInclude>
    <ClInclude Include="C:\Users\mateb\OneDrive\Desktop\Projekti\LLVM\llvm-project_17_0_1\llvm\include\llvm\Analysis\RegionInfoImpl.h">
      <Filter>Header Files</Filter>
    </ClInclude>
    <ClInclude Include="C:\Users\mateb\OneDrive\Desktop\Projekti\LLVM\llvm-project_17_0_1\llvm\include\llvm\Analysis\RegionIterator.h">
      <Filter>Header Files</Filter>
    </ClInclude>
    <ClInclude Include="C:\Users\mateb\OneDrive\Desktop\Projekti\LLVM\llvm-project_17_0_1\llvm\include\llvm\Analysis\RegionPass.h">
      <Filter>Header Files</Filter>
    </ClInclude>
    <ClInclude Include="C:\Users\mateb\OneDrive\Desktop\Projekti\LLVM\llvm-project_17_0_1\llvm\include\llvm\Analysis\RegionPrinter.h">
      <Filter>Header Files</Filter>
    </ClInclude>
    <ClInclude Include="C:\Users\mateb\OneDrive\Desktop\Projekti\LLVM\llvm-project_17_0_1\llvm\include\llvm\Analysis\ReleaseModeModelRunner.h">
      <Filter>Header Files</Filter>
    </ClInclude>
    <ClInclude Include="C:\Users\mateb\OneDrive\Desktop\Projekti\LLVM\llvm-project_17_0_1\llvm\include\llvm\Analysis\ReplayInlineAdvisor.h">
      <Filter>Header Files</Filter>
    </ClInclude>
    <ClInclude Include="C:\Users\mateb\OneDrive\Desktop\Projekti\LLVM\llvm-project_17_0_1\llvm\include\llvm\Analysis\ScalarEvolution.h">
      <Filter>Header Files</Filter>
    </ClInclude>
    <ClInclude Include="C:\Users\mateb\OneDrive\Desktop\Projekti\LLVM\llvm-project_17_0_1\llvm\include\llvm\Analysis\ScalarEvolutionAliasAnalysis.h">
      <Filter>Header Files</Filter>
    </ClInclude>
    <ClInclude Include="C:\Users\mateb\OneDrive\Desktop\Projekti\LLVM\llvm-project_17_0_1\llvm\include\llvm\Analysis\ScalarEvolutionDivision.h">
      <Filter>Header Files</Filter>
    </ClInclude>
    <ClInclude Include="C:\Users\mateb\OneDrive\Desktop\Projekti\LLVM\llvm-project_17_0_1\llvm\include\llvm\Analysis\ScalarEvolutionExpressions.h">
      <Filter>Header Files</Filter>
    </ClInclude>
    <ClInclude Include="C:\Users\mateb\OneDrive\Desktop\Projekti\LLVM\llvm-project_17_0_1\llvm\include\llvm\Analysis\ScalarEvolutionNormalization.h">
      <Filter>Header Files</Filter>
    </ClInclude>
    <ClInclude Include="C:\Users\mateb\OneDrive\Desktop\Projekti\LLVM\llvm-project_17_0_1\llvm\include\llvm\Analysis\ScopedNoAliasAA.h">
      <Filter>Header Files</Filter>
    </ClInclude>
    <ClInclude Include="C:\Users\mateb\OneDrive\Desktop\Projekti\LLVM\llvm-project_17_0_1\llvm\include\llvm\Analysis\SparsePropagation.h">
      <Filter>Header Files</Filter>
    </ClInclude>
    <ClInclude Include="C:\Users\mateb\OneDrive\Desktop\Projekti\LLVM\llvm-project_17_0_1\llvm\include\llvm\Analysis\StackLifetime.h">
      <Filter>Header Files</Filter>
    </ClInclude>
    <ClInclude Include="C:\Users\mateb\OneDrive\Desktop\Projekti\LLVM\llvm-project_17_0_1\llvm\include\llvm\Analysis\StackSafetyAnalysis.h">
      <Filter>Header Files</Filter>
    </ClInclude>
    <ClInclude Include="C:\Users\mateb\OneDrive\Desktop\Projekti\LLVM\llvm-project_17_0_1\llvm\include\llvm\Analysis\SyntheticCountsUtils.h">
      <Filter>Header Files</Filter>
    </ClInclude>
    <ClInclude Include="C:\Users\mateb\OneDrive\Desktop\Projekti\LLVM\llvm-project_17_0_1\llvm\include\llvm\Analysis\TargetFolder.h">
      <Filter>Header Files</Filter>
    </ClInclude>
    <ClInclude Include="C:\Users\mateb\OneDrive\Desktop\Projekti\LLVM\llvm-project_17_0_1\llvm\include\llvm\Analysis\TargetLibraryInfo.h">
      <Filter>Header Files</Filter>
    </ClInclude>
    <ClInclude Include="C:\Users\mateb\OneDrive\Desktop\Projekti\LLVM\llvm-project_17_0_1\llvm\include\llvm\Analysis\TargetTransformInfo.h">
      <Filter>Header Files</Filter>
    </ClInclude>
    <ClInclude Include="C:\Users\mateb\OneDrive\Desktop\Projekti\LLVM\llvm-project_17_0_1\llvm\include\llvm\Analysis\TargetTransformInfoImpl.h">
      <Filter>Header Files</Filter>
    </ClInclude>
    <ClInclude Include="C:\Users\mateb\OneDrive\Desktop\Projekti\LLVM\llvm-project_17_0_1\llvm\include\llvm\Analysis\TensorSpec.h">
      <Filter>Header Files</Filter>
    </ClInclude>
    <ClInclude Include="C:\Users\mateb\OneDrive\Desktop\Projekti\LLVM\llvm-project_17_0_1\llvm\include\llvm\Analysis\Trace.h">
      <Filter>Header Files</Filter>
    </ClInclude>
    <ClInclude Include="C:\Users\mateb\OneDrive\Desktop\Projekti\LLVM\llvm-project_17_0_1\llvm\include\llvm\Analysis\TypeBasedAliasAnalysis.h">
      <Filter>Header Files</Filter>
    </ClInclude>
    <ClInclude Include="C:\Users\mateb\OneDrive\Desktop\Projekti\LLVM\llvm-project_17_0_1\llvm\include\llvm\Analysis\TypeMetadataUtils.h">
      <Filter>Header Files</Filter>
    </ClInclude>
    <ClInclude Include="C:\Users\mateb\OneDrive\Desktop\Projekti\LLVM\llvm-project_17_0_1\llvm\include\llvm\Analysis\UniformityAnalysis.h">
      <Filter>Header Files</Filter>
    </ClInclude>
    <ClInclude Include="C:\Users\mateb\OneDrive\Desktop\Projekti\LLVM\llvm-project_17_0_1\llvm\include\llvm\Analysis\ValueLattice.h">
      <Filter>Header Files</Filter>
    </ClInclude>
    <ClInclude Include="C:\Users\mateb\OneDrive\Desktop\Projekti\LLVM\llvm-project_17_0_1\llvm\include\llvm\Analysis\ValueLatticeUtils.h">
      <Filter>Header Files</Filter>
    </ClInclude>
    <ClInclude Include="C:\Users\mateb\OneDrive\Desktop\Projekti\LLVM\llvm-project_17_0_1\llvm\include\llvm\Analysis\ValueTracking.h">
      <Filter>Header Files</Filter>
    </ClInclude>
    <ClInclude Include="C:\Users\mateb\OneDrive\Desktop\Projekti\LLVM\llvm-project_17_0_1\llvm\include\llvm\Analysis\VectorUtils.h">
      <Filter>Header Files</Filter>
    </ClInclude>
  </ItemGroup>
  <ItemGroup>
    <CustomBuild Include="C:\Users\mateb\OneDrive\Desktop\Projekti\LLVM\llvm-project_17_0_1\llvm\lib\Analysis\CMakeLists.txt" />
  </ItemGroup>
  <ItemGroup>
    <Filter Include="Header Files">
      <UniqueIdentifier>{CD922F21-FB8F-3E95-AE48-993BE1C9A99B}</UniqueIdentifier>
    </Filter>
    <Filter Include="Source Files">
      <UniqueIdentifier>{75C1D2B9-8EE6-3ABC-97E2-62AE4BFF662F}</UniqueIdentifier>
    </Filter>
  </ItemGroup>
</Project>
