<?xml version="1.0" encoding="utf-8"?>
<Project ToolsVersion="17.0" xmlns="http://schemas.microsoft.com/developer/msbuild/2003">
  <ItemGroup>
    <ClCompile Include="C:\Users\mateb\OneDrive\Desktop\Projekti\LLVM\llvm-project_17_0_1\llvm\lib\MC\ConstantPools.cpp">
      <Filter>Source Files</Filter>
    </ClCompile>
    <ClCompile Include="C:\Users\mateb\OneDrive\Desktop\Projekti\LLVM\llvm-project_17_0_1\llvm\lib\MC\DXContainerPSVInfo.cpp">
      <Filter>Source Files</Filter>
    </ClCompile>
    <ClCompile Include="C:\Users\mateb\OneDrive\Desktop\Projekti\LLVM\llvm-project_17_0_1\llvm\lib\MC\ELFObjectWriter.cpp">
      <Filter>Source Files</Filter>
    </ClCompile>
    <ClCompile Include="C:\Users\mateb\OneDrive\Desktop\Projekti\LLVM\llvm-project_17_0_1\llvm\lib\MC\MCAsmBackend.cpp">
      <Filter>Source Files</Filter>
    </ClCompile>
    <ClCompile Include="C:\Users\mateb\OneDrive\Desktop\Projekti\LLVM\llvm-project_17_0_1\llvm\lib\MC\MCAsmInfo.cpp">
      <Filter>Source Files</Filter>
    </ClCompile>
    <ClCompile Include="C:\Users\mateb\OneDrive\Desktop\Projekti\LLVM\llvm-project_17_0_1\llvm\lib\MC\MCAsmInfoCOFF.cpp">
      <Filter>Source Files</Filter>
    </ClCompile>
    <ClCompile Include="C:\Users\mateb\OneDrive\Desktop\Projekti\LLVM\llvm-project_17_0_1\llvm\lib\MC\MCAsmInfoDarwin.cpp">
      <Filter>Source Files</Filter>
    </ClCompile>
    <ClCompile Include="C:\Users\mateb\OneDrive\Desktop\Projekti\LLVM\llvm-project_17_0_1\llvm\lib\MC\MCAsmInfoELF.cpp">
      <Filter>Source Files</Filter>
    </ClCompile>
    <ClCompile Include="C:\Users\mateb\OneDrive\Desktop\Projekti\LLVM\llvm-project_17_0_1\llvm\lib\MC\MCAsmInfoGOFF.cpp">
      <Filter>Source Files</Filter>
    </ClCompile>
    <ClCompile Include="C:\Users\mateb\OneDrive\Desktop\Projekti\LLVM\llvm-project_17_0_1\llvm\lib\MC\MCAsmInfoWasm.cpp">
      <Filter>Source Files</Filter>
    </ClCompile>
    <ClCompile Include="C:\Users\mateb\OneDrive\Desktop\Projekti\LLVM\llvm-project_17_0_1\llvm\lib\MC\MCAsmInfoXCOFF.cpp">
      <Filter>Source Files</Filter>
    </ClCompile>
    <ClCompile Include="C:\Users\mateb\OneDrive\Desktop\Projekti\LLVM\llvm-project_17_0_1\llvm\lib\MC\MCAsmMacro.cpp">
      <Filter>Source Files</Filter>
    </ClCompile>
    <ClCompile Include="C:\Users\mateb\OneDrive\Desktop\Projekti\LLVM\llvm-project_17_0_1\llvm\lib\MC\MCAsmStreamer.cpp">
      <Filter>Source Files</Filter>
    </ClCompile>
    <ClCompile Include="C:\Users\mateb\OneDrive\Desktop\Projekti\LLVM\llvm-project_17_0_1\llvm\lib\MC\MCAssembler.cpp">
      <Filter>Source Files</Filter>
    </ClCompile>
    <ClCompile Include="C:\Users\mateb\OneDrive\Desktop\Projekti\LLVM\llvm-project_17_0_1\llvm\lib\MC\MCCodeEmitter.cpp">
      <Filter>Source Files</Filter>
    </ClCompile>
    <ClCompile Include="C:\Users\mateb\OneDrive\Desktop\Projekti\LLVM\llvm-project_17_0_1\llvm\lib\MC\MCCodeView.cpp">
      <Filter>Source Files</Filter>
    </ClCompile>
    <ClCompile Include="C:\Users\mateb\OneDrive\Desktop\Projekti\LLVM\llvm-project_17_0_1\llvm\lib\MC\MCContext.cpp">
      <Filter>Source Files</Filter>
    </ClCompile>
    <ClCompile Include="C:\Users\mateb\OneDrive\Desktop\Projekti\LLVM\llvm-project_17_0_1\llvm\lib\MC\MCDwarf.cpp">
      <Filter>Source Files</Filter>
    </ClCompile>
    <ClCompile Include="C:\Users\mateb\OneDrive\Desktop\Projekti\LLVM\llvm-project_17_0_1\llvm\lib\MC\MCDXContainerStreamer.cpp">
      <Filter>Source Files</Filter>
    </ClCompile>
    <ClCompile Include="C:\Users\mateb\OneDrive\Desktop\Projekti\LLVM\llvm-project_17_0_1\llvm\lib\MC\MCDXContainerWriter.cpp">
      <Filter>Source Files</Filter>
    </ClCompile>
    <ClCompile Include="C:\Users\mateb\OneDrive\Desktop\Projekti\LLVM\llvm-project_17_0_1\llvm\lib\MC\MCELFObjectTargetWriter.cpp">
      <Filter>Source Files</Filter>
    </ClCompile>
    <ClCompile Include="C:\Users\mateb\OneDrive\Desktop\Projekti\LLVM\llvm-project_17_0_1\llvm\lib\MC\MCELFStreamer.cpp">
      <Filter>Source Files</Filter>
    </ClCompile>
    <ClCompile Include="C:\Users\mateb\OneDrive\Desktop\Projekti\LLVM\llvm-project_17_0_1\llvm\lib\MC\MCExpr.cpp">
      <Filter>Source Files</Filter>
    </ClCompile>
    <ClCompile Include="C:\Users\mateb\OneDrive\Desktop\Projekti\LLVM\llvm-project_17_0_1\llvm\lib\MC\MCFragment.cpp">
      <Filter>Source Files</Filter>
    </ClCompile>
    <ClCompile Include="C:\Users\mateb\OneDrive\Desktop\Projekti\LLVM\llvm-project_17_0_1\llvm\lib\MC\MCInst.cpp">
      <Filter>Source Files</Filter>
    </ClCompile>
    <ClCompile Include="C:\Users\mateb\OneDrive\Desktop\Projekti\LLVM\llvm-project_17_0_1\llvm\lib\MC\MCInstPrinter.cpp">
      <Filter>Source Files</Filter>
    </ClCompile>
    <ClCompile Include="C:\Users\mateb\OneDrive\Desktop\Projekti\LLVM\llvm-project_17_0_1\llvm\lib\MC\MCInstrAnalysis.cpp">
      <Filter>Source Files</Filter>
    </ClCompile>
    <ClCompile Include="C:\Users\mateb\OneDrive\Desktop\Projekti\LLVM\llvm-project_17_0_1\llvm\lib\MC\MCInstrDesc.cpp">
      <Filter>Source Files</Filter>
    </ClCompile>
    <ClCompile Include="C:\Users\mateb\OneDrive\Desktop\Projekti\LLVM\llvm-project_17_0_1\llvm\lib\MC\MCInstrInfo.cpp">
      <Filter>Source Files</Filter>
    </ClCompile>
    <ClCompile Include="C:\Users\mateb\OneDrive\Desktop\Projekti\LLVM\llvm-project_17_0_1\llvm\lib\MC\MCLabel.cpp">
      <Filter>Source Files</Filter>
    </ClCompile>
    <ClCompile Include="C:\Users\mateb\OneDrive\Desktop\Projekti\LLVM\llvm-project_17_0_1\llvm\lib\MC\MCLinkerOptimizationHint.cpp">
      <Filter>Source Files</Filter>
    </ClCompile>
    <ClCompile Include="C:\Users\mateb\OneDrive\Desktop\Projekti\LLVM\llvm-project_17_0_1\llvm\lib\MC\MCMachOStreamer.cpp">
      <Filter>Source Files</Filter>
    </ClCompile>
    <ClCompile Include="C:\Users\mateb\OneDrive\Desktop\Projekti\LLVM\llvm-project_17_0_1\llvm\lib\MC\MCMachObjectTargetWriter.cpp">
      <Filter>Source Files</Filter>
    </ClCompile>
    <ClCompile Include="C:\Users\mateb\OneDrive\Desktop\Projekti\LLVM\llvm-project_17_0_1\llvm\lib\MC\MCNullStreamer.cpp">
      <Filter>Source Files</Filter>
    </ClCompile>
    <ClCompile Include="C:\Users\mateb\OneDrive\Desktop\Projekti\LLVM\llvm-project_17_0_1\llvm\lib\MC\MCObjectFileInfo.cpp">
      <Filter>Source Files</Filter>
    </ClCompile>
    <ClCompile Include="C:\Users\mateb\OneDrive\Desktop\Projekti\LLVM\llvm-project_17_0_1\llvm\lib\MC\MCObjectStreamer.cpp">
      <Filter>Source Files</Filter>
    </ClCompile>
    <ClCompile Include="C:\Users\mateb\OneDrive\Desktop\Projekti\LLVM\llvm-project_17_0_1\llvm\lib\MC\MCObjectWriter.cpp">
      <Filter>Source Files</Filter>
    </ClCompile>
    <ClCompile Include="C:\Users\mateb\OneDrive\Desktop\Projekti\LLVM\llvm-project_17_0_1\llvm\lib\MC\MCPseudoProbe.cpp">
      <Filter>Source Files</Filter>
    </ClCompile>
    <ClCompile Include="C:\Users\mateb\OneDrive\Desktop\Projekti\LLVM\llvm-project_17_0_1\llvm\lib\MC\MCRegisterInfo.cpp">
      <Filter>Source Files</Filter>
    </ClCompile>
    <ClCompile Include="C:\Users\mateb\OneDrive\Desktop\Projekti\LLVM\llvm-project_17_0_1\llvm\lib\MC\MCSchedule.cpp">
      <Filter>Source Files</Filter>
    </ClCompile>
    <ClCompile Include="C:\Users\mateb\OneDrive\Desktop\Projekti\LLVM\llvm-project_17_0_1\llvm\lib\MC\MCSection.cpp">
      <Filter>Source Files</Filter>
    </ClCompile>
    <ClCompile Include="C:\Users\mateb\OneDrive\Desktop\Projekti\LLVM\llvm-project_17_0_1\llvm\lib\MC\MCSectionCOFF.cpp">
      <Filter>Source Files</Filter>
    </ClCompile>
    <ClCompile Include="C:\Users\mateb\OneDrive\Desktop\Projekti\LLVM\llvm-project_17_0_1\llvm\lib\MC\MCSectionDXContainer.cpp">
      <Filter>Source Files</Filter>
    </ClCompile>
    <ClCompile Include="C:\Users\mateb\OneDrive\Desktop\Projekti\LLVM\llvm-project_17_0_1\llvm\lib\MC\MCSectionELF.cpp">
      <Filter>Source Files</Filter>
    </ClCompile>
    <ClCompile Include="C:\Users\mateb\OneDrive\Desktop\Projekti\LLVM\llvm-project_17_0_1\llvm\lib\MC\MCSectionMachO.cpp">
      <Filter>Source Files</Filter>
    </ClCompile>
    <ClCompile Include="C:\Users\mateb\OneDrive\Desktop\Projekti\LLVM\llvm-project_17_0_1\llvm\lib\MC\MCSectionWasm.cpp">
      <Filter>Source Files</Filter>
    </ClCompile>
    <ClCompile Include="C:\Users\mateb\OneDrive\Desktop\Projekti\LLVM\llvm-project_17_0_1\llvm\lib\MC\MCSectionXCOFF.cpp">
      <Filter>Source Files</Filter>
    </ClCompile>
    <ClCompile Include="C:\Users\mateb\OneDrive\Desktop\Projekti\LLVM\llvm-project_17_0_1\llvm\lib\MC\MCStreamer.cpp">
      <Filter>Source Files</Filter>
    </ClCompile>
    <ClCompile Include="C:\Users\mateb\OneDrive\Desktop\Projekti\LLVM\llvm-project_17_0_1\llvm\lib\MC\MCSPIRVStreamer.cpp">
      <Filter>Source Files</Filter>
    </ClCompile>
    <ClCompile Include="C:\Users\mateb\OneDrive\Desktop\Projekti\LLVM\llvm-project_17_0_1\llvm\lib\MC\MCSubtargetInfo.cpp">
      <Filter>Source Files</Filter>
    </ClCompile>
    <ClCompile Include="C:\Users\mateb\OneDrive\Desktop\Projekti\LLVM\llvm-project_17_0_1\llvm\lib\MC\MCSymbol.cpp">
      <Filter>Source Files</Filter>
    </ClCompile>
    <ClCompile Include="C:\Users\mateb\OneDrive\Desktop\Projekti\LLVM\llvm-project_17_0_1\llvm\lib\MC\MCSymbolELF.cpp">
      <Filter>Source Files</Filter>
    </ClCompile>
    <ClCompile Include="C:\Users\mateb\OneDrive\Desktop\Projekti\LLVM\llvm-project_17_0_1\llvm\lib\MC\MCSymbolXCOFF.cpp">
      <Filter>Source Files</Filter>
    </ClCompile>
    <ClCompile Include="C:\Users\mateb\OneDrive\Desktop\Projekti\LLVM\llvm-project_17_0_1\llvm\lib\MC\MCTargetOptions.cpp">
      <Filter>Source Files</Filter>
    </ClCompile>
    <ClCompile Include="C:\Users\mateb\OneDrive\Desktop\Projekti\LLVM\llvm-project_17_0_1\llvm\lib\MC\MCTargetOptionsCommandFlags.cpp">
      <Filter>Source Files</Filter>
    </ClCompile>
    <ClCompile Include="C:\Users\mateb\OneDrive\Desktop\Projekti\LLVM\llvm-project_17_0_1\llvm\lib\MC\MCValue.cpp">
      <Filter>Source Files</Filter>
    </ClCompile>
    <ClCompile Include="C:\Users\mateb\OneDrive\Desktop\Projekti\LLVM\llvm-project_17_0_1\llvm\lib\MC\MCWasmObjectTargetWriter.cpp">
      <Filter>Source Files</Filter>
    </ClCompile>
    <ClCompile Include="C:\Users\mateb\OneDrive\Desktop\Projekti\LLVM\llvm-project_17_0_1\llvm\lib\MC\MCWasmStreamer.cpp">
      <Filter>Source Files</Filter>
    </ClCompile>
    <ClCompile Include="C:\Users\mateb\OneDrive\Desktop\Projekti\LLVM\llvm-project_17_0_1\llvm\lib\MC\MCWin64EH.cpp">
      <Filter>Source Files</Filter>
    </ClCompile>
    <ClCompile Include="C:\Users\mateb\OneDrive\Desktop\Projekti\LLVM\llvm-project_17_0_1\llvm\lib\MC\MCWinCOFFStreamer.cpp">
      <Filter>Source Files</Filter>
    </ClCompile>
    <ClCompile Include="C:\Users\mateb\OneDrive\Desktop\Projekti\LLVM\llvm-project_17_0_1\llvm\lib\MC\MCWinEH.cpp">
      <Filter>Source Files</Filter>
    </ClCompile>
    <ClCompile Include="C:\Users\mateb\OneDrive\Desktop\Projekti\LLVM\llvm-project_17_0_1\llvm\lib\MC\MCXCOFFObjectTargetWriter.cpp">
      <Filter>Source Files</Filter>
    </ClCompile>
    <ClCompile Include="C:\Users\mateb\OneDrive\Desktop\Projekti\LLVM\llvm-project_17_0_1\llvm\lib\MC\MCXCOFFStreamer.cpp">
      <Filter>Source Files</Filter>
    </ClCompile>
    <ClCompile Include="C:\Users\mateb\OneDrive\Desktop\Projekti\LLVM\llvm-project_17_0_1\llvm\lib\MC\MachObjectWriter.cpp">
      <Filter>Source Files</Filter>
    </ClCompile>
    <ClCompile Include="C:\Users\mateb\OneDrive\Desktop\Projekti\LLVM\llvm-project_17_0_1\llvm\lib\MC\SPIRVObjectWriter.cpp">
      <Filter>Source Files</Filter>
    </ClCompile>
    <ClCompile Include="C:\Users\mateb\OneDrive\Desktop\Projekti\LLVM\llvm-project_17_0_1\llvm\lib\MC\StringTableBuilder.cpp">
      <Filter>Source Files</Filter>
    </ClCompile>
    <ClCompile Include="C:\Users\mateb\OneDrive\Desktop\Projekti\LLVM\llvm-project_17_0_1\llvm\lib\MC\TargetRegistry.cpp">
      <Filter>Source Files</Filter>
    </ClCompile>
    <ClCompile Include="C:\Users\mateb\OneDrive\Desktop\Projekti\LLVM\llvm-project_17_0_1\llvm\lib\MC\WasmObjectWriter.cpp">
      <Filter>Source Files</Filter>
    </ClCompile>
    <ClCompile Include="C:\Users\mateb\OneDrive\Desktop\Projekti\LLVM\llvm-project_17_0_1\llvm\lib\MC\WinCOFFObjectWriter.cpp">
      <Filter>Source Files</Filter>
    </ClCompile>
    <ClCompile Include="C:\Users\mateb\OneDrive\Desktop\Projekti\LLVM\llvm-project_17_0_1\llvm\lib\MC\XCOFFObjectWriter.cpp">
      <Filter>Source Files</Filter>
    </ClCompile>
  </ItemGroup>
  <ItemGroup>
    <ClInclude Include="C:\Users\mateb\OneDrive\Desktop\Projekti\LLVM\llvm-project_17_0_1\llvm\include\llvm\MC\ConstantPools.h">
      <Filter>Header Files</Filter>
    </ClInclude>
    <ClInclude Include="C:\Users\mateb\OneDrive\Desktop\Projekti\LLVM\llvm-project_17_0_1\llvm\include\llvm\MC\DXContainerPSVInfo.h">
      <Filter>Header Files</Filter>
    </ClInclude>
    <ClInclude Include="C:\Users\mateb\OneDrive\Desktop\Projekti\LLVM\llvm-project_17_0_1\llvm\include\llvm\MC\LaneBitmask.h">
      <Filter>Header Files</Filter>
    </ClInclude>
    <ClInclude Include="C:\Users\mateb\OneDrive\Desktop\Projekti\LLVM\llvm-project_17_0_1\llvm\include\llvm\MC\MCAsmBackend.h">
      <Filter>Header Files</Filter>
    </ClInclude>
    <ClInclude Include="C:\Users\mateb\OneDrive\Desktop\Projekti\LLVM\llvm-project_17_0_1\llvm\include\llvm\MC\MCAsmInfo.h">
      <Filter>Header Files</Filter>
    </ClInclude>
    <ClInclude Include="C:\Users\mateb\OneDrive\Desktop\Projekti\LLVM\llvm-project_17_0_1\llvm\include\llvm\MC\MCAsmInfoCOFF.h">
      <Filter>Header Files</Filter>
    </ClInclude>
    <ClInclude Include="C:\Users\mateb\OneDrive\Desktop\Projekti\LLVM\llvm-project_17_0_1\llvm\include\llvm\MC\MCAsmInfoDarwin.h">
      <Filter>Header Files</Filter>
    </ClInclude>
    <ClInclude Include="C:\Users\mateb\OneDrive\Desktop\Projekti\LLVM\llvm-project_17_0_1\llvm\include\llvm\MC\MCAsmInfoELF.h">
      <Filter>Header Files</Filter>
    </ClInclude>
    <ClInclude Include="C:\Users\mateb\OneDrive\Desktop\Projekti\LLVM\llvm-project_17_0_1\llvm\include\llvm\MC\MCAsmInfoGOFF.h">
      <Filter>Header Files</Filter>
    </ClInclude>
    <ClInclude Include="C:\Users\mateb\OneDrive\Desktop\Projekti\LLVM\llvm-project_17_0_1\llvm\include\llvm\MC\MCAsmInfoWasm.h">
      <Filter>Header Files</Filter>
    </ClInclude>
    <ClInclude Include="C:\Users\mateb\OneDrive\Desktop\Projekti\LLVM\llvm-project_17_0_1\llvm\include\llvm\MC\MCAsmInfoXCOFF.h">
      <Filter>Header Files</Filter>
    </ClInclude>
    <ClInclude Include="C:\Users\mateb\OneDrive\Desktop\Projekti\LLVM\llvm-project_17_0_1\llvm\include\llvm\MC\MCAsmLayout.h">
      <Filter>Header Files</Filter>
    </ClInclude>
    <ClInclude Include="C:\Users\mateb\OneDrive\Desktop\Projekti\LLVM\llvm-project_17_0_1\llvm\include\llvm\MC\MCAsmMacro.h">
      <Filter>Header Files</Filter>
    </ClInclude>
    <ClInclude Include="C:\Users\mateb\OneDrive\Desktop\Projekti\LLVM\llvm-project_17_0_1\llvm\include\llvm\MC\MCAssembler.h">
      <Filter>Header Files</Filter>
    </ClInclude>
    <ClInclude Include="C:\Users\mateb\OneDrive\Desktop\Projekti\LLVM\llvm-project_17_0_1\llvm\include\llvm\MC\MCCodeEmitter.h">
      <Filter>Header Files</Filter>
    </ClInclude>
    <ClInclude Include="C:\Users\mateb\OneDrive\Desktop\Projekti\LLVM\llvm-project_17_0_1\llvm\include\llvm\MC\MCCodeView.h">
      <Filter>Header Files</Filter>
    </ClInclude>
    <ClInclude Include="C:\Users\mateb\OneDrive\Desktop\Projekti\LLVM\llvm-project_17_0_1\llvm\include\llvm\MC\MCContext.h">
      <Filter>Header Files</Filter>
    </ClInclude>
    <ClInclude Include="C:\Users\mateb\OneDrive\Desktop\Projekti\LLVM\llvm-project_17_0_1\llvm\include\llvm\MC\MCDXContainerStreamer.h">
      <Filter>Header Files</Filter>
    </ClInclude>
    <ClInclude Include="C:\Users\mateb\OneDrive\Desktop\Projekti\LLVM\llvm-project_17_0_1\llvm\include\llvm\MC\MCDXContainerWriter.h">
      <Filter>Header Files</Filter>
    </ClInclude>
    <ClInclude Include="C:\Users\mateb\OneDrive\Desktop\Projekti\LLVM\llvm-project_17_0_1\llvm\include\llvm\MC\MCDecoderOps.h">
      <Filter>Header Files</Filter>
    </ClInclude>
    <ClInclude Include="C:\Users\mateb\OneDrive\Desktop\Projekti\LLVM\llvm-project_17_0_1\llvm\include\llvm\MC\MCDirectives.h">
      <Filter>Header Files</Filter>
    </ClInclude>
    <ClInclude Include="C:\Users\mateb\OneDrive\Desktop\Projekti\LLVM\llvm-project_17_0_1\llvm\include\llvm\MC\MCDwarf.h">
      <Filter>Header Files</Filter>
    </ClInclude>
    <ClInclude Include="C:\Users\mateb\OneDrive\Desktop\Projekti\LLVM\llvm-project_17_0_1\llvm\include\llvm\MC\MCELFObjectWriter.h">
      <Filter>Header Files</Filter>
    </ClInclude>
    <ClInclude Include="C:\Users\mateb\OneDrive\Desktop\Projekti\LLVM\llvm-project_17_0_1\llvm\include\llvm\MC\MCELFStreamer.h">
      <Filter>Header Files</Filter>
    </ClInclude>
    <ClInclude Include="C:\Users\mateb\OneDrive\Desktop\Projekti\LLVM\llvm-project_17_0_1\llvm\include\llvm\MC\MCExpr.h">
      <Filter>Header Files</Filter>
    </ClInclude>
    <ClInclude Include="C:\Users\mateb\OneDrive\Desktop\Projekti\LLVM\llvm-project_17_0_1\llvm\include\llvm\MC\MCFixup.h">
      <Filter>Header Files</Filter>
    </ClInclude>
    <ClInclude Include="C:\Users\mateb\OneDrive\Desktop\Projekti\LLVM\llvm-project_17_0_1\llvm\include\llvm\MC\MCFixupKindInfo.h">
      <Filter>Header Files</Filter>
    </ClInclude>
    <ClInclude Include="C:\Users\mateb\OneDrive\Desktop\Projekti\LLVM\llvm-project_17_0_1\llvm\include\llvm\MC\MCFragment.h">
      <Filter>Header Files</Filter>
    </ClInclude>
    <ClInclude Include="C:\Users\mateb\OneDrive\Desktop\Projekti\LLVM\llvm-project_17_0_1\llvm\include\llvm\MC\MCInst.h">
      <Filter>Header Files</Filter>
    </ClInclude>
    <ClInclude Include="C:\Users\mateb\OneDrive\Desktop\Projekti\LLVM\llvm-project_17_0_1\llvm\include\llvm\MC\MCInstBuilder.h">
      <Filter>Header Files</Filter>
    </ClInclude>
    <ClInclude Include="C:\Users\mateb\OneDrive\Desktop\Projekti\LLVM\llvm-project_17_0_1\llvm\include\llvm\MC\MCInstPrinter.h">
      <Filter>Header Files</Filter>
    </ClInclude>
    <ClInclude Include="C:\Users\mateb\OneDrive\Desktop\Projekti\LLVM\llvm-project_17_0_1\llvm\include\llvm\MC\MCInstrAnalysis.h">
      <Filter>Header Files</Filter>
    </ClInclude>
    <ClInclude Include="C:\Users\mateb\OneDrive\Desktop\Projekti\LLVM\llvm-project_17_0_1\llvm\include\llvm\MC\MCInstrDesc.h">
      <Filter>Header Files</Filter>
    </ClInclude>
    <ClInclude Include="C:\Users\mateb\OneDrive\Desktop\Projekti\LLVM\llvm-project_17_0_1\llvm\include\llvm\MC\MCInstrInfo.h">
      <Filter>Header Files</Filter>
    </ClInclude>
    <ClInclude Include="C:\Users\mateb\OneDrive\Desktop\Projekti\LLVM\llvm-project_17_0_1\llvm\include\llvm\MC\MCInstrItineraries.h">
      <Filter>Header Files</Filter>
    </ClInclude>
    <ClInclude Include="C:\Users\mateb\OneDrive\Desktop\Projekti\LLVM\llvm-project_17_0_1\llvm\include\llvm\MC\MCLabel.h">
      <Filter>Header Files</Filter>
    </ClInclude>
    <ClInclude Include="C:\Users\mateb\OneDrive\Desktop\Projekti\LLVM\llvm-project_17_0_1\llvm\include\llvm\MC\MCLinkerOptimizationHint.h">
      <Filter>Header Files</Filter>
    </ClInclude>
    <ClInclude Include="C:\Users\mateb\OneDrive\Desktop\Projekti\LLVM\llvm-project_17_0_1\llvm\include\llvm\MC\MCMachObjectWriter.h">
      <Filter>Header Files</Filter>
    </ClInclude>
    <ClInclude Include="C:\Users\mateb\OneDrive\Desktop\Projekti\LLVM\llvm-project_17_0_1\llvm\include\llvm\MC\MCObjectFileInfo.h">
      <Filter>Header Files</Filter>
    </ClInclude>
    <ClInclude Include="C:\Users\mateb\OneDrive\Desktop\Projekti\LLVM\llvm-project_17_0_1\llvm\include\llvm\MC\MCObjectStreamer.h">
      <Filter>Header Files</Filter>
    </ClInclude>
    <ClInclude Include="C:\Users\mateb\OneDrive\Desktop\Projekti\LLVM\llvm-project_17_0_1\llvm\include\llvm\MC\MCObjectWriter.h">
      <Filter>Header Files</Filter>
    </ClInclude>
    <ClInclude Include="C:\Users\mateb\OneDrive\Desktop\Projekti\LLVM\llvm-project_17_0_1\llvm\include\llvm\MC\MCPseudoProbe.h">
      <Filter>Header Files</Filter>
    </ClInclude>
    <ClInclude Include="C:\Users\mateb\OneDrive\Desktop\Projekti\LLVM\llvm-project_17_0_1\llvm\include\llvm\MC\MCRegister.h">
      <Filter>Header Files</Filter>
    </ClInclude>
    <ClInclude Include="C:\Users\mateb\OneDrive\Desktop\Projekti\LLVM\llvm-project_17_0_1\llvm\include\llvm\MC\MCRegisterInfo.h">
      <Filter>Header Files</Filter>
    </ClInclude>
    <ClInclude Include="C:\Users\mateb\OneDrive\Desktop\Projekti\LLVM\llvm-project_17_0_1\llvm\include\llvm\MC\MCSPIRVObjectWriter.h">
      <Filter>Header Files</Filter>
    </ClInclude>
    <ClInclude Include="C:\Users\mateb\OneDrive\Desktop\Projekti\LLVM\llvm-project_17_0_1\llvm\include\llvm\MC\MCSPIRVStreamer.h">
      <Filter>Header Files</Filter>
    </ClInclude>
    <ClInclude Include="C:\Users\mateb\OneDrive\Desktop\Projekti\LLVM\llvm-project_17_0_1\llvm\include\llvm\MC\MCSchedule.h">
      <Filter>Header Files</Filter>
    </ClInclude>
    <ClInclude Include="C:\Users\mateb\OneDrive\Desktop\Projekti\LLVM\llvm-project_17_0_1\llvm\include\llvm\MC\MCSection.h">
      <Filter>Header Files</Filter>
    </ClInclude>
    <ClInclude Include="C:\Users\mateb\OneDrive\Desktop\Projekti\LLVM\llvm-project_17_0_1\llvm\include\llvm\MC\MCSectionCOFF.h">
      <Filter>Header Files</Filter>
    </ClInclude>
    <ClInclude Include="C:\Users\mateb\OneDrive\Desktop\Projekti\LLVM\llvm-project_17_0_1\llvm\include\llvm\MC\MCSectionDXContainer.h">
      <Filter>Header Files</Filter>
    </ClInclude>
    <ClInclude Include="C:\Users\mateb\OneDrive\Desktop\Projekti\LLVM\llvm-project_17_0_1\llvm\include\llvm\MC\MCSectionELF.h">
      <Filter>Header Files</Filter>
    </ClInclude>
    <ClInclude Include="C:\Users\mateb\OneDrive\Desktop\Projekti\LLVM\llvm-project_17_0_1\llvm\include\llvm\MC\MCSectionGOFF.h">
      <Filter>Header Files</Filter>
    </ClInclude>
    <ClInclude Include="C:\Users\mateb\OneDrive\Desktop\Projekti\LLVM\llvm-project_17_0_1\llvm\include\llvm\MC\MCSectionMachO.h">
      <Filter>Header Files</Filter>
    </ClInclude>
    <ClInclude Include="C:\Users\mateb\OneDrive\Desktop\Projekti\LLVM\llvm-project_17_0_1\llvm\include\llvm\MC\MCSectionSPIRV.h">
      <Filter>Header Files</Filter>
    </ClInclude>
    <ClInclude Include="C:\Users\mateb\OneDrive\Desktop\Projekti\LLVM\llvm-project_17_0_1\llvm\include\llvm\MC\MCSectionWasm.h">
      <Filter>Header Files</Filter>
    </ClInclude>
    <ClInclude Include="C:\Users\mateb\OneDrive\Desktop\Projekti\LLVM\llvm-project_17_0_1\llvm\include\llvm\MC\MCSectionXCOFF.h">
      <Filter>Header Files</Filter>
    </ClInclude>
    <ClInclude Include="C:\Users\mateb\OneDrive\Desktop\Projekti\LLVM\llvm-project_17_0_1\llvm\include\llvm\MC\MCStreamer.h">
      <Filter>Header Files</Filter>
    </ClInclude>
    <ClInclude Include="C:\Users\mateb\OneDrive\Desktop\Projekti\LLVM\llvm-project_17_0_1\llvm\include\llvm\MC\MCSubtargetInfo.h">
      <Filter>Header Files</Filter>
    </ClInclude>
    <ClInclude Include="C:\Users\mateb\OneDrive\Desktop\Projekti\LLVM\llvm-project_17_0_1\llvm\include\llvm\MC\MCSymbol.h">
      <Filter>Header Files</Filter>
    </ClInclude>
    <ClInclude Include="C:\Users\mateb\OneDrive\Desktop\Projekti\LLVM\llvm-project_17_0_1\llvm\include\llvm\MC\MCSymbolCOFF.h">
      <Filter>Header Files</Filter>
    </ClInclude>
    <ClInclude Include="C:\Users\mateb\OneDrive\Desktop\Projekti\LLVM\llvm-project_17_0_1\llvm\include\llvm\MC\MCSymbolELF.h">
      <Filter>Header Files</Filter>
    </ClInclude>
    <ClInclude Include="C:\Users\mateb\OneDrive\Desktop\Projekti\LLVM\llvm-project_17_0_1\llvm\include\llvm\MC\MCSymbolGOFF.h">
      <Filter>Header Files</Filter>
    </ClInclude>
    <ClInclude Include="C:\Users\mateb\OneDrive\Desktop\Projekti\LLVM\llvm-project_17_0_1\llvm\include\llvm\MC\MCSymbolMachO.h">
      <Filter>Header Files</Filter>
    </ClInclude>
    <ClInclude Include="C:\Users\mateb\OneDrive\Desktop\Projekti\LLVM\llvm-project_17_0_1\llvm\include\llvm\MC\MCSymbolWasm.h">
      <Filter>Header Files</Filter>
    </ClInclude>
    <ClInclude Include="C:\Users\mateb\OneDrive\Desktop\Projekti\LLVM\llvm-project_17_0_1\llvm\include\llvm\MC\MCSymbolXCOFF.h">
      <Filter>Header Files</Filter>
    </ClInclude>
    <ClInclude Include="C:\Users\mateb\OneDrive\Desktop\Projekti\LLVM\llvm-project_17_0_1\llvm\include\llvm\MC\MCTargetOptions.h">
      <Filter>Header Files</Filter>
    </ClInclude>
    <ClInclude Include="C:\Users\mateb\OneDrive\Desktop\Projekti\LLVM\llvm-project_17_0_1\llvm\include\llvm\MC\MCTargetOptionsCommandFlags.h">
      <Filter>Header Files</Filter>
    </ClInclude>
    <ClInclude Include="C:\Users\mateb\OneDrive\Desktop\Projekti\LLVM\llvm-project_17_0_1\llvm\include\llvm\MC\MCValue.h">
      <Filter>Header Files</Filter>
    </ClInclude>
    <ClInclude Include="C:\Users\mateb\OneDrive\Desktop\Projekti\LLVM\llvm-project_17_0_1\llvm\include\llvm\MC\MCWasmObjectWriter.h">
      <Filter>Header Files</Filter>
    </ClInclude>
    <ClInclude Include="C:\Users\mateb\OneDrive\Desktop\Projekti\LLVM\llvm-project_17_0_1\llvm\include\llvm\MC\MCWasmStreamer.h">
      <Filter>Header Files</Filter>
    </ClInclude>
    <ClInclude Include="C:\Users\mateb\OneDrive\Desktop\Projekti\LLVM\llvm-project_17_0_1\llvm\include\llvm\MC\MCWin64EH.h">
      <Filter>Header Files</Filter>
    </ClInclude>
    <ClInclude Include="C:\Users\mateb\OneDrive\Desktop\Projekti\LLVM\llvm-project_17_0_1\llvm\include\llvm\MC\MCWinCOFFObjectWriter.h">
      <Filter>Header Files</Filter>
    </ClInclude>
    <ClInclude Include="C:\Users\mateb\OneDrive\Desktop\Projekti\LLVM\llvm-project_17_0_1\llvm\include\llvm\MC\MCWinCOFFStreamer.h">
      <Filter>Header Files</Filter>
    </ClInclude>
    <ClInclude Include="C:\Users\mateb\OneDrive\Desktop\Projekti\LLVM\llvm-project_17_0_1\llvm\include\llvm\MC\MCWinEH.h">
      <Filter>Header Files</Filter>
    </ClInclude>
    <ClInclude Include="C:\Users\mateb\OneDrive\Desktop\Projekti\LLVM\llvm-project_17_0_1\llvm\include\llvm\MC\MCXCOFFObjectWriter.h">
      <Filter>Header Files</Filter>
    </ClInclude>
    <ClInclude Include="C:\Users\mateb\OneDrive\Desktop\Projekti\LLVM\llvm-project_17_0_1\llvm\include\llvm\MC\MCXCOFFStreamer.h">
      <Filter>Header Files</Filter>
    </ClInclude>
    <ClInclude Include="C:\Users\mateb\OneDrive\Desktop\Projekti\LLVM\llvm-project_17_0_1\llvm\include\llvm\MC\MachineLocation.h">
      <Filter>Header Files</Filter>
    </ClInclude>
    <ClInclude Include="C:\Users\mateb\OneDrive\Desktop\Projekti\LLVM\llvm-project_17_0_1\llvm\include\llvm\MC\SectionKind.h">
      <Filter>Header Files</Filter>
    </ClInclude>
    <ClInclude Include="C:\Users\mateb\OneDrive\Desktop\Projekti\LLVM\llvm-project_17_0_1\llvm\include\llvm\MC\StringTableBuilder.h">
      <Filter>Header Files</Filter>
    </ClInclude>
    <ClInclude Include="C:\Users\mateb\OneDrive\Desktop\Projekti\LLVM\llvm-project_17_0_1\llvm\include\llvm\MC\TargetRegistry.h">
      <Filter>Header Files</Filter>
    </ClInclude>
  </ItemGroup>
  <ItemGroup>
    <CustomBuild Include="C:\Users\mateb\OneDrive\Desktop\Projekti\LLVM\llvm-project_17_0_1\llvm\lib\MC\CMakeLists.txt" />
  </ItemGroup>
  <ItemGroup>
    <Filter Include="Header Files">
      <UniqueIdentifier>{CD922F21-FB8F-3E95-AE48-993BE1C9A99B}</UniqueIdentifier>
    </Filter>
    <Filter Include="Source Files">
      <UniqueIdentifier>{75C1D2B9-8EE6-3ABC-97E2-62AE4BFF662F}</UniqueIdentifier>
    </Filter>
  </ItemGroup>
</Project>
